// !$*UTF8*$!
{
	archiveVersion = 1;
	classes = {
	};
	objectVersion = 48;
	objects = {

/* Begin PBXBuildFile section */
		78EAD6212142AD25004A1172 /* 15686_치킨 배달.cpp in Sources */ = {isa = PBXBuildFile; fileRef = 78EAD6202142AD25004A1172 /* 15686_치킨 배달.cpp */; };
/* End PBXBuildFile section */

/* Begin PBXCopyFilesBuildPhase section */
		78C3B4E821216D730076D44D /* CopyFiles */ = {
			isa = PBXCopyFilesBuildPhase;
			buildActionMask = 2147483647;
			dstPath = /usr/share/man/man1/;
			dstSubfolderSpec = 0;
			files = (
			);
			runOnlyForDeploymentPostprocessing = 1;
		};
/* End PBXCopyFilesBuildPhase section */

/* Begin PBXFileReference section */
		78C3B4EA21216D730076D44D /* Expert_Academy */ = {isa = PBXFileReference; explicitFileType = "compiled.mach-o.executable"; includeInIndex = 0; path = Expert_Academy; sourceTree = BUILT_PRODUCTS_DIR; };
		78C3B4ED21216D730076D44D /* 2071_평균값 구하기.cpp */ = {isa = PBXFileReference; lastKnownFileType = sourcecode.cpp.cpp; path = "2071_평균값 구하기.cpp"; sourceTree = "<group>"; };
		78C3B4F421216F8F0076D44D /* 2070_큰 놈, 작은 놈, 같은 놈.cpp */ = {isa = PBXFileReference; lastKnownFileType = sourcecode.cpp.cpp; path = "2070_큰 놈, 작은 놈, 같은 놈.cpp"; sourceTree = "<group>"; };
		78C3B4F62121708F0076D44D /* 2068_최대수 구하기.cpp */ = {isa = PBXFileReference; lastKnownFileType = sourcecode.cpp.cpp; path = "2068_최대수 구하기.cpp"; sourceTree = "<group>"; };
		78EAD613213D4262004A1172 /* 14503_로봇 청소기.cpp */ = {isa = PBXFileReference; lastKnownFileType = sourcecode.cpp.cpp; path = "14503_로봇 청소기.cpp"; sourceTree = "<group>"; };
		78EAD615213D794F004A1172 /* --14890_경사로.cpp */ = {isa = PBXFileReference; lastKnownFileType = sourcecode.cpp.cpp; path = "--14890_경사로.cpp"; sourceTree = "<group>"; };
		78EAD617213E9744004A1172 /* 1600_말이 되고픈 원숭이.cpp */ = {isa = PBXFileReference; lastKnownFileType = sourcecode.cpp.cpp; path = "1600_말이 되고픈 원숭이.cpp"; sourceTree = "<group>"; };
		78EAD619213EA4C9004A1172 /* --2931_가스관.cpp */ = {isa = PBXFileReference; lastKnownFileType = sourcecode.cpp.cpp; path = "--2931_가스관.cpp"; sourceTree = "<group>"; };
		78EAD61B21403172004A1172 /* 1937_욕심쟁이 판다.cpp */ = {isa = PBXFileReference; lastKnownFileType = sourcecode.cpp.cpp; path = "1937_욕심쟁이 판다.cpp"; sourceTree = "<group>"; };
		78EAD61D2141863B004A1172 /* 1937_욕심쟁이 판다_2.cpp */ = {isa = PBXFileReference; lastKnownFileType = sourcecode.cpp.cpp; path = "1937_욕심쟁이 판다_2.cpp"; sourceTree = "<group>"; };
		78EAD6202142AD25004A1172 /* 15686_치킨 배달.cpp */ = {isa = PBXFileReference; lastKnownFileType = sourcecode.cpp.cpp; path = "15686_치킨 배달.cpp"; sourceTree = "<group>"; };
/* End PBXFileReference section */

/* Begin PBXFrameworksBuildPhase section */
		78C3B4E721216D730076D44D /* Frameworks */ = {
			isa = PBXFrameworksBuildPhase;
			buildActionMask = 2147483647;
			files = (
			);
			runOnlyForDeploymentPostprocessing = 0;
		};
/* End PBXFrameworksBuildPhase section */

/* Begin PBXGroup section */
		78C3B4E121216D730076D44D = {
			isa = PBXGroup;
			children = (
				78EAD612213D4247004A1172 /* Test_type_A */,
				78C3B4EC21216D730076D44D /* Expert_Academy */,
				78C3B4EB21216D730076D44D /* Products */,
			);
			sourceTree = "<group>";
		};
		78C3B4EB21216D730076D44D /* Products */ = {
			isa = PBXGroup;
			children = (
				78C3B4EA21216D730076D44D /* Expert_Academy */,
			);
			name = Products;
			sourceTree = "<group>";
		};
		78C3B4EC21216D730076D44D /* Expert_Academy */ = {
			isa = PBXGroup;
			children = (
				78C3B4ED21216D730076D44D /* 2071_평균값 구하기.cpp */,
				78C3B4F421216F8F0076D44D /* 2070_큰 놈, 작은 놈, 같은 놈.cpp */,
				78C3B4F62121708F0076D44D /* 2068_최대수 구하기.cpp */,
			);
			path = Expert_Academy;
			sourceTree = "<group>";
		};
		78EAD612213D4247004A1172 /* Test_type_A */ = {
			isa = PBXGroup;
			children = (
				78EAD613213D4262004A1172 /* 14503_로봇 청소기.cpp */,
				78EAD6202142AD25004A1172 /* 15686_치킨 배달.cpp */,
				78EAD615213D794F004A1172 /* --14890_경사로.cpp */,
				78EAD617213E9744004A1172 /* 1600_말이 되고픈 원숭이.cpp */,
				78EAD619213EA4C9004A1172 /* --2931_가스관.cpp */,
				78EAD61B21403172004A1172 /* 1937_욕심쟁이 판다.cpp */,
				78EAD61D2141863B004A1172 /* 1937_욕심쟁이 판다_2.cpp */,
			);
			name = Test_type_A;
			path = "A형";
			sourceTree = "<group>";
		};
/* End PBXGroup section */

/* Begin PBXNativeTarget section */
		78C3B4E921216D730076D44D /* Expert_Academy */ = {
			isa = PBXNativeTarget;
			buildConfigurationList = 78C3B4F121216D730076D44D /* Build configuration list for PBXNativeTarget "Expert_Academy" */;
			buildPhases = (
				78C3B4E621216D730076D44D /* Sources */,
				78C3B4E721216D730076D44D /* Frameworks */,
				78C3B4E821216D730076D44D /* CopyFiles */,
			);
			buildRules = (
			);
			dependencies = (
			);
			name = Expert_Academy;
			productName = Expert_Academy;
			productReference = 78C3B4EA21216D730076D44D /* Expert_Academy */;
			productType = "com.apple.product-type.tool";
		};
/* End PBXNativeTarget section */

/* Begin PBXProject section */
		78C3B4E221216D730076D44D /* Project object */ = {
			isa = PBXProject;
			attributes = {
				LastUpgradeCheck = 0920;
				ORGANIZATIONNAME = Hoon;
				TargetAttributes = {
					78C3B4E921216D730076D44D = {
						CreatedOnToolsVersion = 9.2;
						ProvisioningStyle = Automatic;
					};
				};
			};
			buildConfigurationList = 78C3B4E521216D730076D44D /* Build configuration list for PBXProject "Expert_Academy" */;
			compatibilityVersion = "Xcode 8.0";
			developmentRegion = en;
			hasScannedForEncodings = 0;
			knownRegions = (
				en,
			);
			mainGroup = 78C3B4E121216D730076D44D;
			productRefGroup = 78C3B4EB21216D730076D44D /* Products */;
			projectDirPath = "";
			projectRoot = "";
			targets = (
				78C3B4E921216D730076D44D /* Expert_Academy */,
			);
		};
/* End PBXProject section */

/* Begin PBXSourcesBuildPhase section */
		78C3B4E621216D730076D44D /* Sources */ = {
			isa = PBXSourcesBuildPhase;
			buildActionMask = 2147483647;
			files = (
				78EAD6212142AD25004A1172 /* 15686_치킨 배달.cpp in Sources */,
			);
			runOnlyForDeploymentPostprocessing = 0;
		};
/* End PBXSourcesBuildPhase section */

/* Begin XCBuildConfiguration section */
		78C3B4EF21216D730076D44D /* Debug */ = {
			isa = XCBuildConfiguration;
			buildSettings = {
				ALWAYS_SEARCH_USER_PATHS = NO;
				CLANG_ANALYZER_NONNULL = YES;
				CLANG_ANALYZER_NUMBER_OBJECT_CONVERSION = YES_AGGRESSIVE;
				CLANG_CXX_LANGUAGE_STANDARD = "gnu++14";
				CLANG_CXX_LIBRARY = "libc++";
				CLANG_ENABLE_MODULES = YES;
				CLANG_ENABLE_OBJC_ARC = YES;
				CLANG_WARN_BLOCK_CAPTURE_AUTORELEASING = YES;
				CLANG_WARN_BOOL_CONVERSION = YES;
				CLANG_WARN_COMMA = YES;
				CLANG_WARN_CONSTANT_CONVERSION = YES;
				CLANG_WARN_DIRECT_OBJC_ISA_USAGE = YES_ERROR;
				CLANG_WARN_DOCUMENTATION_COMMENTS = YES;
				CLANG_WARN_EMPTY_BODY = YES;
				CLANG_WARN_ENUM_CONVERSION = YES;
				CLANG_WARN_INFINITE_RECURSION = YES;
				CLANG_WARN_INT_CONVERSION = YES;
				CLANG_WARN_NON_LITERAL_NULL_CONVERSION = YES;
				CLANG_WARN_OBJC_LITERAL_CONVERSION = YES;
				CLANG_WARN_OBJC_ROOT_CLASS = YES_ERROR;
				CLANG_WARN_RANGE_LOOP_ANALYSIS = YES;
				CLANG_WARN_STRICT_PROTOTYPES = YES;
				CLANG_WARN_SUSPICIOUS_MOVE = YES;
				CLANG_WARN_UNGUARDED_AVAILABILITY = YES_AGGRESSIVE;
				CLANG_WARN_UNREACHABLE_CODE = YES;
				CLANG_WARN__DUPLICATE_METHOD_MATCH = YES;
				CODE_SIGN_IDENTITY = "-";
				COPY_PHASE_STRIP = NO;
				DEBUG_INFORMATION_FORMAT = dwarf;
				ENABLE_STRICT_OBJC_MSGSEND = YES;
				ENABLE_TESTABILITY = YES;
				GCC_C_LANGUAGE_STANDARD = gnu11;
				GCC_DYNAMIC_NO_PIC = NO;
				GCC_NO_COMMON_BLOCKS = YES;
				GCC_OPTIMIZATION_LEVEL = 0;
				GCC_PREPROCESSOR_DEFINITIONS = (
					"DEBUG=1",
					"$(inherited)",
				);
				GCC_WARN_64_TO_32_BIT_CONVERSION = YES;
				GCC_WARN_ABOUT_RETURN_TYPE = YES_ERROR;
				GCC_WARN_UNDECLARED_SELECTOR = YES;
				GCC_WARN_UNINITIALIZED_AUTOS = YES_AGGRESSIVE;
				GCC_WARN_UNUSED_FUNCTION = YES;
				GCC_WARN_UNUSED_VARIABLE = YES;
				MACOSX_DEPLOYMENT_TARGET = 10.12;
				MTL_ENABLE_DEBUG_INFO = YES;
				ONLY_ACTIVE_ARCH = YES;
				SDKROOT = macosx;
			};
			name = Debug;
		};
		78C3B4F021216D730076D44D /* Release */ = {
			isa = XCBuildConfiguration;
			buildSettings = {
				ALWAYS_SEARCH_USER_PATHS = NO;
				CLANG_ANALYZER_NONNULL = YES;
				CLANG_ANALYZER_NUMBER_OBJECT_CONVERSION = YES_AGGRESSIVE;
				CLANG_CXX_LANGUAGE_STANDARD = "gnu++14";
				CLANG_CXX_LIBRARY = "libc++";
				CLANG_ENABLE_MODULES = YES;
				CLANG_ENABLE_OBJC_ARC = YES;
				CLANG_WARN_BLOCK_CAPTURE_AUTORELEASING = YES;
				CLANG_WARN_BOOL_CONVERSION = YES;
				CLANG_WARN_COMMA = YES;
				CLANG_WARN_CONSTANT_CONVERSION = YES;
				CLANG_WARN_DIRECT_OBJC_ISA_USAGE = YES_ERROR;
				CLANG_WARN_DOCUMENTATION_COMMENTS = YES;
				CLANG_WARN_EMPTY_BODY = YES;
				CLANG_WARN_ENUM_CONVERSION = YES;
				CLANG_WARN_INFINITE_RECURSION = YES;
				CLANG_WARN_INT_CONVERSION = YES;
				CLANG_WARN_NON_LITERAL_NULL_CONVERSION = YES;
				CLANG_WARN_OBJC_LITERAL_CONVERSION = YES;
				CLANG_WARN_OBJC_ROOT_CLASS = YES_ERROR;
				CLANG_WARN_RANGE_LOOP_ANALYSIS = YES;
				CLANG_WARN_STRICT_PROTOTYPES = YES;
				CLANG_WARN_SUSPICIOUS_MOVE = YES;
				CLANG_WARN_UNGUARDED_AVAILABILITY = YES_AGGRESSIVE;
				CLANG_WARN_UNREACHABLE_CODE = YES;
				CLANG_WARN__DUPLICATE_METHOD_MATCH = YES;
				CODE_SIGN_IDENTITY = "-";
				COPY_PHASE_STRIP = NO;
				DEBUG_INFORMATION_FORMAT = "dwarf-with-dsym";
				ENABLE_NS_ASSERTIONS = NO;
				ENABLE_STRICT_OBJC_MSGSEND = YES;
				GCC_C_LANGUAGE_STANDARD = gnu11;
				GCC_NO_COMMON_BLOCKS = YES;
				GCC_WARN_64_TO_32_BIT_CONVERSION = YES;
				GCC_WARN_ABOUT_RETURN_TYPE = YES_ERROR;
				GCC_WARN_UNDECLARED_SELECTOR = YES;
				GCC_WARN_UNINITIALIZED_AUTOS = YES_AGGRESSIVE;
				GCC_WARN_UNUSED_FUNCTION = YES;
				GCC_WARN_UNUSED_VARIABLE = YES;
				MACOSX_DEPLOYMENT_TARGET = 10.12;
				MTL_ENABLE_DEBUG_INFO = NO;
				SDKROOT = macosx;
			};
			name = Release;
		};
		78C3B4F221216D730076D44D /* Debug */ = {
			isa = XCBuildConfiguration;
			buildSettings = {
				CODE_SIGN_STYLE = Automatic;
				PRODUCT_NAME = "$(TARGET_NAME)";
			};
			name = Debug;
		};
		78C3B4F321216D730076D44D /* Release */ = {
			isa = XCBuildConfiguration;
			buildSettings = {
				CODE_SIGN_STYLE = Automatic;
				PRODUCT_NAME = "$(TARGET_NAME)";
			};
			name = Release;
		};
/* End XCBuildConfiguration section */

/* Begin XCConfigurationList section */
		78C3B4E521216D730076D44D /* Build configuration list for PBXProject "Expert_Academy" */ = {
			isa = XCConfigurationList;
			buildConfigurations = (
				78C3B4EF21216D730076D44D /* Debug */,
				78C3B4F021216D730076D44D /* Release */,
			);
			defaultConfigurationIsVisible = 0;
			defaultConfigurationName = Release;
		};
		78C3B4F121216D730076D44D /* Build configuration list for PBXNativeTarget "Expert_Academy" */ = {
			isa = XCConfigurationList;
			buildConfigurations = (
				78C3B4F221216D730076D44D /* Debug */,
				78C3B4F321216D730076D44D /* Release */,
			);
			defaultConfigurationIsVisible = 0;
			defaultConfigurationName = Release;
		};
/* End XCConfigurationList section */
	};
	rootObject = 78C3B4E221216D730076D44D /* Project object */;
}
