// !$*UTF8*$!
{
	archiveVersion = 1;
	classes = {
	};
	objectVersion = 48;
	objects = {

/* Begin PBXBuildFile section */
		7875A60A215DCA9600192270 /* DisjointSet_12893.cpp in Sources */ = {isa = PBXBuildFile; fileRef = 7875A609215DCA9600192270 /* DisjointSet_12893.cpp */; };
/* End PBXBuildFile section */

/* Begin PBXCopyFilesBuildPhase section */
		783BE99121521F81009E2BE1 /* CopyFiles */ = {
			isa = PBXCopyFilesBuildPhase;
			buildActionMask = 2147483647;
			dstPath = /usr/share/man/man1/;
			dstSubfolderSpec = 0;
			files = (
			);
			runOnlyForDeploymentPostprocessing = 1;
		};
/* End PBXCopyFilesBuildPhase section */

/* Begin PBXFileReference section */
		78395C6B21525DEF00595A6E /* 1280_나무 심기.cpp */ = {isa = PBXFileReference; lastKnownFileType = sourcecode.cpp.cpp; path = "1280_나무 심기.cpp"; sourceTree = "<group>"; };
		78395C6E21526EFE00595A6E /* 10999_구간 합 구하기2.cpp */ = {isa = PBXFileReference; lastKnownFileType = sourcecode.cpp.cpp; path = "10999_구간 합 구하기2.cpp"; sourceTree = "<group>"; };
		783BE99321521F81009E2BE1 /* 2학기 */ = {isa = PBXFileReference; explicitFileType = "compiled.mach-o.executable"; includeInIndex = 0; path = "2학기"; sourceTree = BUILT_PRODUCTS_DIR; };
		783BE99621521F81009E2BE1 /* 1321_군인.cpp */ = {isa = PBXFileReference; lastKnownFileType = sourcecode.cpp.cpp; path = "1321_군인.cpp"; sourceTree = "<group>"; };
		783BE99D21522688009E2BE1 /* 2243_사탕상자.cpp */ = {isa = PBXFileReference; lastKnownFileType = sourcecode.cpp.cpp; path = "2243_사탕상자.cpp"; sourceTree = "<group>"; };
		783BE99F2152351D009E2BE1 /* 5676_음주 코딩.cpp */ = {isa = PBXFileReference; lastKnownFileType = sourcecode.cpp.cpp; path = "5676_음주 코딩.cpp"; sourceTree = "<group>"; };
		7875A5F9215CE47B00192270 /* Dijkstra_1753.cpp */ = {isa = PBXFileReference; lastKnownFileType = sourcecode.cpp.cpp; path = Dijkstra_1753.cpp; sourceTree = "<group>"; };
		7875A5FB215CF03400192270 /* Dijkstra_1238.cpp */ = {isa = PBXFileReference; lastKnownFileType = sourcecode.cpp.cpp; path = Dijkstra_1238.cpp; sourceTree = "<group>"; };
		7875A5FD215CF57D00192270 /* Dijkstra_1261.cpp */ = {isa = PBXFileReference; lastKnownFileType = sourcecode.cpp.cpp; path = Dijkstra_1261.cpp; sourceTree = "<group>"; };
		7875A5FF215CFC5F00192270 /* Dijkstra_2307.cpp */ = {isa = PBXFileReference; lastKnownFileType = sourcecode.cpp.cpp; path = Dijkstra_2307.cpp; sourceTree = "<group>"; };
		7875A601215D056700192270 /* Dijkstra_1162.cpp */ = {isa = PBXFileReference; lastKnownFileType = sourcecode.cpp.cpp; path = Dijkstra_1162.cpp; sourceTree = "<group>"; };
		7875A603215D35C400192270 /* Dijkstra_1504.cpp */ = {isa = PBXFileReference; lastKnownFileType = sourcecode.cpp.cpp; path = Dijkstra_1504.cpp; sourceTree = "<group>"; };
		7875A605215DBD5500192270 /* DisjointSet_1717.cpp */ = {isa = PBXFileReference; lastKnownFileType = sourcecode.cpp.cpp; path = DisjointSet_1717.cpp; sourceTree = "<group>"; };
		7875A607215DC2CE00192270 /* DisjointSet_4195.cpp */ = {isa = PBXFileReference; lastKnownFileType = sourcecode.cpp.cpp; path = DisjointSet_4195.cpp; sourceTree = "<group>"; };
		7875A609215DCA9600192270 /* DisjointSet_12893.cpp */ = {isa = PBXFileReference; lastKnownFileType = sourcecode.cpp.cpp; path = DisjointSet_12893.cpp; sourceTree = "<group>"; };
/* End PBXFileReference section */

/* Begin PBXFrameworksBuildPhase section */
		783BE99021521F81009E2BE1 /* Frameworks */ = {
			isa = PBXFrameworksBuildPhase;
			buildActionMask = 2147483647;
			files = (
			);
			runOnlyForDeploymentPostprocessing = 0;
		};
/* End PBXFrameworksBuildPhase section */

/* Begin PBXGroup section */
		78395C6D21526EC000595A6E /* 1week_Lazy Propagation */ = {
			isa = PBXGroup;
			children = (
				78395C6E21526EFE00595A6E /* 10999_구간 합 구하기2.cpp */,
			);
			path = "1week_Lazy Propagation";
			sourceTree = "<group>";
		};
		783BE98A21521F81009E2BE1 = {
			isa = PBXGroup;
			children = (
				7875A5F8215CE43800192270 /* review */,
				783BE99421521F81009E2BE1 /* Products */,
				783BE99521521F81009E2BE1 /* 1week_Segment Tree */,
				78395C6D21526EC000595A6E /* 1week_Lazy Propagation */,
			);
			sourceTree = "<group>";
		};
		783BE99421521F81009E2BE1 /* Products */ = {
			isa = PBXGroup;
			children = (
				783BE99321521F81009E2BE1 /* 2학기 */,
			);
			name = Products;
			sourceTree = "<group>";
		};
		783BE99521521F81009E2BE1 /* 1week_Segment Tree */ = {
			isa = PBXGroup;
			children = (
				783BE99621521F81009E2BE1 /* 1321_군인.cpp */,
				783BE99D21522688009E2BE1 /* 2243_사탕상자.cpp */,
				783BE99F2152351D009E2BE1 /* 5676_음주 코딩.cpp */,
				78395C6B21525DEF00595A6E /* 1280_나무 심기.cpp */,
			);
			path = "1week_Segment Tree";
			sourceTree = "<group>";
		};
		7875A5F8215CE43800192270 /* review */ = {
			isa = PBXGroup;
			children = (
				7875A5F9215CE47B00192270 /* Dijkstra_1753.cpp */,
				7875A5FB215CF03400192270 /* Dijkstra_1238.cpp */,
				7875A5FD215CF57D00192270 /* Dijkstra_1261.cpp */,
				7875A5FF215CFC5F00192270 /* Dijkstra_2307.cpp */,
				7875A601215D056700192270 /* Dijkstra_1162.cpp */,
				7875A603215D35C400192270 /* Dijkstra_1504.cpp */,
				7875A605215DBD5500192270 /* DisjointSet_1717.cpp */,
				7875A607215DC2CE00192270 /* DisjointSet_4195.cpp */,
				7875A609215DCA9600192270 /* DisjointSet_12893.cpp */,
			);
			path = review;
			sourceTree = "<group>";
		};
/* End PBXGroup section */

/* Begin PBXNativeTarget section */
		783BE99221521F81009E2BE1 /* 2학기 */ = {
			isa = PBXNativeTarget;
			buildConfigurationList = 783BE99A21521F81009E2BE1 /* Build configuration list for PBXNativeTarget "2학기" */;
			buildPhases = (
				783BE98F21521F81009E2BE1 /* Sources */,
				783BE99021521F81009E2BE1 /* Frameworks */,
				783BE99121521F81009E2BE1 /* CopyFiles */,
			);
			buildRules = (
			);
			dependencies = (
			);
			name = "2학기";
			productName = "2학기";
			productReference = 783BE99321521F81009E2BE1 /* 2학기 */;
			productType = "com.apple.product-type.tool";
		};
/* End PBXNativeTarget section */

/* Begin PBXProject section */
		783BE98B21521F81009E2BE1 /* Project object */ = {
			isa = PBXProject;
			attributes = {
				LastUpgradeCheck = 0920;
				ORGANIZATIONNAME = Hoon;
				TargetAttributes = {
					783BE99221521F81009E2BE1 = {
						CreatedOnToolsVersion = 9.2;
						ProvisioningStyle = Automatic;
					};
				};
			};
			buildConfigurationList = 783BE98E21521F81009E2BE1 /* Build configuration list for PBXProject "2학기" */;
			compatibilityVersion = "Xcode 8.0";
			developmentRegion = en;
			hasScannedForEncodings = 0;
			knownRegions = (
				en,
			);
			mainGroup = 783BE98A21521F81009E2BE1;
			productRefGroup = 783BE99421521F81009E2BE1 /* Products */;
			projectDirPath = "";
			projectRoot = "";
			targets = (
				783BE99221521F81009E2BE1 /* 2학기 */,
			);
		};
/* End PBXProject section */

/* Begin PBXSourcesBuildPhase section */
		783BE98F21521F81009E2BE1 /* Sources */ = {
			isa = PBXSourcesBuildPhase;
			buildActionMask = 2147483647;
			files = (
				7875A60A215DCA9600192270 /* DisjointSet_12893.cpp in Sources */,
			);
			runOnlyForDeploymentPostprocessing = 0;
		};
/* End PBXSourcesBuildPhase section */

/* Begin XCBuildConfiguration section */
		783BE99821521F81009E2BE1 /* Debug */ = {
			isa = XCBuildConfiguration;
			buildSettings = {
				ALWAYS_SEARCH_USER_PATHS = NO;
				CLANG_ANALYZER_NONNULL = YES;
				CLANG_ANALYZER_NUMBER_OBJECT_CONVERSION = YES_AGGRESSIVE;
				CLANG_CXX_LANGUAGE_STANDARD = "gnu++14";
				CLANG_CXX_LIBRARY = "libc++";
				CLANG_ENABLE_MODULES = YES;
				CLANG_ENABLE_OBJC_ARC = YES;
				CLANG_WARN_BLOCK_CAPTURE_AUTORELEASING = YES;
				CLANG_WARN_BOOL_CONVERSION = YES;
				CLANG_WARN_COMMA = YES;
				CLANG_WARN_CONSTANT_CONVERSION = YES;
				CLANG_WARN_DIRECT_OBJC_ISA_USAGE = YES_ERROR;
				CLANG_WARN_DOCUMENTATION_COMMENTS = YES;
				CLANG_WARN_EMPTY_BODY = YES;
				CLANG_WARN_ENUM_CONVERSION = YES;
				CLANG_WARN_INFINITE_RECURSION = YES;
				CLANG_WARN_INT_CONVERSION = YES;
				CLANG_WARN_NON_LITERAL_NULL_CONVERSION = YES;
				CLANG_WARN_OBJC_LITERAL_CONVERSION = YES;
				CLANG_WARN_OBJC_ROOT_CLASS = YES_ERROR;
				CLANG_WARN_RANGE_LOOP_ANALYSIS = YES;
				CLANG_WARN_STRICT_PROTOTYPES = YES;
				CLANG_WARN_SUSPICIOUS_MOVE = YES;
				CLANG_WARN_UNGUARDED_AVAILABILITY = YES_AGGRESSIVE;
				CLANG_WARN_UNREACHABLE_CODE = YES;
				CLANG_WARN__DUPLICATE_METHOD_MATCH = YES;
				CODE_SIGN_IDENTITY = "-";
				COPY_PHASE_STRIP = NO;
				DEBUG_INFORMATION_FORMAT = dwarf;
				ENABLE_STRICT_OBJC_MSGSEND = YES;
				ENABLE_TESTABILITY = YES;
				GCC_C_LANGUAGE_STANDARD = gnu11;
				GCC_DYNAMIC_NO_PIC = NO;
				GCC_NO_COMMON_BLOCKS = YES;
				GCC_OPTIMIZATION_LEVEL = 0;
				GCC_PREPROCESSOR_DEFINITIONS = (
					"DEBUG=1",
					"$(inherited)",
				);
				GCC_WARN_64_TO_32_BIT_CONVERSION = YES;
				GCC_WARN_ABOUT_RETURN_TYPE = YES_ERROR;
				GCC_WARN_UNDECLARED_SELECTOR = YES;
				GCC_WARN_UNINITIALIZED_AUTOS = YES_AGGRESSIVE;
				GCC_WARN_UNUSED_FUNCTION = YES;
				GCC_WARN_UNUSED_VARIABLE = YES;
				MACOSX_DEPLOYMENT_TARGET = 10.12;
				MTL_ENABLE_DEBUG_INFO = YES;
				ONLY_ACTIVE_ARCH = YES;
				SDKROOT = macosx;
			};
			name = Debug;
		};
		783BE99921521F81009E2BE1 /* Release */ = {
			isa = XCBuildConfiguration;
			buildSettings = {
				ALWAYS_SEARCH_USER_PATHS = NO;
				CLANG_ANALYZER_NONNULL = YES;
				CLANG_ANALYZER_NUMBER_OBJECT_CONVERSION = YES_AGGRESSIVE;
				CLANG_CXX_LANGUAGE_STANDARD = "gnu++14";
				CLANG_CXX_LIBRARY = "libc++";
				CLANG_ENABLE_MODULES = YES;
				CLANG_ENABLE_OBJC_ARC = YES;
				CLANG_WARN_BLOCK_CAPTURE_AUTORELEASING = YES;
				CLANG_WARN_BOOL_CONVERSION = YES;
				CLANG_WARN_COMMA = YES;
				CLANG_WARN_CONSTANT_CONVERSION = YES;
				CLANG_WARN_DIRECT_OBJC_ISA_USAGE = YES_ERROR;
				CLANG_WARN_DOCUMENTATION_COMMENTS = YES;
				CLANG_WARN_EMPTY_BODY = YES;
				CLANG_WARN_ENUM_CONVERSION = YES;
				CLANG_WARN_INFINITE_RECURSION = YES;
				CLANG_WARN_INT_CONVERSION = YES;
				CLANG_WARN_NON_LITERAL_NULL_CONVERSION = YES;
				CLANG_WARN_OBJC_LITERAL_CONVERSION = YES;
				CLANG_WARN_OBJC_ROOT_CLASS = YES_ERROR;
				CLANG_WARN_RANGE_LOOP_ANALYSIS = YES;
				CLANG_WARN_STRICT_PROTOTYPES = YES;
				CLANG_WARN_SUSPICIOUS_MOVE = YES;
				CLANG_WARN_UNGUARDED_AVAILABILITY = YES_AGGRESSIVE;
				CLANG_WARN_UNREACHABLE_CODE = YES;
				CLANG_WARN__DUPLICATE_METHOD_MATCH = YES;
				CODE_SIGN_IDENTITY = "-";
				COPY_PHASE_STRIP = NO;
				DEBUG_INFORMATION_FORMAT = "dwarf-with-dsym";
				ENABLE_NS_ASSERTIONS = NO;
				ENABLE_STRICT_OBJC_MSGSEND = YES;
				GCC_C_LANGUAGE_STANDARD = gnu11;
				GCC_NO_COMMON_BLOCKS = YES;
				GCC_WARN_64_TO_32_BIT_CONVERSION = YES;
				GCC_WARN_ABOUT_RETURN_TYPE = YES_ERROR;
				GCC_WARN_UNDECLARED_SELECTOR = YES;
				GCC_WARN_UNINITIALIZED_AUTOS = YES_AGGRESSIVE;
				GCC_WARN_UNUSED_FUNCTION = YES;
				GCC_WARN_UNUSED_VARIABLE = YES;
				MACOSX_DEPLOYMENT_TARGET = 10.12;
				MTL_ENABLE_DEBUG_INFO = NO;
				SDKROOT = macosx;
			};
			name = Release;
		};
		783BE99B21521F81009E2BE1 /* Debug */ = {
			isa = XCBuildConfiguration;
			buildSettings = {
				CODE_SIGN_STYLE = Automatic;
				PRODUCT_NAME = "$(TARGET_NAME)";
			};
			name = Debug;
		};
		783BE99C21521F81009E2BE1 /* Release */ = {
			isa = XCBuildConfiguration;
			buildSettings = {
				CODE_SIGN_STYLE = Automatic;
				PRODUCT_NAME = "$(TARGET_NAME)";
			};
			name = Release;
		};
/* End XCBuildConfiguration section */

/* Begin XCConfigurationList section */
		783BE98E21521F81009E2BE1 /* Build configuration list for PBXProject "2학기" */ = {
			isa = XCConfigurationList;
			buildConfigurations = (
				783BE99821521F81009E2BE1 /* Debug */,
				783BE99921521F81009E2BE1 /* Release */,
			);
			defaultConfigurationIsVisible = 0;
			defaultConfigurationName = Release;
		};
		783BE99A21521F81009E2BE1 /* Build configuration list for PBXNativeTarget "2학기" */ = {
			isa = XCConfigurationList;
			buildConfigurations = (
				783BE99B21521F81009E2BE1 /* Debug */,
				783BE99C21521F81009E2BE1 /* Release */,
			);
			defaultConfigurationIsVisible = 0;
			defaultConfigurationName = Release;
		};
/* End XCConfigurationList section */
	};
	rootObject = 783BE98B21521F81009E2BE1 /* Project object */;
}
