// !$*UTF8*$!
{
	archiveVersion = 1;
	classes = {
	};
	objectVersion = 48;
	objects = {

/* Begin PBXBuildFile section */
		7818DEB120B66F65002B8207 /* 11724.cpp in Sources */ = {isa = PBXBuildFile; fileRef = 7818DEB020B66F65002B8207 /* 11724.cpp */; };
		7818DEB320B687F2002B8207 /* 4963.cpp in Sources */ = {isa = PBXBuildFile; fileRef = 7818DEB220B687F2002B8207 /* 4963.cpp */; };
		7880019B20BBC24C0040C5AB /* 2606.cpp in Sources */ = {isa = PBXBuildFile; fileRef = 7880019A20BBC24C0040C5AB /* 2606.cpp */; };
		7880019D20BBC7060040C5AB /* 10451.cpp in Sources */ = {isa = PBXBuildFile; fileRef = 7880019C20BBC7060040C5AB /* 10451.cpp */; };
		78EE01CD20CB81C500BE6BF6 /* 1260.cpp in Sources */ = {isa = PBXBuildFile; fileRef = 78EE01CC20CB81C500BE6BF6 /* 1260.cpp */; };
		78EE01CF20CB89A900BE6BF6 /* 인접행렬.cpp in Sources */ = {isa = PBXBuildFile; fileRef = 78EE01CE20CB89A900BE6BF6 /* 인접행렬.cpp */; };
		78EE01D120CB89FC00BE6BF6 /* 인접리스트.cpp in Sources */ = {isa = PBXBuildFile; fileRef = 78EE01D020CB89FC00BE6BF6 /* 인접리스트.cpp */; };
		78EE01D320CB96B600BE6BF6 /* DFS와 BFS.cpp in Sources */ = {isa = PBXBuildFile; fileRef = 78EE01D220CB96B600BE6BF6 /* DFS와 BFS.cpp */; };
		78EE01D520CBAD5100BE6BF6 /* 미로찾기.cpp in Sources */ = {isa = PBXBuildFile; fileRef = 78EE01D420CBAD5100BE6BF6 /* 미로찾기.cpp */; };
		78EE01D720CBB6D400BE6BF6 /* 7576.cpp in Sources */ = {isa = PBXBuildFile; fileRef = 78EE01D620CBB6D400BE6BF6 /* 7576.cpp */; };
		78EE01D920CBBEAE00BE6BF6 /* 2468.cpp in Sources */ = {isa = PBXBuildFile; fileRef = 78EE01D820CBBEAE00BE6BF6 /* 2468.cpp */; };
		78EE01DB20CBC37F00BE6BF6 /* 2589.cpp in Sources */ = {isa = PBXBuildFile; fileRef = 78EE01DA20CBC37F00BE6BF6 /* 2589.cpp */; };
/* End PBXBuildFile section */

/* Begin PBXCopyFilesBuildPhase section */
		786B7C1D20A55EC700AC72F2 /* CopyFiles */ = {
			isa = PBXCopyFilesBuildPhase;
			buildActionMask = 2147483647;
			dstPath = /usr/share/man/man1/;
			dstSubfolderSpec = 0;
			files = (
			);
			runOnlyForDeploymentPostprocessing = 1;
		};
/* End PBXCopyFilesBuildPhase section */

/* Begin PBXFileReference section */
		7818DEB020B66F65002B8207 /* 11724.cpp */ = {isa = PBXFileReference; lastKnownFileType = sourcecode.cpp.cpp; path = 11724.cpp; sourceTree = "<group>"; };
		7818DEB220B687F2002B8207 /* 4963.cpp */ = {isa = PBXFileReference; lastKnownFileType = sourcecode.cpp.cpp; path = 4963.cpp; sourceTree = "<group>"; };
		786B7C1F20A55EC700AC72F2 /* 111 */ = {isa = PBXFileReference; explicitFileType = "compiled.mach-o.executable"; includeInIndex = 0; path = 111; sourceTree = BUILT_PRODUCTS_DIR; };
		7880019A20BBC24C0040C5AB /* 2606.cpp */ = {isa = PBXFileReference; lastKnownFileType = sourcecode.cpp.cpp; path = 2606.cpp; sourceTree = "<group>"; };
		7880019C20BBC7060040C5AB /* 10451.cpp */ = {isa = PBXFileReference; lastKnownFileType = sourcecode.cpp.cpp; path = 10451.cpp; sourceTree = "<group>"; };
		78EE01CC20CB81C500BE6BF6 /* 1260.cpp */ = {isa = PBXFileReference; lastKnownFileType = sourcecode.cpp.cpp; path = 1260.cpp; sourceTree = "<group>"; };
		78EE01CE20CB89A900BE6BF6 /* 인접행렬.cpp */ = {isa = PBXFileReference; lastKnownFileType = sourcecode.cpp.cpp; path = "인접행렬.cpp"; sourceTree = "<group>"; };
		78EE01D020CB89FC00BE6BF6 /* 인접리스트.cpp */ = {isa = PBXFileReference; lastKnownFileType = sourcecode.cpp.cpp; path = "인접리스트.cpp"; sourceTree = "<group>"; };
		78EE01D220CB96B600BE6BF6 /* DFS와 BFS.cpp */ = {isa = PBXFileReference; lastKnownFileType = sourcecode.cpp.cpp; path = "DFS와 BFS.cpp"; sourceTree = "<group>"; };
		78EE01D420CBAD5100BE6BF6 /* 미로찾기.cpp */ = {isa = PBXFileReference; lastKnownFileType = sourcecode.cpp.cpp; path = "미로찾기.cpp"; sourceTree = "<group>"; };
		78EE01D620CBB6D400BE6BF6 /* 7576.cpp */ = {isa = PBXFileReference; lastKnownFileType = sourcecode.cpp.cpp; path = 7576.cpp; sourceTree = "<group>"; };
		78EE01D820CBBEAE00BE6BF6 /* 2468.cpp */ = {isa = PBXFileReference; lastKnownFileType = sourcecode.cpp.cpp; path = 2468.cpp; sourceTree = "<group>"; };
		78EE01DA20CBC37F00BE6BF6 /* 2589.cpp */ = {isa = PBXFileReference; lastKnownFileType = sourcecode.cpp.cpp; path = 2589.cpp; sourceTree = "<group>"; };
/* End PBXFileReference section */

/* Begin PBXFrameworksBuildPhase section */
		786B7C1C20A55EC700AC72F2 /* Frameworks */ = {
			isa = PBXFrameworksBuildPhase;
			buildActionMask = 2147483647;
			files = (
			);
			runOnlyForDeploymentPostprocessing = 0;
		};
/* End PBXFrameworksBuildPhase section */

/* Begin PBXGroup section */
		786B7C1620A55EC700AC72F2 = {
			isa = PBXGroup;
			children = (
				786B7C2120A55EC700AC72F2 /* 9week */,
				786B7C2020A55EC700AC72F2 /* Products */,
			);
			sourceTree = "<group>";
		};
		786B7C2020A55EC700AC72F2 /* Products */ = {
			isa = PBXGroup;
			children = (
				786B7C1F20A55EC700AC72F2 /* 111 */,
			);
			name = Products;
			sourceTree = "<group>";
		};
		786B7C2120A55EC700AC72F2 /* 9week */ = {
			isa = PBXGroup;
			children = (
				7818DEB020B66F65002B8207 /* 11724.cpp */,
				7818DEB220B687F2002B8207 /* 4963.cpp */,
				7880019A20BBC24C0040C5AB /* 2606.cpp */,
				7880019C20BBC7060040C5AB /* 10451.cpp */,
				78EE01D220CB96B600BE6BF6 /* DFS와 BFS.cpp */,
				78EE01D420CBAD5100BE6BF6 /* 미로찾기.cpp */,
				78EE01D620CBB6D400BE6BF6 /* 7576.cpp */,
				78EE01D820CBBEAE00BE6BF6 /* 2468.cpp */,
				78EE01DA20CBC37F00BE6BF6 /* 2589.cpp */,
				78EE01CC20CB81C500BE6BF6 /* 1260.cpp */,
				78EE01CE20CB89A900BE6BF6 /* 인접행렬.cpp */,
				78EE01D020CB89FC00BE6BF6 /* 인접리스트.cpp */,
			);
			path = 9week;
			sourceTree = "<group>";
		};
/* End PBXGroup section */

/* Begin PBXNativeTarget section */
		786B7C1E20A55EC700AC72F2 /* 111 */ = {
			isa = PBXNativeTarget;
			buildConfigurationList = 786B7C2620A55EC700AC72F2 /* Build configuration list for PBXNativeTarget "111" */;
			buildPhases = (
				786B7C1B20A55EC700AC72F2 /* Sources */,
				786B7C1C20A55EC700AC72F2 /* Frameworks */,
				786B7C1D20A55EC700AC72F2 /* CopyFiles */,
			);
			buildRules = (
			);
			dependencies = (
			);
			name = 111;
			productName = 111;
			productReference = 786B7C1F20A55EC700AC72F2 /* 111 */;
			productType = "com.apple.product-type.tool";
		};
/* End PBXNativeTarget section */

/* Begin PBXProject section */
		786B7C1720A55EC700AC72F2 /* Project object */ = {
			isa = PBXProject;
			attributes = {
				LastUpgradeCheck = 0920;
				ORGANIZATIONNAME = Hoon;
				TargetAttributes = {
					786B7C1E20A55EC700AC72F2 = {
						CreatedOnToolsVersion = 9.2;
						ProvisioningStyle = Automatic;
					};
				};
			};
			buildConfigurationList = 786B7C1A20A55EC700AC72F2 /* Build configuration list for PBXProject "9week" */;
			compatibilityVersion = "Xcode 8.0";
			developmentRegion = en;
			hasScannedForEncodings = 0;
			knownRegions = (
				en,
			);
			mainGroup = 786B7C1620A55EC700AC72F2;
			productRefGroup = 786B7C2020A55EC700AC72F2 /* Products */;
			projectDirPath = "";
			projectRoot = "";
			targets = (
				786B7C1E20A55EC700AC72F2 /* 111 */,
			);
		};
/* End PBXProject section */

/* Begin PBXSourcesBuildPhase section */
		786B7C1B20A55EC700AC72F2 /* Sources */ = {
			isa = PBXSourcesBuildPhase;
			buildActionMask = 2147483647;
			files = (
				7880019B20BBC24C0040C5AB /* 2606.cpp in Sources */,
				7880019D20BBC7060040C5AB /* 10451.cpp in Sources */,
				78EE01CF20CB89A900BE6BF6 /* 인접행렬.cpp in Sources */,
				78EE01D320CB96B600BE6BF6 /* DFS와 BFS.cpp in Sources */,
				7818DEB120B66F65002B8207 /* 11724.cpp in Sources */,
				78EE01D120CB89FC00BE6BF6 /* 인접리스트.cpp in Sources */,
				78EE01D920CBBEAE00BE6BF6 /* 2468.cpp in Sources */,
				7818DEB320B687F2002B8207 /* 4963.cpp in Sources */,
				78EE01D720CBB6D400BE6BF6 /* 7576.cpp in Sources */,
				78EE01DB20CBC37F00BE6BF6 /* 2589.cpp in Sources */,
				78EE01CD20CB81C500BE6BF6 /* 1260.cpp in Sources */,
				78EE01D520CBAD5100BE6BF6 /* 미로찾기.cpp in Sources */,
			);
			runOnlyForDeploymentPostprocessing = 0;
		};
/* End PBXSourcesBuildPhase section */

/* Begin XCBuildConfiguration section */
		786B7C2420A55EC700AC72F2 /* Debug */ = {
			isa = XCBuildConfiguration;
			buildSettings = {
				ALWAYS_SEARCH_USER_PATHS = NO;
				CLANG_ANALYZER_NONNULL = YES;
				CLANG_ANALYZER_NUMBER_OBJECT_CONVERSION = YES_AGGRESSIVE;
				CLANG_CXX_LANGUAGE_STANDARD = "gnu++14";
				CLANG_CXX_LIBRARY = "libc++";
				CLANG_ENABLE_MODULES = YES;
				CLANG_ENABLE_OBJC_ARC = YES;
				CLANG_WARN_BLOCK_CAPTURE_AUTORELEASING = YES;
				CLANG_WARN_BOOL_CONVERSION = YES;
				CLANG_WARN_COMMA = YES;
				CLANG_WARN_CONSTANT_CONVERSION = YES;
				CLANG_WARN_DIRECT_OBJC_ISA_USAGE = YES_ERROR;
				CLANG_WARN_DOCUMENTATION_COMMENTS = YES;
				CLANG_WARN_EMPTY_BODY = YES;
				CLANG_WARN_ENUM_CONVERSION = YES;
				CLANG_WARN_INFINITE_RECURSION = YES;
				CLANG_WARN_INT_CONVERSION = YES;
				CLANG_WARN_NON_LITERAL_NULL_CONVERSION = YES;
				CLANG_WARN_OBJC_LITERAL_CONVERSION = YES;
				CLANG_WARN_OBJC_ROOT_CLASS = YES_ERROR;
				CLANG_WARN_RANGE_LOOP_ANALYSIS = YES;
				CLANG_WARN_STRICT_PROTOTYPES = YES;
				CLANG_WARN_SUSPICIOUS_MOVE = YES;
				CLANG_WARN_UNGUARDED_AVAILABILITY = YES_AGGRESSIVE;
				CLANG_WARN_UNREACHABLE_CODE = YES;
				CLANG_WARN__DUPLICATE_METHOD_MATCH = YES;
				CODE_SIGN_IDENTITY = "-";
				COPY_PHASE_STRIP = NO;
				DEBUG_INFORMATION_FORMAT = dwarf;
				ENABLE_STRICT_OBJC_MSGSEND = YES;
				ENABLE_TESTABILITY = YES;
				GCC_C_LANGUAGE_STANDARD = gnu11;
				GCC_DYNAMIC_NO_PIC = NO;
				GCC_NO_COMMON_BLOCKS = YES;
				GCC_OPTIMIZATION_LEVEL = 0;
				GCC_PREPROCESSOR_DEFINITIONS = (
					"DEBUG=1",
					"$(inherited)",
				);
				GCC_WARN_64_TO_32_BIT_CONVERSION = YES;
				GCC_WARN_ABOUT_RETURN_TYPE = YES_ERROR;
				GCC_WARN_UNDECLARED_SELECTOR = YES;
				GCC_WARN_UNINITIALIZED_AUTOS = YES_AGGRESSIVE;
				GCC_WARN_UNUSED_FUNCTION = YES;
				GCC_WARN_UNUSED_VARIABLE = YES;
				MACOSX_DEPLOYMENT_TARGET = 10.12;
				MTL_ENABLE_DEBUG_INFO = YES;
				ONLY_ACTIVE_ARCH = YES;
				SDKROOT = macosx;
			};
			name = Debug;
		};
		786B7C2520A55EC700AC72F2 /* Release */ = {
			isa = XCBuildConfiguration;
			buildSettings = {
				ALWAYS_SEARCH_USER_PATHS = NO;
				CLANG_ANALYZER_NONNULL = YES;
				CLANG_ANALYZER_NUMBER_OBJECT_CONVERSION = YES_AGGRESSIVE;
				CLANG_CXX_LANGUAGE_STANDARD = "gnu++14";
				CLANG_CXX_LIBRARY = "libc++";
				CLANG_ENABLE_MODULES = YES;
				CLANG_ENABLE_OBJC_ARC = YES;
				CLANG_WARN_BLOCK_CAPTURE_AUTORELEASING = YES;
				CLANG_WARN_BOOL_CONVERSION = YES;
				CLANG_WARN_COMMA = YES;
				CLANG_WARN_CONSTANT_CONVERSION = YES;
				CLANG_WARN_DIRECT_OBJC_ISA_USAGE = YES_ERROR;
				CLANG_WARN_DOCUMENTATION_COMMENTS = YES;
				CLANG_WARN_EMPTY_BODY = YES;
				CLANG_WARN_ENUM_CONVERSION = YES;
				CLANG_WARN_INFINITE_RECURSION = YES;
				CLANG_WARN_INT_CONVERSION = YES;
				CLANG_WARN_NON_LITERAL_NULL_CONVERSION = YES;
				CLANG_WARN_OBJC_LITERAL_CONVERSION = YES;
				CLANG_WARN_OBJC_ROOT_CLASS = YES_ERROR;
				CLANG_WARN_RANGE_LOOP_ANALYSIS = YES;
				CLANG_WARN_STRICT_PROTOTYPES = YES;
				CLANG_WARN_SUSPICIOUS_MOVE = YES;
				CLANG_WARN_UNGUARDED_AVAILABILITY = YES_AGGRESSIVE;
				CLANG_WARN_UNREACHABLE_CODE = YES;
				CLANG_WARN__DUPLICATE_METHOD_MATCH = YES;
				CODE_SIGN_IDENTITY = "-";
				COPY_PHASE_STRIP = NO;
				DEBUG_INFORMATION_FORMAT = "dwarf-with-dsym";
				ENABLE_NS_ASSERTIONS = NO;
				ENABLE_STRICT_OBJC_MSGSEND = YES;
				GCC_C_LANGUAGE_STANDARD = gnu11;
				GCC_NO_COMMON_BLOCKS = YES;
				GCC_WARN_64_TO_32_BIT_CONVERSION = YES;
				GCC_WARN_ABOUT_RETURN_TYPE = YES_ERROR;
				GCC_WARN_UNDECLARED_SELECTOR = YES;
				GCC_WARN_UNINITIALIZED_AUTOS = YES_AGGRESSIVE;
				GCC_WARN_UNUSED_FUNCTION = YES;
				GCC_WARN_UNUSED_VARIABLE = YES;
				MACOSX_DEPLOYMENT_TARGET = 10.12;
				MTL_ENABLE_DEBUG_INFO = NO;
				SDKROOT = macosx;
			};
			name = Release;
		};
		786B7C2720A55EC700AC72F2 /* Debug */ = {
			isa = XCBuildConfiguration;
			buildSettings = {
				CODE_SIGN_STYLE = Automatic;
				PRODUCT_NAME = "$(TARGET_NAME)";
			};
			name = Debug;
		};
		786B7C2820A55EC700AC72F2 /* Release */ = {
			isa = XCBuildConfiguration;
			buildSettings = {
				CODE_SIGN_STYLE = Automatic;
				PRODUCT_NAME = "$(TARGET_NAME)";
			};
			name = Release;
		};
/* End XCBuildConfiguration section */

/* Begin XCConfigurationList section */
		786B7C1A20A55EC700AC72F2 /* Build configuration list for PBXProject "9week" */ = {
			isa = XCConfigurationList;
			buildConfigurations = (
				786B7C2420A55EC700AC72F2 /* Debug */,
				786B7C2520A55EC700AC72F2 /* Release */,
			);
			defaultConfigurationIsVisible = 0;
			defaultConfigurationName = Release;
		};
		786B7C2620A55EC700AC72F2 /* Build configuration list for PBXNativeTarget "111" */ = {
			isa = XCConfigurationList;
			buildConfigurations = (
				786B7C2720A55EC700AC72F2 /* Debug */,
				786B7C2820A55EC700AC72F2 /* Release */,
			);
			defaultConfigurationIsVisible = 0;
			defaultConfigurationName = Release;
		};
/* End XCConfigurationList section */
	};
	rootObject = 786B7C1720A55EC700AC72F2 /* Project object */;
}
