// !$*UTF8*$!
{
	archiveVersion = 1;
	classes = {
	};
	objectVersion = 48;
	objects = {

/* Begin PBXBuildFile section */
		7883DFB521301CB800DAF663 /* 12899_데이터 구조.cpp in Sources */ = {isa = PBXBuildFile; fileRef = 7883DFB421301CB800DAF663 /* 12899_데이터 구조.cpp */; };
/* End PBXBuildFile section */

/* Begin PBXCopyFilesBuildPhase section */
		7883DF25212A900600DAF663 /* CopyFiles */ = {
			isa = PBXCopyFilesBuildPhase;
			buildActionMask = 2147483647;
			dstPath = /usr/share/man/man1/;
			dstSubfolderSpec = 0;
			files = (
			);
			runOnlyForDeploymentPostprocessing = 1;
		};
/* End PBXCopyFilesBuildPhase section */

/* Begin PBXFileReference section */
		7883DF27212A900600DAF663 /* summer_week8-Segment_Tree */ = {isa = PBXFileReference; explicitFileType = "compiled.mach-o.executable"; includeInIndex = 0; path = "summer_week8-Segment_Tree"; sourceTree = BUILT_PRODUCTS_DIR; };
		7883DF2A212A900600DAF663 /* 2042_구간 합 구하기.cpp */ = {isa = PBXFileReference; lastKnownFileType = sourcecode.cpp.cpp; path = "2042_구간 합 구하기.cpp"; sourceTree = "<group>"; };
		7883DF31212A97F400DAF663 /* 11505_구간 곱 구하기.cpp */ = {isa = PBXFileReference; lastKnownFileType = sourcecode.cpp.cpp; path = "11505_구간 곱 구하기.cpp"; sourceTree = "<group>"; };
		7883DF33212A9F7100DAF663 /* 2357_최소값과 최대값.cpp */ = {isa = PBXFileReference; lastKnownFileType = sourcecode.cpp.cpp; path = "2357_최소값과 최대값.cpp"; sourceTree = "<group>"; };
		7883DF35212AB32C00DAF663 /* 1275_커피숍2.cpp */ = {isa = PBXFileReference; lastKnownFileType = sourcecode.cpp.cpp; path = "1275_커피숍2.cpp"; sourceTree = "<group>"; };
		7883DF37212AB7D200DAF663 /* 2268_수들의 합.cpp */ = {isa = PBXFileReference; lastKnownFileType = sourcecode.cpp.cpp; path = "2268_수들의 합.cpp"; sourceTree = "<group>"; };
		7883DF39212ABAEC00DAF663 /* 12837_가계부.cpp */ = {isa = PBXFileReference; lastKnownFileType = sourcecode.cpp.cpp; path = "12837_가계부.cpp"; sourceTree = "<group>"; };
		7883DF3B212B9A6A00DAF663 /* 12015_가장 긴 증가하는 부분 수열 2.cpp.cpp */ = {isa = PBXFileReference; lastKnownFileType = sourcecode.cpp.cpp; path = "12015_가장 긴 증가하는 부분 수열 2.cpp.cpp"; sourceTree = "<group>"; };
		7883DF3D212BB2E300DAF663 /* 3745_오름세.cpp */ = {isa = PBXFileReference; lastKnownFileType = sourcecode.cpp.cpp; path = "3745_오름세.cpp"; sourceTree = "<group>"; };
		7883DFA8212E7E8400DAF663 /* 1321_군인.cpp */ = {isa = PBXFileReference; lastKnownFileType = sourcecode.cpp.cpp; path = "1321_군인.cpp"; sourceTree = "<group>"; };
		7883DFAA212EB49C00DAF663 /* 9345_디지털 비디오 디스크.cpp */ = {isa = PBXFileReference; lastKnownFileType = sourcecode.cpp.cpp; path = "9345_디지털 비디오 디스크.cpp"; sourceTree = "<group>"; };
		7883DFAC212EB8C800DAF663 /* 2243_사탕상자.cpp */ = {isa = PBXFileReference; lastKnownFileType = sourcecode.cpp.cpp; path = "2243_사탕상자.cpp"; sourceTree = "<group>"; };
		7883DFAE212ED54100DAF663 /* --5676_음주 코딩.cpp */ = {isa = PBXFileReference; lastKnownFileType = sourcecode.cpp.cpp; path = "--5676_음주 코딩.cpp"; sourceTree = "<group>"; };
		7883DFB0212EDE4500DAF663 /* --2517_달리기.cpp */ = {isa = PBXFileReference; lastKnownFileType = sourcecode.cpp.cpp; path = "--2517_달리기.cpp"; sourceTree = "<group>"; };
		7883DFB221300EC600DAF663 /* 1306_달려라 홍준.cpp */ = {isa = PBXFileReference; lastKnownFileType = sourcecode.cpp.cpp; path = "1306_달려라 홍준.cpp"; sourceTree = "<group>"; };
		7883DFB421301CB800DAF663 /* 12899_데이터 구조.cpp */ = {isa = PBXFileReference; lastKnownFileType = sourcecode.cpp.cpp; path = "12899_데이터 구조.cpp"; sourceTree = "<group>"; };
/* End PBXFileReference section */

/* Begin PBXFrameworksBuildPhase section */
		7883DF24212A900600DAF663 /* Frameworks */ = {
			isa = PBXFrameworksBuildPhase;
			buildActionMask = 2147483647;
			files = (
			);
			runOnlyForDeploymentPostprocessing = 0;
		};
/* End PBXFrameworksBuildPhase section */

/* Begin PBXGroup section */
		7883DF1E212A900600DAF663 = {
			isa = PBXGroup;
			children = (
				7883DF29212A900600DAF663 /* summer_week8-Segment_Tree */,
				7883DF28212A900600DAF663 /* Products */,
			);
			sourceTree = "<group>";
		};
		7883DF28212A900600DAF663 /* Products */ = {
			isa = PBXGroup;
			children = (
				7883DF27212A900600DAF663 /* summer_week8-Segment_Tree */,
			);
			name = Products;
			sourceTree = "<group>";
		};
		7883DF29212A900600DAF663 /* summer_week8-Segment_Tree */ = {
			isa = PBXGroup;
			children = (
				7883DF2A212A900600DAF663 /* 2042_구간 합 구하기.cpp */,
				7883DF31212A97F400DAF663 /* 11505_구간 곱 구하기.cpp */,
				7883DF33212A9F7100DAF663 /* 2357_최소값과 최대값.cpp */,
				7883DF37212AB7D200DAF663 /* 2268_수들의 합.cpp */,
				7883DF39212ABAEC00DAF663 /* 12837_가계부.cpp */,
				7883DF3B212B9A6A00DAF663 /* 12015_가장 긴 증가하는 부분 수열 2.cpp.cpp */,
				7883DF35212AB32C00DAF663 /* 1275_커피숍2.cpp */,
				7883DF3D212BB2E300DAF663 /* 3745_오름세.cpp */,
				7883DFA8212E7E8400DAF663 /* 1321_군인.cpp */,
				7883DFAA212EB49C00DAF663 /* 9345_디지털 비디오 디스크.cpp */,
				7883DFAC212EB8C800DAF663 /* 2243_사탕상자.cpp */,
				7883DFAE212ED54100DAF663 /* --5676_음주 코딩.cpp */,
				7883DFB0212EDE4500DAF663 /* --2517_달리기.cpp */,
				7883DFB221300EC600DAF663 /* 1306_달려라 홍준.cpp */,
				7883DFB421301CB800DAF663 /* 12899_데이터 구조.cpp */,
			);
			path = "summer_week8-Segment_Tree";
			sourceTree = "<group>";
		};
/* End PBXGroup section */

/* Begin PBXNativeTarget section */
		7883DF26212A900600DAF663 /* summer_week8-Segment_Tree */ = {
			isa = PBXNativeTarget;
			buildConfigurationList = 7883DF2E212A900600DAF663 /* Build configuration list for PBXNativeTarget "summer_week8-Segment_Tree" */;
			buildPhases = (
				7883DF23212A900600DAF663 /* Sources */,
				7883DF24212A900600DAF663 /* Frameworks */,
				7883DF25212A900600DAF663 /* CopyFiles */,
			);
			buildRules = (
			);
			dependencies = (
			);
			name = "summer_week8-Segment_Tree";
			productName = "summer_week8-Segment_Tree";
			productReference = 7883DF27212A900600DAF663 /* summer_week8-Segment_Tree */;
			productType = "com.apple.product-type.tool";
		};
/* End PBXNativeTarget section */

/* Begin PBXProject section */
		7883DF1F212A900600DAF663 /* Project object */ = {
			isa = PBXProject;
			attributes = {
				LastUpgradeCheck = 0920;
				ORGANIZATIONNAME = Hoon;
				TargetAttributes = {
					7883DF26212A900600DAF663 = {
						CreatedOnToolsVersion = 9.2;
						ProvisioningStyle = Automatic;
					};
				};
			};
			buildConfigurationList = 7883DF22212A900600DAF663 /* Build configuration list for PBXProject "summer_week8-Segment_Tree" */;
			compatibilityVersion = "Xcode 8.0";
			developmentRegion = en;
			hasScannedForEncodings = 0;
			knownRegions = (
				en,
			);
			mainGroup = 7883DF1E212A900600DAF663;
			productRefGroup = 7883DF28212A900600DAF663 /* Products */;
			projectDirPath = "";
			projectRoot = "";
			targets = (
				7883DF26212A900600DAF663 /* summer_week8-Segment_Tree */,
			);
		};
/* End PBXProject section */

/* Begin PBXSourcesBuildPhase section */
		7883DF23212A900600DAF663 /* Sources */ = {
			isa = PBXSourcesBuildPhase;
			buildActionMask = 2147483647;
			files = (
				7883DFB521301CB800DAF663 /* 12899_데이터 구조.cpp in Sources */,
			);
			runOnlyForDeploymentPostprocessing = 0;
		};
/* End PBXSourcesBuildPhase section */

/* Begin XCBuildConfiguration section */
		7883DF2C212A900600DAF663 /* Debug */ = {
			isa = XCBuildConfiguration;
			buildSettings = {
				ALWAYS_SEARCH_USER_PATHS = NO;
				CLANG_ANALYZER_NONNULL = YES;
				CLANG_ANALYZER_NUMBER_OBJECT_CONVERSION = YES_AGGRESSIVE;
				CLANG_CXX_LANGUAGE_STANDARD = "gnu++14";
				CLANG_CXX_LIBRARY = "libc++";
				CLANG_ENABLE_MODULES = YES;
				CLANG_ENABLE_OBJC_ARC = YES;
				CLANG_WARN_BLOCK_CAPTURE_AUTORELEASING = YES;
				CLANG_WARN_BOOL_CONVERSION = YES;
				CLANG_WARN_COMMA = YES;
				CLANG_WARN_CONSTANT_CONVERSION = YES;
				CLANG_WARN_DIRECT_OBJC_ISA_USAGE = YES_ERROR;
				CLANG_WARN_DOCUMENTATION_COMMENTS = YES;
				CLANG_WARN_EMPTY_BODY = YES;
				CLANG_WARN_ENUM_CONVERSION = YES;
				CLANG_WARN_INFINITE_RECURSION = YES;
				CLANG_WARN_INT_CONVERSION = YES;
				CLANG_WARN_NON_LITERAL_NULL_CONVERSION = YES;
				CLANG_WARN_OBJC_LITERAL_CONVERSION = YES;
				CLANG_WARN_OBJC_ROOT_CLASS = YES_ERROR;
				CLANG_WARN_RANGE_LOOP_ANALYSIS = YES;
				CLANG_WARN_STRICT_PROTOTYPES = YES;
				CLANG_WARN_SUSPICIOUS_MOVE = YES;
				CLANG_WARN_UNGUARDED_AVAILABILITY = YES_AGGRESSIVE;
				CLANG_WARN_UNREACHABLE_CODE = YES;
				CLANG_WARN__DUPLICATE_METHOD_MATCH = YES;
				CODE_SIGN_IDENTITY = "-";
				COPY_PHASE_STRIP = NO;
				DEBUG_INFORMATION_FORMAT = dwarf;
				ENABLE_STRICT_OBJC_MSGSEND = YES;
				ENABLE_TESTABILITY = YES;
				GCC_C_LANGUAGE_STANDARD = gnu11;
				GCC_DYNAMIC_NO_PIC = NO;
				GCC_NO_COMMON_BLOCKS = YES;
				GCC_OPTIMIZATION_LEVEL = 0;
				GCC_PREPROCESSOR_DEFINITIONS = (
					"DEBUG=1",
					"$(inherited)",
				);
				GCC_WARN_64_TO_32_BIT_CONVERSION = YES;
				GCC_WARN_ABOUT_RETURN_TYPE = YES_ERROR;
				GCC_WARN_UNDECLARED_SELECTOR = YES;
				GCC_WARN_UNINITIALIZED_AUTOS = YES_AGGRESSIVE;
				GCC_WARN_UNUSED_FUNCTION = YES;
				GCC_WARN_UNUSED_VARIABLE = YES;
				MACOSX_DEPLOYMENT_TARGET = 10.12;
				MTL_ENABLE_DEBUG_INFO = YES;
				ONLY_ACTIVE_ARCH = YES;
				SDKROOT = macosx;
			};
			name = Debug;
		};
		7883DF2D212A900600DAF663 /* Release */ = {
			isa = XCBuildConfiguration;
			buildSettings = {
				ALWAYS_SEARCH_USER_PATHS = NO;
				CLANG_ANALYZER_NONNULL = YES;
				CLANG_ANALYZER_NUMBER_OBJECT_CONVERSION = YES_AGGRESSIVE;
				CLANG_CXX_LANGUAGE_STANDARD = "gnu++14";
				CLANG_CXX_LIBRARY = "libc++";
				CLANG_ENABLE_MODULES = YES;
				CLANG_ENABLE_OBJC_ARC = YES;
				CLANG_WARN_BLOCK_CAPTURE_AUTORELEASING = YES;
				CLANG_WARN_BOOL_CONVERSION = YES;
				CLANG_WARN_COMMA = YES;
				CLANG_WARN_CONSTANT_CONVERSION = YES;
				CLANG_WARN_DIRECT_OBJC_ISA_USAGE = YES_ERROR;
				CLANG_WARN_DOCUMENTATION_COMMENTS = YES;
				CLANG_WARN_EMPTY_BODY = YES;
				CLANG_WARN_ENUM_CONVERSION = YES;
				CLANG_WARN_INFINITE_RECURSION = YES;
				CLANG_WARN_INT_CONVERSION = YES;
				CLANG_WARN_NON_LITERAL_NULL_CONVERSION = YES;
				CLANG_WARN_OBJC_LITERAL_CONVERSION = YES;
				CLANG_WARN_OBJC_ROOT_CLASS = YES_ERROR;
				CLANG_WARN_RANGE_LOOP_ANALYSIS = YES;
				CLANG_WARN_STRICT_PROTOTYPES = YES;
				CLANG_WARN_SUSPICIOUS_MOVE = YES;
				CLANG_WARN_UNGUARDED_AVAILABILITY = YES_AGGRESSIVE;
				CLANG_WARN_UNREACHABLE_CODE = YES;
				CLANG_WARN__DUPLICATE_METHOD_MATCH = YES;
				CODE_SIGN_IDENTITY = "-";
				COPY_PHASE_STRIP = NO;
				DEBUG_INFORMATION_FORMAT = "dwarf-with-dsym";
				ENABLE_NS_ASSERTIONS = NO;
				ENABLE_STRICT_OBJC_MSGSEND = YES;
				GCC_C_LANGUAGE_STANDARD = gnu11;
				GCC_NO_COMMON_BLOCKS = YES;
				GCC_WARN_64_TO_32_BIT_CONVERSION = YES;
				GCC_WARN_ABOUT_RETURN_TYPE = YES_ERROR;
				GCC_WARN_UNDECLARED_SELECTOR = YES;
				GCC_WARN_UNINITIALIZED_AUTOS = YES_AGGRESSIVE;
				GCC_WARN_UNUSED_FUNCTION = YES;
				GCC_WARN_UNUSED_VARIABLE = YES;
				MACOSX_DEPLOYMENT_TARGET = 10.12;
				MTL_ENABLE_DEBUG_INFO = NO;
				SDKROOT = macosx;
			};
			name = Release;
		};
		7883DF2F212A900600DAF663 /* Debug */ = {
			isa = XCBuildConfiguration;
			buildSettings = {
				CODE_SIGN_STYLE = Automatic;
				PRODUCT_NAME = "$(TARGET_NAME)";
			};
			name = Debug;
		};
		7883DF30212A900600DAF663 /* Release */ = {
			isa = XCBuildConfiguration;
			buildSettings = {
				CODE_SIGN_STYLE = Automatic;
				PRODUCT_NAME = "$(TARGET_NAME)";
			};
			name = Release;
		};
/* End XCBuildConfiguration section */

/* Begin XCConfigurationList section */
		7883DF22212A900600DAF663 /* Build configuration list for PBXProject "summer_week8-Segment_Tree" */ = {
			isa = XCConfigurationList;
			buildConfigurations = (
				7883DF2C212A900600DAF663 /* Debug */,
				7883DF2D212A900600DAF663 /* Release */,
			);
			defaultConfigurationIsVisible = 0;
			defaultConfigurationName = Release;
		};
		7883DF2E212A900600DAF663 /* Build configuration list for PBXNativeTarget "summer_week8-Segment_Tree" */ = {
			isa = XCConfigurationList;
			buildConfigurations = (
				7883DF2F212A900600DAF663 /* Debug */,
				7883DF30212A900600DAF663 /* Release */,
			);
			defaultConfigurationIsVisible = 0;
			defaultConfigurationName = Release;
		};
/* End XCConfigurationList section */
	};
	rootObject = 7883DF1F212A900600DAF663 /* Project object */;
}
