// !$*UTF8*$!
{
	archiveVersion = 1;
	classes = {
	};
	objectVersion = 48;
	objects = {

/* Begin PBXBuildFile section */
		782C79AE20C4FA76008AA6C4 /* 15788.cpp in Sources */ = {isa = PBXBuildFile; fileRef = 782C79AD20C4FA76008AA6C4 /* 15788.cpp */; };
		7880018E20BBB3070040C5AB /* B.cpp in Sources */ = {isa = PBXBuildFile; fileRef = 7880018D20BBB3070040C5AB /* B.cpp */; };
		7880019520BBB3A90040C5AB /* AngryJinseo.cpp in Sources */ = {isa = PBXBuildFile; fileRef = 7880019420BBB3A90040C5AB /* AngryJinseo.cpp */; };
		7880019720BBB3C50040C5AB /* A.cpp in Sources */ = {isa = PBXBuildFile; fileRef = 7880019620BBB3C50040C5AB /* A.cpp */; };
		7880019920BBB3F80040C5AB /* kingdom.cpp in Sources */ = {isa = PBXBuildFile; fileRef = 7880019820BBB3F80040C5AB /* kingdom.cpp */; };
/* End PBXBuildFile section */

/* Begin PBXCopyFilesBuildPhase section */
		7880018820BBB3070040C5AB /* CopyFiles */ = {
			isa = PBXCopyFilesBuildPhase;
			buildActionMask = 2147483647;
			dstPath = /usr/share/man/man1/;
			dstSubfolderSpec = 0;
			files = (
			);
			runOnlyForDeploymentPostprocessing = 1;
		};
/* End PBXCopyFilesBuildPhase section */

/* Begin PBXFileReference section */
		782C79AD20C4FA76008AA6C4 /* 15788.cpp */ = {isa = PBXFileReference; lastKnownFileType = sourcecode.cpp.cpp; path = 15788.cpp; sourceTree = "<group>"; usesTabs = 0; };
		7880018A20BBB3070040C5AB /* 2018_IUPC */ = {isa = PBXFileReference; explicitFileType = "compiled.mach-o.executable"; includeInIndex = 0; path = 2018_IUPC; sourceTree = BUILT_PRODUCTS_DIR; };
		7880018D20BBB3070040C5AB /* B.cpp */ = {isa = PBXFileReference; lastKnownFileType = sourcecode.cpp.cpp; path = B.cpp; sourceTree = "<group>"; };
		7880019420BBB3A90040C5AB /* AngryJinseo.cpp */ = {isa = PBXFileReference; lastKnownFileType = sourcecode.cpp.cpp; path = AngryJinseo.cpp; sourceTree = "<group>"; };
		7880019620BBB3C50040C5AB /* A.cpp */ = {isa = PBXFileReference; lastKnownFileType = sourcecode.cpp.cpp; path = A.cpp; sourceTree = "<group>"; };
		7880019820BBB3F80040C5AB /* kingdom.cpp */ = {isa = PBXFileReference; lastKnownFileType = sourcecode.cpp.cpp; path = kingdom.cpp; sourceTree = "<group>"; };
/* End PBXFileReference section */

/* Begin PBXFrameworksBuildPhase section */
		7880018720BBB3070040C5AB /* Frameworks */ = {
			isa = PBXFrameworksBuildPhase;
			buildActionMask = 2147483647;
			files = (
			);
			runOnlyForDeploymentPostprocessing = 0;
		};
/* End PBXFrameworksBuildPhase section */

/* Begin PBXGroup section */
		7880018120BBB3070040C5AB = {
			isa = PBXGroup;
			children = (
				7880018C20BBB3070040C5AB /* 2018_IUPC */,
				7880018B20BBB3070040C5AB /* Products */,
			);
			sourceTree = "<group>";
		};
		7880018B20BBB3070040C5AB /* Products */ = {
			isa = PBXGroup;
			children = (
				7880018A20BBB3070040C5AB /* 2018_IUPC */,
			);
			name = Products;
			sourceTree = "<group>";
		};
		7880018C20BBB3070040C5AB /* 2018_IUPC */ = {
			isa = PBXGroup;
			children = (
				7880018D20BBB3070040C5AB /* B.cpp */,
				7880019620BBB3C50040C5AB /* A.cpp */,
				7880019820BBB3F80040C5AB /* kingdom.cpp */,
				7880019420BBB3A90040C5AB /* AngryJinseo.cpp */,
				782C79AD20C4FA76008AA6C4 /* 15788.cpp */,
			);
			path = 2018_IUPC;
			sourceTree = "<group>";
		};
/* End PBXGroup section */

/* Begin PBXNativeTarget section */
		7880018920BBB3070040C5AB /* 2018_IUPC */ = {
			isa = PBXNativeTarget;
			buildConfigurationList = 7880019120BBB3070040C5AB /* Build configuration list for PBXNativeTarget "2018_IUPC" */;
			buildPhases = (
				7880018620BBB3070040C5AB /* Sources */,
				7880018720BBB3070040C5AB /* Frameworks */,
				7880018820BBB3070040C5AB /* CopyFiles */,
			);
			buildRules = (
			);
			dependencies = (
			);
			name = 2018_IUPC;
			productName = 2018_IUPC;
			productReference = 7880018A20BBB3070040C5AB /* 2018_IUPC */;
			productType = "com.apple.product-type.tool";
		};
/* End PBXNativeTarget section */

/* Begin PBXProject section */
		7880018220BBB3070040C5AB /* Project object */ = {
			isa = PBXProject;
			attributes = {
				LastUpgradeCheck = 0920;
				ORGANIZATIONNAME = Hoon;
				TargetAttributes = {
					7880018920BBB3070040C5AB = {
						CreatedOnToolsVersion = 9.2;
						ProvisioningStyle = Automatic;
					};
				};
			};
			buildConfigurationList = 7880018520BBB3070040C5AB /* Build configuration list for PBXProject "2018_IUPC" */;
			compatibilityVersion = "Xcode 8.0";
			developmentRegion = en;
			hasScannedForEncodings = 0;
			knownRegions = (
				en,
			);
			mainGroup = 7880018120BBB3070040C5AB;
			productRefGroup = 7880018B20BBB3070040C5AB /* Products */;
			projectDirPath = "";
			projectRoot = "";
			targets = (
				7880018920BBB3070040C5AB /* 2018_IUPC */,
			);
		};
/* End PBXProject section */

/* Begin PBXSourcesBuildPhase section */
		7880018620BBB3070040C5AB /* Sources */ = {
			isa = PBXSourcesBuildPhase;
			buildActionMask = 2147483647;
			files = (
				7880019720BBB3C50040C5AB /* A.cpp in Sources */,
				7880019920BBB3F80040C5AB /* kingdom.cpp in Sources */,
				782C79AE20C4FA76008AA6C4 /* 15788.cpp in Sources */,
				7880018E20BBB3070040C5AB /* B.cpp in Sources */,
				7880019520BBB3A90040C5AB /* AngryJinseo.cpp in Sources */,
			);
			runOnlyForDeploymentPostprocessing = 0;
		};
/* End PBXSourcesBuildPhase section */

/* Begin XCBuildConfiguration section */
		7880018F20BBB3070040C5AB /* Debug */ = {
			isa = XCBuildConfiguration;
			buildSettings = {
				ALWAYS_SEARCH_USER_PATHS = NO;
				CLANG_ANALYZER_NONNULL = YES;
				CLANG_ANALYZER_NUMBER_OBJECT_CONVERSION = YES_AGGRESSIVE;
				CLANG_CXX_LANGUAGE_STANDARD = "gnu++14";
				CLANG_CXX_LIBRARY = "libc++";
				CLANG_ENABLE_MODULES = YES;
				CLANG_ENABLE_OBJC_ARC = YES;
				CLANG_WARN_BLOCK_CAPTURE_AUTORELEASING = YES;
				CLANG_WARN_BOOL_CONVERSION = YES;
				CLANG_WARN_COMMA = YES;
				CLANG_WARN_CONSTANT_CONVERSION = YES;
				CLANG_WARN_DIRECT_OBJC_ISA_USAGE = YES_ERROR;
				CLANG_WARN_DOCUMENTATION_COMMENTS = YES;
				CLANG_WARN_EMPTY_BODY = YES;
				CLANG_WARN_ENUM_CONVERSION = YES;
				CLANG_WARN_INFINITE_RECURSION = YES;
				CLANG_WARN_INT_CONVERSION = YES;
				CLANG_WARN_NON_LITERAL_NULL_CONVERSION = YES;
				CLANG_WARN_OBJC_LITERAL_CONVERSION = YES;
				CLANG_WARN_OBJC_ROOT_CLASS = YES_ERROR;
				CLANG_WARN_RANGE_LOOP_ANALYSIS = YES;
				CLANG_WARN_STRICT_PROTOTYPES = YES;
				CLANG_WARN_SUSPICIOUS_MOVE = YES;
				CLANG_WARN_UNGUARDED_AVAILABILITY = YES_AGGRESSIVE;
				CLANG_WARN_UNREACHABLE_CODE = YES;
				CLANG_WARN__DUPLICATE_METHOD_MATCH = YES;
				CODE_SIGN_IDENTITY = "-";
				COPY_PHASE_STRIP = NO;
				DEBUG_INFORMATION_FORMAT = dwarf;
				ENABLE_STRICT_OBJC_MSGSEND = YES;
				ENABLE_TESTABILITY = YES;
				GCC_C_LANGUAGE_STANDARD = gnu11;
				GCC_DYNAMIC_NO_PIC = NO;
				GCC_NO_COMMON_BLOCKS = YES;
				GCC_OPTIMIZATION_LEVEL = 0;
				GCC_PREPROCESSOR_DEFINITIONS = (
					"DEBUG=1",
					"$(inherited)",
				);
				GCC_WARN_64_TO_32_BIT_CONVERSION = YES;
				GCC_WARN_ABOUT_RETURN_TYPE = YES_ERROR;
				GCC_WARN_UNDECLARED_SELECTOR = YES;
				GCC_WARN_UNINITIALIZED_AUTOS = YES_AGGRESSIVE;
				GCC_WARN_UNUSED_FUNCTION = YES;
				GCC_WARN_UNUSED_VARIABLE = YES;
				MACOSX_DEPLOYMENT_TARGET = 10.12;
				MTL_ENABLE_DEBUG_INFO = YES;
				ONLY_ACTIVE_ARCH = YES;
				SDKROOT = macosx;
			};
			name = Debug;
		};
		7880019020BBB3070040C5AB /* Release */ = {
			isa = XCBuildConfiguration;
			buildSettings = {
				ALWAYS_SEARCH_USER_PATHS = NO;
				CLANG_ANALYZER_NONNULL = YES;
				CLANG_ANALYZER_NUMBER_OBJECT_CONVERSION = YES_AGGRESSIVE;
				CLANG_CXX_LANGUAGE_STANDARD = "gnu++14";
				CLANG_CXX_LIBRARY = "libc++";
				CLANG_ENABLE_MODULES = YES;
				CLANG_ENABLE_OBJC_ARC = YES;
				CLANG_WARN_BLOCK_CAPTURE_AUTORELEASING = YES;
				CLANG_WARN_BOOL_CONVERSION = YES;
				CLANG_WARN_COMMA = YES;
				CLANG_WARN_CONSTANT_CONVERSION = YES;
				CLANG_WARN_DIRECT_OBJC_ISA_USAGE = YES_ERROR;
				CLANG_WARN_DOCUMENTATION_COMMENTS = YES;
				CLANG_WARN_EMPTY_BODY = YES;
				CLANG_WARN_ENUM_CONVERSION = YES;
				CLANG_WARN_INFINITE_RECURSION = YES;
				CLANG_WARN_INT_CONVERSION = YES;
				CLANG_WARN_NON_LITERAL_NULL_CONVERSION = YES;
				CLANG_WARN_OBJC_LITERAL_CONVERSION = YES;
				CLANG_WARN_OBJC_ROOT_CLASS = YES_ERROR;
				CLANG_WARN_RANGE_LOOP_ANALYSIS = YES;
				CLANG_WARN_STRICT_PROTOTYPES = YES;
				CLANG_WARN_SUSPICIOUS_MOVE = YES;
				CLANG_WARN_UNGUARDED_AVAILABILITY = YES_AGGRESSIVE;
				CLANG_WARN_UNREACHABLE_CODE = YES;
				CLANG_WARN__DUPLICATE_METHOD_MATCH = YES;
				CODE_SIGN_IDENTITY = "-";
				COPY_PHASE_STRIP = NO;
				DEBUG_INFORMATION_FORMAT = "dwarf-with-dsym";
				ENABLE_NS_ASSERTIONS = NO;
				ENABLE_STRICT_OBJC_MSGSEND = YES;
				GCC_C_LANGUAGE_STANDARD = gnu11;
				GCC_NO_COMMON_BLOCKS = YES;
				GCC_WARN_64_TO_32_BIT_CONVERSION = YES;
				GCC_WARN_ABOUT_RETURN_TYPE = YES_ERROR;
				GCC_WARN_UNDECLARED_SELECTOR = YES;
				GCC_WARN_UNINITIALIZED_AUTOS = YES_AGGRESSIVE;
				GCC_WARN_UNUSED_FUNCTION = YES;
				GCC_WARN_UNUSED_VARIABLE = YES;
				MACOSX_DEPLOYMENT_TARGET = 10.12;
				MTL_ENABLE_DEBUG_INFO = NO;
				SDKROOT = macosx;
			};
			name = Release;
		};
		7880019220BBB3070040C5AB /* Debug */ = {
			isa = XCBuildConfiguration;
			buildSettings = {
				CODE_SIGN_STYLE = Automatic;
				PRODUCT_NAME = "$(TARGET_NAME)";
			};
			name = Debug;
		};
		7880019320BBB3070040C5AB /* Release */ = {
			isa = XCBuildConfiguration;
			buildSettings = {
				CODE_SIGN_STYLE = Automatic;
				PRODUCT_NAME = "$(TARGET_NAME)";
			};
			name = Release;
		};
/* End XCBuildConfiguration section */

/* Begin XCConfigurationList section */
		7880018520BBB3070040C5AB /* Build configuration list for PBXProject "2018_IUPC" */ = {
			isa = XCConfigurationList;
			buildConfigurations = (
				7880018F20BBB3070040C5AB /* Debug */,
				7880019020BBB3070040C5AB /* Release */,
			);
			defaultConfigurationIsVisible = 0;
			defaultConfigurationName = Release;
		};
		7880019120BBB3070040C5AB /* Build configuration list for PBXNativeTarget "2018_IUPC" */ = {
			isa = XCConfigurationList;
			buildConfigurations = (
				7880019220BBB3070040C5AB /* Debug */,
				7880019320BBB3070040C5AB /* Release */,
			);
			defaultConfigurationIsVisible = 0;
			defaultConfigurationName = Release;
		};
/* End XCConfigurationList section */
	};
	rootObject = 7880018220BBB3070040C5AB /* Project object */;
}
