// !$*UTF8*$!
{
	archiveVersion = 1;
	classes = {
	};
	objectVersion = 48;
	objects = {

/* Begin PBXBuildFile section */
		7818DEAF20B5ACE4002B8207 /* 1182.cpp in Sources */ = {isa = PBXBuildFile; fileRef = 7818DEAE20B5ACE4002B8207 /* 1182.cpp */; };
		784A47DA20AC536700129200 /* 3085.cpp in Sources */ = {isa = PBXBuildFile; fileRef = 784A47D920AC536700129200 /* 3085.cpp */; };
		78616A4820AAEF4300344FB4 /* 2309.cpp in Sources */ = {isa = PBXBuildFile; fileRef = 78616A4720AAEF4300344FB4 /* 2309.cpp */; };
		78616A5020AAFA4000344FB4 /* 2231.cpp in Sources */ = {isa = PBXBuildFile; fileRef = 78616A4E20AAFA4000344FB4 /* 2231.cpp */; };
		787A16EB20B4558D00AAE27B /* 10448.cpp in Sources */ = {isa = PBXBuildFile; fileRef = 787A16EA20B4558D00AAE27B /* 10448.cpp */; };
		787A16ED20B592A200AAE27B /* 1018.cpp in Sources */ = {isa = PBXBuildFile; fileRef = 787A16EC20B592A200AAE27B /* 1018.cpp */; };
		78EE01E120CBF69700BE6BF6 /* 5014.cpp in Sources */ = {isa = PBXBuildFile; fileRef = 78EE01E020CBF69700BE6BF6 /* 5014.cpp */; };
		78EE01E320CBFD1400BE6BF6 /* 2667.cpp in Sources */ = {isa = PBXBuildFile; fileRef = 78EE01E220CBFD1400BE6BF6 /* 2667.cpp */; };
		78EE01E520CC00AF00BE6BF6 /* 2953.cpp in Sources */ = {isa = PBXBuildFile; fileRef = 78EE01E420CC00AF00BE6BF6 /* 2953.cpp */; };
/* End PBXBuildFile section */

/* Begin PBXCopyFilesBuildPhase section */
		78616A4220AAEF4300344FB4 /* CopyFiles */ = {
			isa = PBXCopyFilesBuildPhase;
			buildActionMask = 2147483647;
			dstPath = /usr/share/man/man1/;
			dstSubfolderSpec = 0;
			files = (
			);
			runOnlyForDeploymentPostprocessing = 1;
		};
/* End PBXCopyFilesBuildPhase section */

/* Begin PBXFileReference section */
		7818DEAE20B5ACE4002B8207 /* 1182.cpp */ = {isa = PBXFileReference; lastKnownFileType = sourcecode.cpp.cpp; path = 1182.cpp; sourceTree = "<group>"; };
		784A47D920AC536700129200 /* 3085.cpp */ = {isa = PBXFileReference; lastKnownFileType = sourcecode.cpp.cpp; path = 3085.cpp; sourceTree = "<group>"; };
		78616A4420AAEF4300344FB4 /* 11week */ = {isa = PBXFileReference; explicitFileType = "compiled.mach-o.executable"; includeInIndex = 0; path = 11week; sourceTree = BUILT_PRODUCTS_DIR; };
		78616A4720AAEF4300344FB4 /* 2309.cpp */ = {isa = PBXFileReference; lastKnownFileType = sourcecode.cpp.cpp; path = 2309.cpp; sourceTree = "<group>"; };
		78616A4E20AAFA4000344FB4 /* 2231.cpp */ = {isa = PBXFileReference; lastKnownFileType = sourcecode.cpp.cpp; path = 2231.cpp; sourceTree = "<group>"; };
		787A16EA20B4558D00AAE27B /* 10448.cpp */ = {isa = PBXFileReference; lastKnownFileType = sourcecode.cpp.cpp; path = 10448.cpp; sourceTree = "<group>"; };
		787A16EC20B592A200AAE27B /* 1018.cpp */ = {isa = PBXFileReference; lastKnownFileType = sourcecode.cpp.cpp; path = 1018.cpp; sourceTree = "<group>"; };
		78EE01E020CBF69700BE6BF6 /* 5014.cpp */ = {isa = PBXFileReference; lastKnownFileType = sourcecode.cpp.cpp; path = 5014.cpp; sourceTree = "<group>"; };
		78EE01E220CBFD1400BE6BF6 /* 2667.cpp */ = {isa = PBXFileReference; lastKnownFileType = sourcecode.cpp.cpp; path = 2667.cpp; sourceTree = "<group>"; };
		78EE01E420CC00AF00BE6BF6 /* 2953.cpp */ = {isa = PBXFileReference; lastKnownFileType = sourcecode.cpp.cpp; path = 2953.cpp; sourceTree = "<group>"; };
/* End PBXFileReference section */

/* Begin PBXFrameworksBuildPhase section */
		78616A4120AAEF4300344FB4 /* Frameworks */ = {
			isa = PBXFrameworksBuildPhase;
			buildActionMask = 2147483647;
			files = (
			);
			runOnlyForDeploymentPostprocessing = 0;
		};
/* End PBXFrameworksBuildPhase section */

/* Begin PBXGroup section */
		78616A3B20AAEF4300344FB4 = {
			isa = PBXGroup;
			children = (
				78616A4620AAEF4300344FB4 /* 11week */,
				78616A4520AAEF4300344FB4 /* Products */,
			);
			sourceTree = "<group>";
		};
		78616A4520AAEF4300344FB4 /* Products */ = {
			isa = PBXGroup;
			children = (
				78616A4420AAEF4300344FB4 /* 11week */,
			);
			name = Products;
			sourceTree = "<group>";
		};
		78616A4620AAEF4300344FB4 /* 11week */ = {
			isa = PBXGroup;
			children = (
				78616A4720AAEF4300344FB4 /* 2309.cpp */,
				78616A4E20AAFA4000344FB4 /* 2231.cpp */,
				784A47D920AC536700129200 /* 3085.cpp */,
				787A16EA20B4558D00AAE27B /* 10448.cpp */,
				787A16EC20B592A200AAE27B /* 1018.cpp */,
				78EE01E020CBF69700BE6BF6 /* 5014.cpp */,
				78EE01E220CBFD1400BE6BF6 /* 2667.cpp */,
				78EE01E420CC00AF00BE6BF6 /* 2953.cpp */,
				7818DEAE20B5ACE4002B8207 /* 1182.cpp */,
			);
			path = 11week;
			sourceTree = "<group>";
		};
/* End PBXGroup section */

/* Begin PBXNativeTarget section */
		78616A4320AAEF4300344FB4 /* 11week */ = {
			isa = PBXNativeTarget;
			buildConfigurationList = 78616A4B20AAEF4300344FB4 /* Build configuration list for PBXNativeTarget "11week" */;
			buildPhases = (
				78616A4020AAEF4300344FB4 /* Sources */,
				78616A4120AAEF4300344FB4 /* Frameworks */,
				78616A4220AAEF4300344FB4 /* CopyFiles */,
			);
			buildRules = (
			);
			dependencies = (
			);
			name = 11week;
			productName = 11week;
			productReference = 78616A4420AAEF4300344FB4 /* 11week */;
			productType = "com.apple.product-type.tool";
		};
/* End PBXNativeTarget section */

/* Begin PBXProject section */
		78616A3C20AAEF4300344FB4 /* Project object */ = {
			isa = PBXProject;
			attributes = {
				LastUpgradeCheck = 0920;
				ORGANIZATIONNAME = Hoon;
				TargetAttributes = {
					78616A4320AAEF4300344FB4 = {
						CreatedOnToolsVersion = 9.2;
						ProvisioningStyle = Automatic;
					};
				};
			};
			buildConfigurationList = 78616A3F20AAEF4300344FB4 /* Build configuration list for PBXProject "11week" */;
			compatibilityVersion = "Xcode 8.0";
			developmentRegion = en;
			hasScannedForEncodings = 0;
			knownRegions = (
				en,
			);
			mainGroup = 78616A3B20AAEF4300344FB4;
			productRefGroup = 78616A4520AAEF4300344FB4 /* Products */;
			projectDirPath = "";
			projectRoot = "";
			targets = (
				78616A4320AAEF4300344FB4 /* 11week */,
			);
		};
/* End PBXProject section */

/* Begin PBXSourcesBuildPhase section */
		78616A4020AAEF4300344FB4 /* Sources */ = {
			isa = PBXSourcesBuildPhase;
			buildActionMask = 2147483647;
			files = (
				78EE01E520CC00AF00BE6BF6 /* 2953.cpp in Sources */,
				784A47DA20AC536700129200 /* 3085.cpp in Sources */,
				78616A4820AAEF4300344FB4 /* 2309.cpp in Sources */,
				78616A5020AAFA4000344FB4 /* 2231.cpp in Sources */,
				7818DEAF20B5ACE4002B8207 /* 1182.cpp in Sources */,
				787A16EB20B4558D00AAE27B /* 10448.cpp in Sources */,
				78EE01E120CBF69700BE6BF6 /* 5014.cpp in Sources */,
				78EE01E320CBFD1400BE6BF6 /* 2667.cpp in Sources */,
				787A16ED20B592A200AAE27B /* 1018.cpp in Sources */,
			);
			runOnlyForDeploymentPostprocessing = 0;
		};
/* End PBXSourcesBuildPhase section */

/* Begin XCBuildConfiguration section */
		78616A4920AAEF4300344FB4 /* Debug */ = {
			isa = XCBuildConfiguration;
			buildSettings = {
				ALWAYS_SEARCH_USER_PATHS = NO;
				CLANG_ANALYZER_NONNULL = YES;
				CLANG_ANALYZER_NUMBER_OBJECT_CONVERSION = YES_AGGRESSIVE;
				CLANG_CXX_LANGUAGE_STANDARD = "gnu++14";
				CLANG_CXX_LIBRARY = "libc++";
				CLANG_ENABLE_MODULES = YES;
				CLANG_ENABLE_OBJC_ARC = YES;
				CLANG_WARN_BLOCK_CAPTURE_AUTORELEASING = YES;
				CLANG_WARN_BOOL_CONVERSION = YES;
				CLANG_WARN_COMMA = YES;
				CLANG_WARN_CONSTANT_CONVERSION = YES;
				CLANG_WARN_DIRECT_OBJC_ISA_USAGE = YES_ERROR;
				CLANG_WARN_DOCUMENTATION_COMMENTS = YES;
				CLANG_WARN_EMPTY_BODY = YES;
				CLANG_WARN_ENUM_CONVERSION = YES;
				CLANG_WARN_INFINITE_RECURSION = YES;
				CLANG_WARN_INT_CONVERSION = YES;
				CLANG_WARN_NON_LITERAL_NULL_CONVERSION = YES;
				CLANG_WARN_OBJC_LITERAL_CONVERSION = YES;
				CLANG_WARN_OBJC_ROOT_CLASS = YES_ERROR;
				CLANG_WARN_RANGE_LOOP_ANALYSIS = YES;
				CLANG_WARN_STRICT_PROTOTYPES = YES;
				CLANG_WARN_SUSPICIOUS_MOVE = YES;
				CLANG_WARN_UNGUARDED_AVAILABILITY = YES_AGGRESSIVE;
				CLANG_WARN_UNREACHABLE_CODE = YES;
				CLANG_WARN__DUPLICATE_METHOD_MATCH = YES;
				CODE_SIGN_IDENTITY = "-";
				COPY_PHASE_STRIP = NO;
				DEBUG_INFORMATION_FORMAT = dwarf;
				ENABLE_STRICT_OBJC_MSGSEND = YES;
				ENABLE_TESTABILITY = YES;
				GCC_C_LANGUAGE_STANDARD = gnu11;
				GCC_DYNAMIC_NO_PIC = NO;
				GCC_NO_COMMON_BLOCKS = YES;
				GCC_OPTIMIZATION_LEVEL = 0;
				GCC_PREPROCESSOR_DEFINITIONS = (
					"DEBUG=1",
					"$(inherited)",
				);
				GCC_WARN_64_TO_32_BIT_CONVERSION = YES;
				GCC_WARN_ABOUT_RETURN_TYPE = YES_ERROR;
				GCC_WARN_UNDECLARED_SELECTOR = YES;
				GCC_WARN_UNINITIALIZED_AUTOS = YES_AGGRESSIVE;
				GCC_WARN_UNUSED_FUNCTION = YES;
				GCC_WARN_UNUSED_VARIABLE = YES;
				MACOSX_DEPLOYMENT_TARGET = 10.12;
				MTL_ENABLE_DEBUG_INFO = YES;
				ONLY_ACTIVE_ARCH = YES;
				SDKROOT = macosx;
			};
			name = Debug;
		};
		78616A4A20AAEF4300344FB4 /* Release */ = {
			isa = XCBuildConfiguration;
			buildSettings = {
				ALWAYS_SEARCH_USER_PATHS = NO;
				CLANG_ANALYZER_NONNULL = YES;
				CLANG_ANALYZER_NUMBER_OBJECT_CONVERSION = YES_AGGRESSIVE;
				CLANG_CXX_LANGUAGE_STANDARD = "gnu++14";
				CLANG_CXX_LIBRARY = "libc++";
				CLANG_ENABLE_MODULES = YES;
				CLANG_ENABLE_OBJC_ARC = YES;
				CLANG_WARN_BLOCK_CAPTURE_AUTORELEASING = YES;
				CLANG_WARN_BOOL_CONVERSION = YES;
				CLANG_WARN_COMMA = YES;
				CLANG_WARN_CONSTANT_CONVERSION = YES;
				CLANG_WARN_DIRECT_OBJC_ISA_USAGE = YES_ERROR;
				CLANG_WARN_DOCUMENTATION_COMMENTS = YES;
				CLANG_WARN_EMPTY_BODY = YES;
				CLANG_WARN_ENUM_CONVERSION = YES;
				CLANG_WARN_INFINITE_RECURSION = YES;
				CLANG_WARN_INT_CONVERSION = YES;
				CLANG_WARN_NON_LITERAL_NULL_CONVERSION = YES;
				CLANG_WARN_OBJC_LITERAL_CONVERSION = YES;
				CLANG_WARN_OBJC_ROOT_CLASS = YES_ERROR;
				CLANG_WARN_RANGE_LOOP_ANALYSIS = YES;
				CLANG_WARN_STRICT_PROTOTYPES = YES;
				CLANG_WARN_SUSPICIOUS_MOVE = YES;
				CLANG_WARN_UNGUARDED_AVAILABILITY = YES_AGGRESSIVE;
				CLANG_WARN_UNREACHABLE_CODE = YES;
				CLANG_WARN__DUPLICATE_METHOD_MATCH = YES;
				CODE_SIGN_IDENTITY = "-";
				COPY_PHASE_STRIP = NO;
				DEBUG_INFORMATION_FORMAT = "dwarf-with-dsym";
				ENABLE_NS_ASSERTIONS = NO;
				ENABLE_STRICT_OBJC_MSGSEND = YES;
				GCC_C_LANGUAGE_STANDARD = gnu11;
				GCC_NO_COMMON_BLOCKS = YES;
				GCC_WARN_64_TO_32_BIT_CONVERSION = YES;
				GCC_WARN_ABOUT_RETURN_TYPE = YES_ERROR;
				GCC_WARN_UNDECLARED_SELECTOR = YES;
				GCC_WARN_UNINITIALIZED_AUTOS = YES_AGGRESSIVE;
				GCC_WARN_UNUSED_FUNCTION = YES;
				GCC_WARN_UNUSED_VARIABLE = YES;
				MACOSX_DEPLOYMENT_TARGET = 10.12;
				MTL_ENABLE_DEBUG_INFO = NO;
				SDKROOT = macosx;
			};
			name = Release;
		};
		78616A4C20AAEF4300344FB4 /* Debug */ = {
			isa = XCBuildConfiguration;
			buildSettings = {
				CODE_SIGN_STYLE = Automatic;
				PRODUCT_NAME = "$(TARGET_NAME)";
			};
			name = Debug;
		};
		78616A4D20AAEF4300344FB4 /* Release */ = {
			isa = XCBuildConfiguration;
			buildSettings = {
				CODE_SIGN_STYLE = Automatic;
				PRODUCT_NAME = "$(TARGET_NAME)";
			};
			name = Release;
		};
/* End XCBuildConfiguration section */

/* Begin XCConfigurationList section */
		78616A3F20AAEF4300344FB4 /* Build configuration list for PBXProject "11week" */ = {
			isa = XCConfigurationList;
			buildConfigurations = (
				78616A4920AAEF4300344FB4 /* Debug */,
				78616A4A20AAEF4300344FB4 /* Release */,
			);
			defaultConfigurationIsVisible = 0;
			defaultConfigurationName = Release;
		};
		78616A4B20AAEF4300344FB4 /* Build configuration list for PBXNativeTarget "11week" */ = {
			isa = XCConfigurationList;
			buildConfigurations = (
				78616A4C20AAEF4300344FB4 /* Debug */,
				78616A4D20AAEF4300344FB4 /* Release */,
			);
			defaultConfigurationIsVisible = 0;
			defaultConfigurationName = Release;
		};
/* End XCConfigurationList section */
	};
	rootObject = 78616A3C20AAEF4300344FB4 /* Project object */;
}
