// !$*UTF8*$!
{
	archiveVersion = 1;
	classes = {
	};
	objectVersion = 48;
	objects = {

/* Begin PBXBuildFile section */
		780FA31420F36C75005CEB2A /* 9421.cpp in Sources */ = {isa = PBXBuildFile; fileRef = 780FA31320F36C75005CEB2A /* 9421.cpp */; };
		780FA31620F37476005CEB2A /* 1644.cpp in Sources */ = {isa = PBXBuildFile; fileRef = 780FA31520F37476005CEB2A /* 1644.cpp */; };
		7837756A20F35DCD00ABA991 /* 11659.cpp in Sources */ = {isa = PBXBuildFile; fileRef = 7837756920F35DCD00ABA991 /* 11659.cpp */; };
		7837757120F3618D00ABA991 /* 2609.cpp in Sources */ = {isa = PBXBuildFile; fileRef = 7837757020F3618D00ABA991 /* 2609.cpp */; };
		7837757320F365A800ABA991 /* 3896.cpp in Sources */ = {isa = PBXBuildFile; fileRef = 7837757220F365A800ABA991 /* 3896.cpp */; };
		788BE27720F37F4900F7A100 /* 11050.cpp in Sources */ = {isa = PBXBuildFile; fileRef = 788BE27620F37F4900F7A100 /* 11050.cpp */; };
		788BE27920F3808300F7A100 /* 11051.cpp in Sources */ = {isa = PBXBuildFile; fileRef = 788BE27820F3808300F7A100 /* 11051.cpp */; };
		788BE27B20F39C5900F7A100 /* 11401.cpp in Sources */ = {isa = PBXBuildFile; fileRef = 788BE27A20F39C5900F7A100 /* 11401.cpp */; };
		788BE27D20F4D61800F7A100 /* 1188.cpp in Sources */ = {isa = PBXBuildFile; fileRef = 788BE27C20F4D61800F7A100 /* 1188.cpp */; };
/* End PBXBuildFile section */

/* Begin PBXCopyFilesBuildPhase section */
		7837756420F35DCD00ABA991 /* CopyFiles */ = {
			isa = PBXCopyFilesBuildPhase;
			buildActionMask = 2147483647;
			dstPath = /usr/share/man/man1/;
			dstSubfolderSpec = 0;
			files = (
			);
			runOnlyForDeploymentPostprocessing = 1;
		};
/* End PBXCopyFilesBuildPhase section */

/* Begin PBXFileReference section */
		780FA31320F36C75005CEB2A /* 9421.cpp */ = {isa = PBXFileReference; lastKnownFileType = sourcecode.cpp.cpp; path = 9421.cpp; sourceTree = "<group>"; };
		780FA31520F37476005CEB2A /* 1644.cpp */ = {isa = PBXFileReference; lastKnownFileType = sourcecode.cpp.cpp; path = 1644.cpp; sourceTree = "<group>"; };
		7837756620F35DCD00ABA991 /* summer_week2 */ = {isa = PBXFileReference; explicitFileType = "compiled.mach-o.executable"; includeInIndex = 0; path = summer_week2; sourceTree = BUILT_PRODUCTS_DIR; };
		7837756920F35DCD00ABA991 /* 11659.cpp */ = {isa = PBXFileReference; lastKnownFileType = sourcecode.cpp.cpp; path = 11659.cpp; sourceTree = "<group>"; };
		7837757020F3618D00ABA991 /* 2609.cpp */ = {isa = PBXFileReference; lastKnownFileType = sourcecode.cpp.cpp; path = 2609.cpp; sourceTree = "<group>"; };
		7837757220F365A800ABA991 /* 3896.cpp */ = {isa = PBXFileReference; lastKnownFileType = sourcecode.cpp.cpp; path = 3896.cpp; sourceTree = "<group>"; };
		788BE27620F37F4900F7A100 /* 11050.cpp */ = {isa = PBXFileReference; lastKnownFileType = sourcecode.cpp.cpp; path = 11050.cpp; sourceTree = "<group>"; };
		788BE27820F3808300F7A100 /* 11051.cpp */ = {isa = PBXFileReference; lastKnownFileType = sourcecode.cpp.cpp; path = 11051.cpp; sourceTree = "<group>"; };
		788BE27A20F39C5900F7A100 /* 11401.cpp */ = {isa = PBXFileReference; lastKnownFileType = sourcecode.cpp.cpp; path = 11401.cpp; sourceTree = "<group>"; };
		788BE27C20F4D61800F7A100 /* 1188.cpp */ = {isa = PBXFileReference; lastKnownFileType = sourcecode.cpp.cpp; path = 1188.cpp; sourceTree = "<group>"; };
/* End PBXFileReference section */

/* Begin PBXFrameworksBuildPhase section */
		7837756320F35DCD00ABA991 /* Frameworks */ = {
			isa = PBXFrameworksBuildPhase;
			buildActionMask = 2147483647;
			files = (
			);
			runOnlyForDeploymentPostprocessing = 0;
		};
/* End PBXFrameworksBuildPhase section */

/* Begin PBXGroup section */
		7837755D20F35DCD00ABA991 = {
			isa = PBXGroup;
			children = (
				7837756820F35DCD00ABA991 /* summer_week2 */,
				7837756720F35DCD00ABA991 /* Products */,
			);
			sourceTree = "<group>";
		};
		7837756720F35DCD00ABA991 /* Products */ = {
			isa = PBXGroup;
			children = (
				7837756620F35DCD00ABA991 /* summer_week2 */,
			);
			name = Products;
			sourceTree = "<group>";
		};
		7837756820F35DCD00ABA991 /* summer_week2 */ = {
			isa = PBXGroup;
			children = (
				7837756920F35DCD00ABA991 /* 11659.cpp */,
				7837757020F3618D00ABA991 /* 2609.cpp */,
				7837757220F365A800ABA991 /* 3896.cpp */,
				780FA31520F37476005CEB2A /* 1644.cpp */,
				780FA31320F36C75005CEB2A /* 9421.cpp */,
				788BE27620F37F4900F7A100 /* 11050.cpp */,
				788BE27820F3808300F7A100 /* 11051.cpp */,
				788BE27A20F39C5900F7A100 /* 11401.cpp */,
				788BE27C20F4D61800F7A100 /* 1188.cpp */,
			);
			path = summer_week2;
			sourceTree = "<group>";
		};
/* End PBXGroup section */

/* Begin PBXNativeTarget section */
		7837756520F35DCD00ABA991 /* summer_week2 */ = {
			isa = PBXNativeTarget;
			buildConfigurationList = 7837756D20F35DCD00ABA991 /* Build configuration list for PBXNativeTarget "summer_week2" */;
			buildPhases = (
				7837756220F35DCD00ABA991 /* Sources */,
				7837756320F35DCD00ABA991 /* Frameworks */,
				7837756420F35DCD00ABA991 /* CopyFiles */,
			);
			buildRules = (
			);
			dependencies = (
			);
			name = summer_week2;
			productName = summer_week2;
			productReference = 7837756620F35DCD00ABA991 /* summer_week2 */;
			productType = "com.apple.product-type.tool";
		};
/* End PBXNativeTarget section */

/* Begin PBXProject section */
		7837755E20F35DCD00ABA991 /* Project object */ = {
			isa = PBXProject;
			attributes = {
				LastUpgradeCheck = 0920;
				ORGANIZATIONNAME = Hoon;
				TargetAttributes = {
					7837756520F35DCD00ABA991 = {
						CreatedOnToolsVersion = 9.2;
						ProvisioningStyle = Automatic;
					};
				};
			};
			buildConfigurationList = 7837756120F35DCD00ABA991 /* Build configuration list for PBXProject "summer_week2" */;
			compatibilityVersion = "Xcode 8.0";
			developmentRegion = en;
			hasScannedForEncodings = 0;
			knownRegions = (
				en,
			);
			mainGroup = 7837755D20F35DCD00ABA991;
			productRefGroup = 7837756720F35DCD00ABA991 /* Products */;
			projectDirPath = "";
			projectRoot = "";
			targets = (
				7837756520F35DCD00ABA991 /* summer_week2 */,
			);
		};
/* End PBXProject section */

/* Begin PBXSourcesBuildPhase section */
		7837756220F35DCD00ABA991 /* Sources */ = {
			isa = PBXSourcesBuildPhase;
			buildActionMask = 2147483647;
			files = (
				788BE27D20F4D61800F7A100 /* 1188.cpp in Sources */,
				7837757320F365A800ABA991 /* 3896.cpp in Sources */,
				788BE27B20F39C5900F7A100 /* 11401.cpp in Sources */,
				788BE27720F37F4900F7A100 /* 11050.cpp in Sources */,
				780FA31420F36C75005CEB2A /* 9421.cpp in Sources */,
				7837757120F3618D00ABA991 /* 2609.cpp in Sources */,
				7837756A20F35DCD00ABA991 /* 11659.cpp in Sources */,
				788BE27920F3808300F7A100 /* 11051.cpp in Sources */,
				780FA31620F37476005CEB2A /* 1644.cpp in Sources */,
			);
			runOnlyForDeploymentPostprocessing = 0;
		};
/* End PBXSourcesBuildPhase section */

/* Begin XCBuildConfiguration section */
		7837756B20F35DCD00ABA991 /* Debug */ = {
			isa = XCBuildConfiguration;
			buildSettings = {
				ALWAYS_SEARCH_USER_PATHS = NO;
				CLANG_ANALYZER_NONNULL = YES;
				CLANG_ANALYZER_NUMBER_OBJECT_CONVERSION = YES_AGGRESSIVE;
				CLANG_CXX_LANGUAGE_STANDARD = "gnu++14";
				CLANG_CXX_LIBRARY = "libc++";
				CLANG_ENABLE_MODULES = YES;
				CLANG_ENABLE_OBJC_ARC = YES;
				CLANG_WARN_BLOCK_CAPTURE_AUTORELEASING = YES;
				CLANG_WARN_BOOL_CONVERSION = YES;
				CLANG_WARN_COMMA = YES;
				CLANG_WARN_CONSTANT_CONVERSION = YES;
				CLANG_WARN_DIRECT_OBJC_ISA_USAGE = YES_ERROR;
				CLANG_WARN_DOCUMENTATION_COMMENTS = YES;
				CLANG_WARN_EMPTY_BODY = YES;
				CLANG_WARN_ENUM_CONVERSION = YES;
				CLANG_WARN_INFINITE_RECURSION = YES;
				CLANG_WARN_INT_CONVERSION = YES;
				CLANG_WARN_NON_LITERAL_NULL_CONVERSION = YES;
				CLANG_WARN_OBJC_LITERAL_CONVERSION = YES;
				CLANG_WARN_OBJC_ROOT_CLASS = YES_ERROR;
				CLANG_WARN_RANGE_LOOP_ANALYSIS = YES;
				CLANG_WARN_STRICT_PROTOTYPES = YES;
				CLANG_WARN_SUSPICIOUS_MOVE = YES;
				CLANG_WARN_UNGUARDED_AVAILABILITY = YES_AGGRESSIVE;
				CLANG_WARN_UNREACHABLE_CODE = YES;
				CLANG_WARN__DUPLICATE_METHOD_MATCH = YES;
				CODE_SIGN_IDENTITY = "-";
				COPY_PHASE_STRIP = NO;
				DEBUG_INFORMATION_FORMAT = dwarf;
				ENABLE_STRICT_OBJC_MSGSEND = YES;
				ENABLE_TESTABILITY = YES;
				GCC_C_LANGUAGE_STANDARD = gnu11;
				GCC_DYNAMIC_NO_PIC = NO;
				GCC_NO_COMMON_BLOCKS = YES;
				GCC_OPTIMIZATION_LEVEL = 0;
				GCC_PREPROCESSOR_DEFINITIONS = (
					"DEBUG=1",
					"$(inherited)",
				);
				GCC_WARN_64_TO_32_BIT_CONVERSION = YES;
				GCC_WARN_ABOUT_RETURN_TYPE = YES_ERROR;
				GCC_WARN_UNDECLARED_SELECTOR = YES;
				GCC_WARN_UNINITIALIZED_AUTOS = YES_AGGRESSIVE;
				GCC_WARN_UNUSED_FUNCTION = YES;
				GCC_WARN_UNUSED_VARIABLE = YES;
				MACOSX_DEPLOYMENT_TARGET = 10.12;
				MTL_ENABLE_DEBUG_INFO = YES;
				ONLY_ACTIVE_ARCH = YES;
				SDKROOT = macosx;
			};
			name = Debug;
		};
		7837756C20F35DCD00ABA991 /* Release */ = {
			isa = XCBuildConfiguration;
			buildSettings = {
				ALWAYS_SEARCH_USER_PATHS = NO;
				CLANG_ANALYZER_NONNULL = YES;
				CLANG_ANALYZER_NUMBER_OBJECT_CONVERSION = YES_AGGRESSIVE;
				CLANG_CXX_LANGUAGE_STANDARD = "gnu++14";
				CLANG_CXX_LIBRARY = "libc++";
				CLANG_ENABLE_MODULES = YES;
				CLANG_ENABLE_OBJC_ARC = YES;
				CLANG_WARN_BLOCK_CAPTURE_AUTORELEASING = YES;
				CLANG_WARN_BOOL_CONVERSION = YES;
				CLANG_WARN_COMMA = YES;
				CLANG_WARN_CONSTANT_CONVERSION = YES;
				CLANG_WARN_DIRECT_OBJC_ISA_USAGE = YES_ERROR;
				CLANG_WARN_DOCUMENTATION_COMMENTS = YES;
				CLANG_WARN_EMPTY_BODY = YES;
				CLANG_WARN_ENUM_CONVERSION = YES;
				CLANG_WARN_INFINITE_RECURSION = YES;
				CLANG_WARN_INT_CONVERSION = YES;
				CLANG_WARN_NON_LITERAL_NULL_CONVERSION = YES;
				CLANG_WARN_OBJC_LITERAL_CONVERSION = YES;
				CLANG_WARN_OBJC_ROOT_CLASS = YES_ERROR;
				CLANG_WARN_RANGE_LOOP_ANALYSIS = YES;
				CLANG_WARN_STRICT_PROTOTYPES = YES;
				CLANG_WARN_SUSPICIOUS_MOVE = YES;
				CLANG_WARN_UNGUARDED_AVAILABILITY = YES_AGGRESSIVE;
				CLANG_WARN_UNREACHABLE_CODE = YES;
				CLANG_WARN__DUPLICATE_METHOD_MATCH = YES;
				CODE_SIGN_IDENTITY = "-";
				COPY_PHASE_STRIP = NO;
				DEBUG_INFORMATION_FORMAT = "dwarf-with-dsym";
				ENABLE_NS_ASSERTIONS = NO;
				ENABLE_STRICT_OBJC_MSGSEND = YES;
				GCC_C_LANGUAGE_STANDARD = gnu11;
				GCC_NO_COMMON_BLOCKS = YES;
				GCC_WARN_64_TO_32_BIT_CONVERSION = YES;
				GCC_WARN_ABOUT_RETURN_TYPE = YES_ERROR;
				GCC_WARN_UNDECLARED_SELECTOR = YES;
				GCC_WARN_UNINITIALIZED_AUTOS = YES_AGGRESSIVE;
				GCC_WARN_UNUSED_FUNCTION = YES;
				GCC_WARN_UNUSED_VARIABLE = YES;
				MACOSX_DEPLOYMENT_TARGET = 10.12;
				MTL_ENABLE_DEBUG_INFO = NO;
				SDKROOT = macosx;
			};
			name = Release;
		};
		7837756E20F35DCD00ABA991 /* Debug */ = {
			isa = XCBuildConfiguration;
			buildSettings = {
				CODE_SIGN_STYLE = Automatic;
				PRODUCT_NAME = "$(TARGET_NAME)";
			};
			name = Debug;
		};
		7837756F20F35DCD00ABA991 /* Release */ = {
			isa = XCBuildConfiguration;
			buildSettings = {
				CODE_SIGN_STYLE = Automatic;
				PRODUCT_NAME = "$(TARGET_NAME)";
			};
			name = Release;
		};
/* End XCBuildConfiguration section */

/* Begin XCConfigurationList section */
		7837756120F35DCD00ABA991 /* Build configuration list for PBXProject "summer_week2" */ = {
			isa = XCConfigurationList;
			buildConfigurations = (
				7837756B20F35DCD00ABA991 /* Debug */,
				7837756C20F35DCD00ABA991 /* Release */,
			);
			defaultConfigurationIsVisible = 0;
			defaultConfigurationName = Release;
		};
		7837756D20F35DCD00ABA991 /* Build configuration list for PBXNativeTarget "summer_week2" */ = {
			isa = XCConfigurationList;
			buildConfigurations = (
				7837756E20F35DCD00ABA991 /* Debug */,
				7837756F20F35DCD00ABA991 /* Release */,
			);
			defaultConfigurationIsVisible = 0;
			defaultConfigurationName = Release;
		};
/* End XCConfigurationList section */
	};
	rootObject = 7837755E20F35DCD00ABA991 /* Project object */;
}
