// !$*UTF8*$!
{
	archiveVersion = 1;
	classes = {
	};
	objectVersion = 48;
	objects = {

/* Begin PBXBuildFile section */
		78616A1C20A5ABA800344FB4 /* 1717.cpp in Sources */ = {isa = PBXBuildFile; fileRef = 78616A1B20A5ABA800344FB4 /* 1717.cpp */; };
<<<<<<< HEAD
<<<<<<< HEAD
		78616A2320A5BE0E00344FB4 /* 1967.cpp in Sources */ = {isa = PBXBuildFile; fileRef = 78616A2220A5BE0E00344FB4 /* 1967.cpp */; };
		78616A3A20A9DCE800344FB4 /* 5639.cpp in Sources */ = {isa = PBXBuildFile; fileRef = 78616A3820A9DCE800344FB4 /* 5639.cpp */; };
		78EE01DD20CBEF9B00BE6BF6 /* 4256.cpp in Sources */ = {isa = PBXBuildFile; fileRef = 78EE01DC20CBEF9B00BE6BF6 /* 4256.cpp */; };
=======
		78616A2320A5BE0E00344FB4 /* 1976.cpp in Sources */ = {isa = PBXBuildFile; fileRef = 78616A2220A5BE0E00344FB4 /* 1976.cpp */; };
		78616A3A20A9DCE800344FB4 /* 5639.cpp in Sources */ = {isa = PBXBuildFile; fileRef = 78616A3820A9DCE800344FB4 /* 5639.cpp */; };
>>>>>>> 7b46f3b... 18.05.24
=======
		78616A2320A5BE0E00344FB4 /* 1967.cpp in Sources */ = {isa = PBXBuildFile; fileRef = 78616A2220A5BE0E00344FB4 /* 1967.cpp */; };
		78616A3A20A9DCE800344FB4 /* 5639.cpp in Sources */ = {isa = PBXBuildFile; fileRef = 78616A3820A9DCE800344FB4 /* 5639.cpp */; };
		78EE01DD20CBEF9B00BE6BF6 /* 4256.cpp in Sources */ = {isa = PBXBuildFile; fileRef = 78EE01DC20CBEF9B00BE6BF6 /* 4256.cpp */; };
>>>>>>> add185c... 18.07.06
/* End PBXBuildFile section */

/* Begin PBXCopyFilesBuildPhase section */
		78616A1620A5ABA800344FB4 /* CopyFiles */ = {
			isa = PBXCopyFilesBuildPhase;
			buildActionMask = 2147483647;
			dstPath = /usr/share/man/man1/;
			dstSubfolderSpec = 0;
			files = (
			);
			runOnlyForDeploymentPostprocessing = 1;
		};
/* End PBXCopyFilesBuildPhase section */

/* Begin PBXFileReference section */
		78616A1820A5ABA800344FB4 /* 10week-second */ = {isa = PBXFileReference; explicitFileType = "compiled.mach-o.executable"; includeInIndex = 0; path = "10week-second"; sourceTree = BUILT_PRODUCTS_DIR; };
		78616A1B20A5ABA800344FB4 /* 1717.cpp */ = {isa = PBXFileReference; lastKnownFileType = sourcecode.cpp.cpp; path = 1717.cpp; sourceTree = "<group>"; };
<<<<<<< HEAD
<<<<<<< HEAD
		78616A2220A5BE0E00344FB4 /* 1967.cpp */ = {isa = PBXFileReference; lastKnownFileType = sourcecode.cpp.cpp; path = 1967.cpp; sourceTree = "<group>"; };
		78616A3820A9DCE800344FB4 /* 5639.cpp */ = {isa = PBXFileReference; lastKnownFileType = sourcecode.cpp.cpp; path = 5639.cpp; sourceTree = "<group>"; };
		78EE01DC20CBEF9B00BE6BF6 /* 4256.cpp */ = {isa = PBXFileReference; lastKnownFileType = sourcecode.cpp.cpp; path = 4256.cpp; sourceTree = "<group>"; };
=======
		78616A2220A5BE0E00344FB4 /* 1976.cpp */ = {isa = PBXFileReference; lastKnownFileType = sourcecode.cpp.cpp; path = 1976.cpp; sourceTree = "<group>"; };
		78616A3820A9DCE800344FB4 /* 5639.cpp */ = {isa = PBXFileReference; lastKnownFileType = sourcecode.cpp.cpp; path = 5639.cpp; sourceTree = "<group>"; };
>>>>>>> 7b46f3b... 18.05.24
=======
		78616A2220A5BE0E00344FB4 /* 1967.cpp */ = {isa = PBXFileReference; lastKnownFileType = sourcecode.cpp.cpp; path = 1967.cpp; sourceTree = "<group>"; };
		78616A3820A9DCE800344FB4 /* 5639.cpp */ = {isa = PBXFileReference; lastKnownFileType = sourcecode.cpp.cpp; path = 5639.cpp; sourceTree = "<group>"; };
		78EE01DC20CBEF9B00BE6BF6 /* 4256.cpp */ = {isa = PBXFileReference; lastKnownFileType = sourcecode.cpp.cpp; path = 4256.cpp; sourceTree = "<group>"; };
>>>>>>> add185c... 18.07.06
/* End PBXFileReference section */

/* Begin PBXFrameworksBuildPhase section */
		78616A1520A5ABA800344FB4 /* Frameworks */ = {
			isa = PBXFrameworksBuildPhase;
			buildActionMask = 2147483647;
			files = (
			);
			runOnlyForDeploymentPostprocessing = 0;
		};
/* End PBXFrameworksBuildPhase section */

/* Begin PBXGroup section */
		78616A0F20A5ABA800344FB4 = {
			isa = PBXGroup;
			children = (
				78616A1A20A5ABA800344FB4 /* 10week-second */,
				78616A1920A5ABA800344FB4 /* Products */,
			);
			sourceTree = "<group>";
		};
		78616A1920A5ABA800344FB4 /* Products */ = {
			isa = PBXGroup;
			children = (
				78616A1820A5ABA800344FB4 /* 10week-second */,
			);
			name = Products;
			sourceTree = "<group>";
		};
		78616A1A20A5ABA800344FB4 /* 10week-second */ = {
			isa = PBXGroup;
			children = (
				78616A1B20A5ABA800344FB4 /* 1717.cpp */,
<<<<<<< HEAD
<<<<<<< HEAD
				78616A2220A5BE0E00344FB4 /* 1967.cpp */,
				78EE01DC20CBEF9B00BE6BF6 /* 4256.cpp */,
=======
				78616A2220A5BE0E00344FB4 /* 1976.cpp */,
>>>>>>> 7b46f3b... 18.05.24
=======
				78616A2220A5BE0E00344FB4 /* 1967.cpp */,
				78EE01DC20CBEF9B00BE6BF6 /* 4256.cpp */,
>>>>>>> add185c... 18.07.06
				78616A3820A9DCE800344FB4 /* 5639.cpp */,
			);
			path = "10week-second";
			sourceTree = "<group>";
		};
/* End PBXGroup section */

/* Begin PBXNativeTarget section */
		78616A1720A5ABA800344FB4 /* 10week-second */ = {
			isa = PBXNativeTarget;
			buildConfigurationList = 78616A1F20A5ABA800344FB4 /* Build configuration list for PBXNativeTarget "10week-second" */;
			buildPhases = (
				78616A1420A5ABA800344FB4 /* Sources */,
				78616A1520A5ABA800344FB4 /* Frameworks */,
				78616A1620A5ABA800344FB4 /* CopyFiles */,
			);
			buildRules = (
			);
			dependencies = (
			);
			name = "10week-second";
			productName = "10week-second";
			productReference = 78616A1820A5ABA800344FB4 /* 10week-second */;
			productType = "com.apple.product-type.tool";
		};
/* End PBXNativeTarget section */

/* Begin PBXProject section */
		78616A1020A5ABA800344FB4 /* Project object */ = {
			isa = PBXProject;
			attributes = {
				LastUpgradeCheck = 0920;
				ORGANIZATIONNAME = Hoon;
				TargetAttributes = {
					78616A1720A5ABA800344FB4 = {
						CreatedOnToolsVersion = 9.2;
						ProvisioningStyle = Automatic;
					};
				};
			};
			buildConfigurationList = 78616A1320A5ABA800344FB4 /* Build configuration list for PBXProject "10week-second" */;
			compatibilityVersion = "Xcode 8.0";
			developmentRegion = en;
			hasScannedForEncodings = 0;
			knownRegions = (
				en,
			);
			mainGroup = 78616A0F20A5ABA800344FB4;
			productRefGroup = 78616A1920A5ABA800344FB4 /* Products */;
			projectDirPath = "";
			projectRoot = "";
			targets = (
				78616A1720A5ABA800344FB4 /* 10week-second */,
			);
		};
/* End PBXProject section */

/* Begin PBXSourcesBuildPhase section */
		78616A1420A5ABA800344FB4 /* Sources */ = {
			isa = PBXSourcesBuildPhase;
			buildActionMask = 2147483647;
			files = (
				78616A3A20A9DCE800344FB4 /* 5639.cpp in Sources */,
<<<<<<< HEAD
<<<<<<< HEAD
				78616A2320A5BE0E00344FB4 /* 1967.cpp in Sources */,
				78EE01DD20CBEF9B00BE6BF6 /* 4256.cpp in Sources */,
=======
				78616A2320A5BE0E00344FB4 /* 1976.cpp in Sources */,
>>>>>>> 7b46f3b... 18.05.24
=======
				78616A2320A5BE0E00344FB4 /* 1967.cpp in Sources */,
				78EE01DD20CBEF9B00BE6BF6 /* 4256.cpp in Sources */,
>>>>>>> add185c... 18.07.06
				78616A1C20A5ABA800344FB4 /* 1717.cpp in Sources */,
			);
			runOnlyForDeploymentPostprocessing = 0;
		};
/* End PBXSourcesBuildPhase section */

/* Begin XCBuildConfiguration section */
		78616A1D20A5ABA800344FB4 /* Debug */ = {
			isa = XCBuildConfiguration;
			buildSettings = {
				ALWAYS_SEARCH_USER_PATHS = NO;
				CLANG_ANALYZER_NONNULL = YES;
				CLANG_ANALYZER_NUMBER_OBJECT_CONVERSION = YES_AGGRESSIVE;
				CLANG_CXX_LANGUAGE_STANDARD = "gnu++14";
				CLANG_CXX_LIBRARY = "libc++";
				CLANG_ENABLE_MODULES = YES;
				CLANG_ENABLE_OBJC_ARC = YES;
				CLANG_WARN_BLOCK_CAPTURE_AUTORELEASING = YES;
				CLANG_WARN_BOOL_CONVERSION = YES;
				CLANG_WARN_COMMA = YES;
				CLANG_WARN_CONSTANT_CONVERSION = YES;
				CLANG_WARN_DIRECT_OBJC_ISA_USAGE = YES_ERROR;
				CLANG_WARN_DOCUMENTATION_COMMENTS = YES;
				CLANG_WARN_EMPTY_BODY = YES;
				CLANG_WARN_ENUM_CONVERSION = YES;
				CLANG_WARN_INFINITE_RECURSION = YES;
				CLANG_WARN_INT_CONVERSION = YES;
				CLANG_WARN_NON_LITERAL_NULL_CONVERSION = YES;
				CLANG_WARN_OBJC_LITERAL_CONVERSION = YES;
				CLANG_WARN_OBJC_ROOT_CLASS = YES_ERROR;
				CLANG_WARN_RANGE_LOOP_ANALYSIS = YES;
				CLANG_WARN_STRICT_PROTOTYPES = YES;
				CLANG_WARN_SUSPICIOUS_MOVE = YES;
				CLANG_WARN_UNGUARDED_AVAILABILITY = YES_AGGRESSIVE;
				CLANG_WARN_UNREACHABLE_CODE = YES;
				CLANG_WARN__DUPLICATE_METHOD_MATCH = YES;
				CODE_SIGN_IDENTITY = "-";
				COPY_PHASE_STRIP = NO;
				DEBUG_INFORMATION_FORMAT = dwarf;
				ENABLE_STRICT_OBJC_MSGSEND = YES;
				ENABLE_TESTABILITY = YES;
				GCC_C_LANGUAGE_STANDARD = gnu11;
				GCC_DYNAMIC_NO_PIC = NO;
				GCC_NO_COMMON_BLOCKS = YES;
				GCC_OPTIMIZATION_LEVEL = 0;
				GCC_PREPROCESSOR_DEFINITIONS = (
					"DEBUG=1",
					"$(inherited)",
				);
				GCC_WARN_64_TO_32_BIT_CONVERSION = YES;
				GCC_WARN_ABOUT_RETURN_TYPE = YES_ERROR;
				GCC_WARN_UNDECLARED_SELECTOR = YES;
				GCC_WARN_UNINITIALIZED_AUTOS = YES_AGGRESSIVE;
				GCC_WARN_UNUSED_FUNCTION = YES;
				GCC_WARN_UNUSED_VARIABLE = YES;
				MACOSX_DEPLOYMENT_TARGET = 10.12;
				MTL_ENABLE_DEBUG_INFO = YES;
				ONLY_ACTIVE_ARCH = YES;
				SDKROOT = macosx;
			};
			name = Debug;
		};
		78616A1E20A5ABA800344FB4 /* Release */ = {
			isa = XCBuildConfiguration;
			buildSettings = {
				ALWAYS_SEARCH_USER_PATHS = NO;
				CLANG_ANALYZER_NONNULL = YES;
				CLANG_ANALYZER_NUMBER_OBJECT_CONVERSION = YES_AGGRESSIVE;
				CLANG_CXX_LANGUAGE_STANDARD = "gnu++14";
				CLANG_CXX_LIBRARY = "libc++";
				CLANG_ENABLE_MODULES = YES;
				CLANG_ENABLE_OBJC_ARC = YES;
				CLANG_WARN_BLOCK_CAPTURE_AUTORELEASING = YES;
				CLANG_WARN_BOOL_CONVERSION = YES;
				CLANG_WARN_COMMA = YES;
				CLANG_WARN_CONSTANT_CONVERSION = YES;
				CLANG_WARN_DIRECT_OBJC_ISA_USAGE = YES_ERROR;
				CLANG_WARN_DOCUMENTATION_COMMENTS = YES;
				CLANG_WARN_EMPTY_BODY = YES;
				CLANG_WARN_ENUM_CONVERSION = YES;
				CLANG_WARN_INFINITE_RECURSION = YES;
				CLANG_WARN_INT_CONVERSION = YES;
				CLANG_WARN_NON_LITERAL_NULL_CONVERSION = YES;
				CLANG_WARN_OBJC_LITERAL_CONVERSION = YES;
				CLANG_WARN_OBJC_ROOT_CLASS = YES_ERROR;
				CLANG_WARN_RANGE_LOOP_ANALYSIS = YES;
				CLANG_WARN_STRICT_PROTOTYPES = YES;
				CLANG_WARN_SUSPICIOUS_MOVE = YES;
				CLANG_WARN_UNGUARDED_AVAILABILITY = YES_AGGRESSIVE;
				CLANG_WARN_UNREACHABLE_CODE = YES;
				CLANG_WARN__DUPLICATE_METHOD_MATCH = YES;
				CODE_SIGN_IDENTITY = "-";
				COPY_PHASE_STRIP = NO;
				DEBUG_INFORMATION_FORMAT = "dwarf-with-dsym";
				ENABLE_NS_ASSERTIONS = NO;
				ENABLE_STRICT_OBJC_MSGSEND = YES;
				GCC_C_LANGUAGE_STANDARD = gnu11;
				GCC_NO_COMMON_BLOCKS = YES;
				GCC_WARN_64_TO_32_BIT_CONVERSION = YES;
				GCC_WARN_ABOUT_RETURN_TYPE = YES_ERROR;
				GCC_WARN_UNDECLARED_SELECTOR = YES;
				GCC_WARN_UNINITIALIZED_AUTOS = YES_AGGRESSIVE;
				GCC_WARN_UNUSED_FUNCTION = YES;
				GCC_WARN_UNUSED_VARIABLE = YES;
				MACOSX_DEPLOYMENT_TARGET = 10.12;
				MTL_ENABLE_DEBUG_INFO = NO;
				SDKROOT = macosx;
			};
			name = Release;
		};
		78616A2020A5ABA800344FB4 /* Debug */ = {
			isa = XCBuildConfiguration;
			buildSettings = {
				CODE_SIGN_STYLE = Automatic;
				PRODUCT_NAME = "$(TARGET_NAME)";
			};
			name = Debug;
		};
		78616A2120A5ABA800344FB4 /* Release */ = {
			isa = XCBuildConfiguration;
			buildSettings = {
				CODE_SIGN_STYLE = Automatic;
				PRODUCT_NAME = "$(TARGET_NAME)";
			};
			name = Release;
		};
/* End XCBuildConfiguration section */

/* Begin XCConfigurationList section */
		78616A1320A5ABA800344FB4 /* Build configuration list for PBXProject "10week-second" */ = {
			isa = XCConfigurationList;
			buildConfigurations = (
				78616A1D20A5ABA800344FB4 /* Debug */,
				78616A1E20A5ABA800344FB4 /* Release */,
			);
			defaultConfigurationIsVisible = 0;
			defaultConfigurationName = Release;
		};
		78616A1F20A5ABA800344FB4 /* Build configuration list for PBXNativeTarget "10week-second" */ = {
			isa = XCConfigurationList;
			buildConfigurations = (
				78616A2020A5ABA800344FB4 /* Debug */,
				78616A2120A5ABA800344FB4 /* Release */,
			);
			defaultConfigurationIsVisible = 0;
			defaultConfigurationName = Release;
		};
/* End XCConfigurationList section */
	};
	rootObject = 78616A1020A5ABA800344FB4 /* Project object */;
}
