// !$*UTF8*$!
{
	archiveVersion = 1;
	classes = {
	};
	objectVersion = 48;
	objects = {

/* Begin PBXBuildFile section */
		78B2446020F7599B00648C68 /* 1003.cpp in Sources */ = {isa = PBXBuildFile; fileRef = 78B2445F20F7599B00648C68 /* 1003.cpp */; };
		78B2446720F75C8B00648C68 /* 1463.cpp in Sources */ = {isa = PBXBuildFile; fileRef = 78B2446620F75C8B00648C68 /* 1463.cpp */; };
		78B2446920F7638500648C68 /* 1149.cpp in Sources */ = {isa = PBXBuildFile; fileRef = 78B2446820F7638500648C68 /* 1149.cpp */; };
		78B2446B20F7677500648C68 /* 2293.cpp in Sources */ = {isa = PBXBuildFile; fileRef = 78B2446A20F7677500648C68 /* 2293.cpp */; };
<<<<<<< HEAD
<<<<<<< HEAD
		78F6E9A620FC6C7800A27BFA /* --14728_벼락치기.cpp in Sources */ = {isa = PBXBuildFile; fileRef = 78F6E9A520FC6C7800A27BFA /* --14728_벼락치기.cpp */; };
		78F6E9A820FC84FC00A27BFA /* 9095_1, 2, 3 더하기.cpp in Sources */ = {isa = PBXBuildFile; fileRef = 78F6E9A720FC84FC00A27BFA /* 9095_1, 2, 3 더하기.cpp */; };
=======
>>>>>>> 6aa568f... 18.07.13 DP
=======
		78F6E9A620FC6C7800A27BFA /* --14728_벼락치기.cpp in Sources */ = {isa = PBXBuildFile; fileRef = 78F6E9A520FC6C7800A27BFA /* --14728_벼락치기.cpp */; };
		78F6E9A820FC84FC00A27BFA /* 9095_1, 2, 3 더하기.cpp in Sources */ = {isa = PBXBuildFile; fileRef = 78F6E9A720FC84FC00A27BFA /* 9095_1, 2, 3 더하기.cpp */; };
>>>>>>> bcfaafc... 18.07.17
/* End PBXBuildFile section */

/* Begin PBXCopyFilesBuildPhase section */
		78B2445A20F7599B00648C68 /* CopyFiles */ = {
			isa = PBXCopyFilesBuildPhase;
			buildActionMask = 2147483647;
			dstPath = /usr/share/man/man1/;
			dstSubfolderSpec = 0;
			files = (
			);
			runOnlyForDeploymentPostprocessing = 1;
		};
/* End PBXCopyFilesBuildPhase section */

/* Begin PBXFileReference section */
		78B2445C20F7599B00648C68 /* summer_week2-2 */ = {isa = PBXFileReference; explicitFileType = "compiled.mach-o.executable"; includeInIndex = 0; path = "summer_week2-2"; sourceTree = BUILT_PRODUCTS_DIR; };
		78B2445F20F7599B00648C68 /* 1003.cpp */ = {isa = PBXFileReference; lastKnownFileType = sourcecode.cpp.cpp; path = 1003.cpp; sourceTree = "<group>"; };
		78B2446620F75C8B00648C68 /* 1463.cpp */ = {isa = PBXFileReference; lastKnownFileType = sourcecode.cpp.cpp; path = 1463.cpp; sourceTree = "<group>"; };
		78B2446820F7638500648C68 /* 1149.cpp */ = {isa = PBXFileReference; lastKnownFileType = sourcecode.cpp.cpp; path = 1149.cpp; sourceTree = "<group>"; };
		78B2446A20F7677500648C68 /* 2293.cpp */ = {isa = PBXFileReference; lastKnownFileType = sourcecode.cpp.cpp; path = 2293.cpp; sourceTree = "<group>"; };
<<<<<<< HEAD
<<<<<<< HEAD
		78F6E9A520FC6C7800A27BFA /* --14728_벼락치기.cpp */ = {isa = PBXFileReference; lastKnownFileType = sourcecode.cpp.cpp; path = "--14728_벼락치기.cpp"; sourceTree = "<group>"; };
		78F6E9A720FC84FC00A27BFA /* 9095_1, 2, 3 더하기.cpp */ = {isa = PBXFileReference; lastKnownFileType = sourcecode.cpp.cpp; path = "9095_1, 2, 3 더하기.cpp"; sourceTree = "<group>"; };
=======
>>>>>>> 6aa568f... 18.07.13 DP
=======
		78F6E9A520FC6C7800A27BFA /* --14728_벼락치기.cpp */ = {isa = PBXFileReference; lastKnownFileType = sourcecode.cpp.cpp; path = "--14728_벼락치기.cpp"; sourceTree = "<group>"; };
		78F6E9A720FC84FC00A27BFA /* 9095_1, 2, 3 더하기.cpp */ = {isa = PBXFileReference; lastKnownFileType = sourcecode.cpp.cpp; path = "9095_1, 2, 3 더하기.cpp"; sourceTree = "<group>"; };
>>>>>>> bcfaafc... 18.07.17
/* End PBXFileReference section */

/* Begin PBXFrameworksBuildPhase section */
		78B2445920F7599B00648C68 /* Frameworks */ = {
			isa = PBXFrameworksBuildPhase;
			buildActionMask = 2147483647;
			files = (
			);
			runOnlyForDeploymentPostprocessing = 0;
		};
/* End PBXFrameworksBuildPhase section */

/* Begin PBXGroup section */
		78B2445320F7599B00648C68 = {
			isa = PBXGroup;
			children = (
				78B2445E20F7599B00648C68 /* summer_week2-2 */,
				78B2445D20F7599B00648C68 /* Products */,
			);
			sourceTree = "<group>";
		};
		78B2445D20F7599B00648C68 /* Products */ = {
			isa = PBXGroup;
			children = (
				78B2445C20F7599B00648C68 /* summer_week2-2 */,
			);
			name = Products;
			sourceTree = "<group>";
		};
		78B2445E20F7599B00648C68 /* summer_week2-2 */ = {
			isa = PBXGroup;
			children = (
				78B2445F20F7599B00648C68 /* 1003.cpp */,
				78B2446620F75C8B00648C68 /* 1463.cpp */,
				78B2446820F7638500648C68 /* 1149.cpp */,
				78B2446A20F7677500648C68 /* 2293.cpp */,
<<<<<<< HEAD
<<<<<<< HEAD
				78F6E9A520FC6C7800A27BFA /* --14728_벼락치기.cpp */,
				78F6E9A720FC84FC00A27BFA /* 9095_1, 2, 3 더하기.cpp */,
=======
>>>>>>> 6aa568f... 18.07.13 DP
=======
				78F6E9A520FC6C7800A27BFA /* --14728_벼락치기.cpp */,
				78F6E9A720FC84FC00A27BFA /* 9095_1, 2, 3 더하기.cpp */,
>>>>>>> bcfaafc... 18.07.17
			);
			path = "summer_week2-2";
			sourceTree = "<group>";
		};
/* End PBXGroup section */

/* Begin PBXNativeTarget section */
		78B2445B20F7599B00648C68 /* summer_week2-2 */ = {
			isa = PBXNativeTarget;
			buildConfigurationList = 78B2446320F7599B00648C68 /* Build configuration list for PBXNativeTarget "summer_week2-2" */;
			buildPhases = (
				78B2445820F7599B00648C68 /* Sources */,
				78B2445920F7599B00648C68 /* Frameworks */,
				78B2445A20F7599B00648C68 /* CopyFiles */,
			);
			buildRules = (
			);
			dependencies = (
			);
			name = "summer_week2-2";
			productName = "summer_week2-2";
			productReference = 78B2445C20F7599B00648C68 /* summer_week2-2 */;
			productType = "com.apple.product-type.tool";
		};
/* End PBXNativeTarget section */

/* Begin PBXProject section */
		78B2445420F7599B00648C68 /* Project object */ = {
			isa = PBXProject;
			attributes = {
				LastUpgradeCheck = 0920;
				ORGANIZATIONNAME = Hoon;
				TargetAttributes = {
					78B2445B20F7599B00648C68 = {
						CreatedOnToolsVersion = 9.2;
						ProvisioningStyle = Automatic;
					};
				};
			};
			buildConfigurationList = 78B2445720F7599B00648C68 /* Build configuration list for PBXProject "summer_week2-2" */;
			compatibilityVersion = "Xcode 8.0";
			developmentRegion = en;
			hasScannedForEncodings = 0;
			knownRegions = (
				en,
			);
			mainGroup = 78B2445320F7599B00648C68;
			productRefGroup = 78B2445D20F7599B00648C68 /* Products */;
			projectDirPath = "";
			projectRoot = "";
			targets = (
				78B2445B20F7599B00648C68 /* summer_week2-2 */,
			);
		};
/* End PBXProject section */

/* Begin PBXSourcesBuildPhase section */
		78B2445820F7599B00648C68 /* Sources */ = {
			isa = PBXSourcesBuildPhase;
			buildActionMask = 2147483647;
			files = (
				78B2446920F7638500648C68 /* 1149.cpp in Sources */,
				78B2446B20F7677500648C68 /* 2293.cpp in Sources */,
<<<<<<< HEAD
<<<<<<< HEAD
=======
>>>>>>> bcfaafc... 18.07.17
				78F6E9A820FC84FC00A27BFA /* 9095_1, 2, 3 더하기.cpp in Sources */,
				78B2446020F7599B00648C68 /* 1003.cpp in Sources */,
				78B2446720F75C8B00648C68 /* 1463.cpp in Sources */,
				78F6E9A620FC6C7800A27BFA /* --14728_벼락치기.cpp in Sources */,
<<<<<<< HEAD
=======
				78B2446020F7599B00648C68 /* 1003.cpp in Sources */,
				78B2446720F75C8B00648C68 /* 1463.cpp in Sources */,
>>>>>>> 6aa568f... 18.07.13 DP
=======
>>>>>>> bcfaafc... 18.07.17
			);
			runOnlyForDeploymentPostprocessing = 0;
		};
/* End PBXSourcesBuildPhase section */

/* Begin XCBuildConfiguration section */
		78B2446120F7599B00648C68 /* Debug */ = {
			isa = XCBuildConfiguration;
			buildSettings = {
				ALWAYS_SEARCH_USER_PATHS = NO;
				CLANG_ANALYZER_NONNULL = YES;
				CLANG_ANALYZER_NUMBER_OBJECT_CONVERSION = YES_AGGRESSIVE;
				CLANG_CXX_LANGUAGE_STANDARD = "gnu++14";
				CLANG_CXX_LIBRARY = "libc++";
				CLANG_ENABLE_MODULES = YES;
				CLANG_ENABLE_OBJC_ARC = YES;
				CLANG_WARN_BLOCK_CAPTURE_AUTORELEASING = YES;
				CLANG_WARN_BOOL_CONVERSION = YES;
				CLANG_WARN_COMMA = YES;
				CLANG_WARN_CONSTANT_CONVERSION = YES;
				CLANG_WARN_DIRECT_OBJC_ISA_USAGE = YES_ERROR;
				CLANG_WARN_DOCUMENTATION_COMMENTS = YES;
				CLANG_WARN_EMPTY_BODY = YES;
				CLANG_WARN_ENUM_CONVERSION = YES;
				CLANG_WARN_INFINITE_RECURSION = YES;
				CLANG_WARN_INT_CONVERSION = YES;
				CLANG_WARN_NON_LITERAL_NULL_CONVERSION = YES;
				CLANG_WARN_OBJC_LITERAL_CONVERSION = YES;
				CLANG_WARN_OBJC_ROOT_CLASS = YES_ERROR;
				CLANG_WARN_RANGE_LOOP_ANALYSIS = YES;
				CLANG_WARN_STRICT_PROTOTYPES = YES;
				CLANG_WARN_SUSPICIOUS_MOVE = YES;
				CLANG_WARN_UNGUARDED_AVAILABILITY = YES_AGGRESSIVE;
				CLANG_WARN_UNREACHABLE_CODE = YES;
				CLANG_WARN__DUPLICATE_METHOD_MATCH = YES;
				CODE_SIGN_IDENTITY = "-";
				COPY_PHASE_STRIP = NO;
				DEBUG_INFORMATION_FORMAT = dwarf;
				ENABLE_STRICT_OBJC_MSGSEND = YES;
				ENABLE_TESTABILITY = YES;
				GCC_C_LANGUAGE_STANDARD = gnu11;
				GCC_DYNAMIC_NO_PIC = NO;
				GCC_NO_COMMON_BLOCKS = YES;
				GCC_OPTIMIZATION_LEVEL = 0;
				GCC_PREPROCESSOR_DEFINITIONS = (
					"DEBUG=1",
					"$(inherited)",
				);
				GCC_WARN_64_TO_32_BIT_CONVERSION = YES;
				GCC_WARN_ABOUT_RETURN_TYPE = YES_ERROR;
				GCC_WARN_UNDECLARED_SELECTOR = YES;
				GCC_WARN_UNINITIALIZED_AUTOS = YES_AGGRESSIVE;
				GCC_WARN_UNUSED_FUNCTION = YES;
				GCC_WARN_UNUSED_VARIABLE = YES;
				MACOSX_DEPLOYMENT_TARGET = 10.12;
				MTL_ENABLE_DEBUG_INFO = YES;
				ONLY_ACTIVE_ARCH = YES;
				SDKROOT = macosx;
			};
			name = Debug;
		};
		78B2446220F7599B00648C68 /* Release */ = {
			isa = XCBuildConfiguration;
			buildSettings = {
				ALWAYS_SEARCH_USER_PATHS = NO;
				CLANG_ANALYZER_NONNULL = YES;
				CLANG_ANALYZER_NUMBER_OBJECT_CONVERSION = YES_AGGRESSIVE;
				CLANG_CXX_LANGUAGE_STANDARD = "gnu++14";
				CLANG_CXX_LIBRARY = "libc++";
				CLANG_ENABLE_MODULES = YES;
				CLANG_ENABLE_OBJC_ARC = YES;
				CLANG_WARN_BLOCK_CAPTURE_AUTORELEASING = YES;
				CLANG_WARN_BOOL_CONVERSION = YES;
				CLANG_WARN_COMMA = YES;
				CLANG_WARN_CONSTANT_CONVERSION = YES;
				CLANG_WARN_DIRECT_OBJC_ISA_USAGE = YES_ERROR;
				CLANG_WARN_DOCUMENTATION_COMMENTS = YES;
				CLANG_WARN_EMPTY_BODY = YES;
				CLANG_WARN_ENUM_CONVERSION = YES;
				CLANG_WARN_INFINITE_RECURSION = YES;
				CLANG_WARN_INT_CONVERSION = YES;
				CLANG_WARN_NON_LITERAL_NULL_CONVERSION = YES;
				CLANG_WARN_OBJC_LITERAL_CONVERSION = YES;
				CLANG_WARN_OBJC_ROOT_CLASS = YES_ERROR;
				CLANG_WARN_RANGE_LOOP_ANALYSIS = YES;
				CLANG_WARN_STRICT_PROTOTYPES = YES;
				CLANG_WARN_SUSPICIOUS_MOVE = YES;
				CLANG_WARN_UNGUARDED_AVAILABILITY = YES_AGGRESSIVE;
				CLANG_WARN_UNREACHABLE_CODE = YES;
				CLANG_WARN__DUPLICATE_METHOD_MATCH = YES;
				CODE_SIGN_IDENTITY = "-";
				COPY_PHASE_STRIP = NO;
				DEBUG_INFORMATION_FORMAT = "dwarf-with-dsym";
				ENABLE_NS_ASSERTIONS = NO;
				ENABLE_STRICT_OBJC_MSGSEND = YES;
				GCC_C_LANGUAGE_STANDARD = gnu11;
				GCC_NO_COMMON_BLOCKS = YES;
				GCC_WARN_64_TO_32_BIT_CONVERSION = YES;
				GCC_WARN_ABOUT_RETURN_TYPE = YES_ERROR;
				GCC_WARN_UNDECLARED_SELECTOR = YES;
				GCC_WARN_UNINITIALIZED_AUTOS = YES_AGGRESSIVE;
				GCC_WARN_UNUSED_FUNCTION = YES;
				GCC_WARN_UNUSED_VARIABLE = YES;
				MACOSX_DEPLOYMENT_TARGET = 10.12;
				MTL_ENABLE_DEBUG_INFO = NO;
				SDKROOT = macosx;
			};
			name = Release;
		};
		78B2446420F7599B00648C68 /* Debug */ = {
			isa = XCBuildConfiguration;
			buildSettings = {
				CODE_SIGN_STYLE = Automatic;
				PRODUCT_NAME = "$(TARGET_NAME)";
			};
			name = Debug;
		};
		78B2446520F7599B00648C68 /* Release */ = {
			isa = XCBuildConfiguration;
			buildSettings = {
				CODE_SIGN_STYLE = Automatic;
				PRODUCT_NAME = "$(TARGET_NAME)";
			};
			name = Release;
		};
/* End XCBuildConfiguration section */

/* Begin XCConfigurationList section */
		78B2445720F7599B00648C68 /* Build configuration list for PBXProject "summer_week2-2" */ = {
			isa = XCConfigurationList;
			buildConfigurations = (
				78B2446120F7599B00648C68 /* Debug */,
				78B2446220F7599B00648C68 /* Release */,
			);
			defaultConfigurationIsVisible = 0;
			defaultConfigurationName = Release;
		};
		78B2446320F7599B00648C68 /* Build configuration list for PBXNativeTarget "summer_week2-2" */ = {
			isa = XCConfigurationList;
			buildConfigurations = (
				78B2446420F7599B00648C68 /* Debug */,
				78B2446520F7599B00648C68 /* Release */,
			);
			defaultConfigurationIsVisible = 0;
			defaultConfigurationName = Release;
		};
/* End XCConfigurationList section */
	};
	rootObject = 78B2445420F7599B00648C68 /* Project object */;
}
