// !$*UTF8*$!
{
	archiveVersion = 1;
	classes = {
	};
	objectVersion = 48;
	objects = {

/* Begin PBXCopyFilesBuildPhase section */
		7883DF62212D663100DAF663 /* CopyFiles */ = {
			isa = PBXCopyFilesBuildPhase;
			buildActionMask = 2147483647;
			dstPath = /usr/share/man/man1/;
			dstSubfolderSpec = 0;
			files = (
			);
			runOnlyForDeploymentPostprocessing = 1;
		};
/* End PBXCopyFilesBuildPhase section */

/* Begin PBXFileReference section */
		7883DF64212D663100DAF663 /* CTP_summer */ = {isa = PBXFileReference; explicitFileType = "compiled.mach-o.executable"; includeInIndex = 0; path = CTP_summer; sourceTree = BUILT_PRODUCTS_DIR; };
		7883DF6E212D666000DAF663 /* --1389.cpp */ = {isa = PBXFileReference; fileEncoding = 4; lastKnownFileType = sourcecode.cpp.cpp; name = "--1389.cpp"; path = "../../CTP/summer_week1/summer_week1/--1389.cpp"; sourceTree = "<group>"; };
		7883DF6F212D666000DAF663 /* --11403.cpp */ = {isa = PBXFileReference; fileEncoding = 4; lastKnownFileType = sourcecode.cpp.cpp; name = "--11403.cpp"; path = "../../CTP/summer_week1/summer_week1/--11403.cpp"; sourceTree = "<group>"; };
		7883DF70212D666000DAF663 /* 1743.cpp */ = {isa = PBXFileReference; fileEncoding = 4; lastKnownFileType = sourcecode.cpp.cpp; name = 1743.cpp; path = ../../CTP/summer_week1/summer_week1/1743.cpp; sourceTree = "<group>"; };
		7883DF71212D666000DAF663 /* --2146_다리만들기.cpp */ = {isa = PBXFileReference; fileEncoding = 4; lastKnownFileType = sourcecode.cpp.cpp; name = "--2146_다리만들기.cpp"; path = "../../CTP/summer_week1/summer_week1/--2146_다리만들기.cpp"; sourceTree = "<group>"; };
		7883DF72212D666000DAF663 /* --5427_불.cpp */ = {isa = PBXFileReference; fileEncoding = 4; lastKnownFileType = sourcecode.cpp.cpp; name = "--5427_불.cpp"; path = "../../CTP/summer_week1/summer_week1/--5427_불.cpp"; sourceTree = "<group>"; };
		7883DF73212D666000DAF663 /* --2583.cpp */ = {isa = PBXFileReference; fileEncoding = 4; lastKnownFileType = sourcecode.cpp.cpp; name = "--2583.cpp"; path = "../../CTP/summer_week1/summer_week1/--2583.cpp"; sourceTree = "<group>"; };
		7883DF74212D666000DAF663 /* 2667.cpp */ = {isa = PBXFileReference; fileEncoding = 4; lastKnownFileType = sourcecode.cpp.cpp; name = 2667.cpp; path = ../../CTP/summer_week1/summer_week1/2667.cpp; sourceTree = "<group>"; };
		7883DF75212D666000DAF663 /* 2178.cpp */ = {isa = PBXFileReference; fileEncoding = 4; lastKnownFileType = sourcecode.cpp.cpp; name = 2178.cpp; path = ../../CTP/summer_week1/summer_week1/2178.cpp; sourceTree = "<group>"; };
		7883DF76212D666000DAF663 /* 7562.cpp */ = {isa = PBXFileReference; fileEncoding = 4; lastKnownFileType = sourcecode.cpp.cpp; name = 7562.cpp; path = ../../CTP/summer_week1/summer_week1/7562.cpp; sourceTree = "<group>"; };
		7883DF77212D666000DAF663 /* 1260.cpp */ = {isa = PBXFileReference; fileEncoding = 4; lastKnownFileType = sourcecode.cpp.cpp; name = 1260.cpp; path = ../../CTP/summer_week1/summer_week1/1260.cpp; sourceTree = "<group>"; };
		7883DF78212D666000DAF663 /* 2589_보물섬.cpp */ = {isa = PBXFileReference; fileEncoding = 4; lastKnownFileType = sourcecode.cpp.cpp; name = "2589_보물섬.cpp"; path = "../../CTP/summer_week1/summer_week1/2589_보물섬.cpp"; sourceTree = "<group>"; };
		7883DF79212D666100DAF663 /* 1012.cpp */ = {isa = PBXFileReference; fileEncoding = 4; lastKnownFileType = sourcecode.cpp.cpp; name = 1012.cpp; path = ../../CTP/summer_week1/summer_week1/1012.cpp; sourceTree = "<group>"; };
		7883DF7A212D666100DAF663 /* 5014.cpp */ = {isa = PBXFileReference; fileEncoding = 4; lastKnownFileType = sourcecode.cpp.cpp; name = 5014.cpp; path = ../../CTP/summer_week1/summer_week1/5014.cpp; sourceTree = "<group>"; };
		7883DF7B212D666100DAF663 /* --4991_로봇 청소기.cpp */ = {isa = PBXFileReference; fileEncoding = 4; lastKnownFileType = sourcecode.cpp.cpp; name = "--4991_로봇 청소기.cpp"; path = "../../CTP/summer_week1/summer_week1/--4991_로봇 청소기.cpp"; sourceTree = "<group>"; };
		7883DF7C212D666100DAF663 /* 1697.cpp */ = {isa = PBXFileReference; fileEncoding = 4; lastKnownFileType = sourcecode.cpp.cpp; name = 1697.cpp; path = ../../CTP/summer_week1/summer_week1/1697.cpp; sourceTree = "<group>"; };
		7883DF8D212D66FC00DAF663 /* --2405.cpp */ = {isa = PBXFileReference; fileEncoding = 4; lastKnownFileType = sourcecode.cpp.cpp; name = "--2405.cpp"; path = "../../CTP/summer_week2/summer_week2/--2405.cpp"; sourceTree = "<group>"; };
		7883DF8E212D66FC00DAF663 /* --1188.cpp */ = {isa = PBXFileReference; fileEncoding = 4; lastKnownFileType = sourcecode.cpp.cpp; name = "--1188.cpp"; path = "../../CTP/summer_week2/summer_week2/--1188.cpp"; sourceTree = "<group>"; };
		7883DF91212D670C00DAF663 /* 9421.cpp */ = {isa = PBXFileReference; fileEncoding = 4; lastKnownFileType = sourcecode.cpp.cpp; name = 9421.cpp; path = ../../CTP/summer_week2/summer_week2/9421.cpp; sourceTree = "<group>"; };
		7883DF92212D670C00DAF663 /* 11051.cpp */ = {isa = PBXFileReference; fileEncoding = 4; lastKnownFileType = sourcecode.cpp.cpp; name = 11051.cpp; path = ../../CTP/summer_week2/summer_week2/11051.cpp; sourceTree = "<group>"; };
		7883DF93212D670C00DAF663 /* 11659.cpp */ = {isa = PBXFileReference; fileEncoding = 4; lastKnownFileType = sourcecode.cpp.cpp; name = 11659.cpp; path = ../../CTP/summer_week2/summer_week2/11659.cpp; sourceTree = "<group>"; };
		7883DF94212D670C00DAF663 /* 3896.cpp */ = {isa = PBXFileReference; fileEncoding = 4; lastKnownFileType = sourcecode.cpp.cpp; name = 3896.cpp; path = ../../CTP/summer_week2/summer_week2/3896.cpp; sourceTree = "<group>"; };
		7883DF95212D670C00DAF663 /* 11050.cpp */ = {isa = PBXFileReference; fileEncoding = 4; lastKnownFileType = sourcecode.cpp.cpp; name = 11050.cpp; path = ../../CTP/summer_week2/summer_week2/11050.cpp; sourceTree = "<group>"; };
		7883DF96212D670C00DAF663 /* 15712.cpp */ = {isa = PBXFileReference; fileEncoding = 4; lastKnownFileType = sourcecode.cpp.cpp; name = 15712.cpp; path = ../../CTP/summer_week2/summer_week2/15712.cpp; sourceTree = "<group>"; };
		7883DF97212D670C00DAF663 /* 1644.cpp */ = {isa = PBXFileReference; fileEncoding = 4; lastKnownFileType = sourcecode.cpp.cpp; name = 1644.cpp; path = ../../CTP/summer_week2/summer_week2/1644.cpp; sourceTree = "<group>"; };
		7883DF98212D670D00DAF663 /* 11401.cpp */ = {isa = PBXFileReference; fileEncoding = 4; lastKnownFileType = sourcecode.cpp.cpp; name = 11401.cpp; path = ../../CTP/summer_week2/summer_week2/11401.cpp; sourceTree = "<group>"; };
		7883DF99212D670D00DAF663 /* 2609.cpp */ = {isa = PBXFileReference; fileEncoding = 4; lastKnownFileType = sourcecode.cpp.cpp; name = 2609.cpp; path = ../../CTP/summer_week2/summer_week2/2609.cpp; sourceTree = "<group>"; };
		7883DFA3212D675000DAF663 /* 11401_이항 계수 3.cpp */ = {isa = PBXFileReference; lastKnownFileType = sourcecode.cpp.cpp; path = "11401_이항 계수 3.cpp"; sourceTree = "<group>"; };
		789FDAEA213567E100544738 /* 14728_벼락치기.cpp */ = {isa = PBXFileReference; fileEncoding = 4; lastKnownFileType = sourcecode.cpp.cpp; name = "14728_벼락치기.cpp"; path = "../../CTP/summer_week2-2/summer_week2-2/14728_벼락치기.cpp"; sourceTree = "<group>"; };
		789FDAEB213567E100544738 /* 2293.cpp */ = {isa = PBXFileReference; fileEncoding = 4; lastKnownFileType = sourcecode.cpp.cpp; name = 2293.cpp; path = "../../CTP/summer_week2-2/summer_week2-2/2293.cpp"; sourceTree = "<group>"; };
		789FDAEC213567E100544738 /* 1463.cpp */ = {isa = PBXFileReference; fileEncoding = 4; lastKnownFileType = sourcecode.cpp.cpp; name = 1463.cpp; path = "../../CTP/summer_week2-2/summer_week2-2/1463.cpp"; sourceTree = "<group>"; };
		789FDAED213567E200544738 /* 1149.cpp */ = {isa = PBXFileReference; fileEncoding = 4; lastKnownFileType = sourcecode.cpp.cpp; name = 1149.cpp; path = "../../CTP/summer_week2-2/summer_week2-2/1149.cpp"; sourceTree = "<group>"; };
		789FDAEE213567E200544738 /* 9095_1, 2, 3 더하기.cpp */ = {isa = PBXFileReference; fileEncoding = 4; lastKnownFileType = sourcecode.cpp.cpp; name = "9095_1, 2, 3 더하기.cpp"; path = "../../CTP/summer_week2-2/summer_week2-2/9095_1, 2, 3 더하기.cpp"; sourceTree = "<group>"; };
		789FDAEF213567E200544738 /* 1003.cpp */ = {isa = PBXFileReference; fileEncoding = 4; lastKnownFileType = sourcecode.cpp.cpp; name = 1003.cpp; path = "../../CTP/summer_week2-2/summer_week2-2/1003.cpp"; sourceTree = "<group>"; };
		789FDAF921357A0400544738 /* 2579_계단 오르기.cpp */ = {isa = PBXFileReference; lastKnownFileType = sourcecode.cpp.cpp; path = "2579_계단 오르기.cpp"; sourceTree = "<group>"; };
		789FDAFB2135816500544738 /* --1912_연속합.cpp */ = {isa = PBXFileReference; lastKnownFileType = sourcecode.cpp.cpp; path = "--1912_연속합.cpp"; sourceTree = "<group>"; };
/* End PBXFileReference section */

/* Begin PBXFrameworksBuildPhase section */
		7883DF61212D663100DAF663 /* Frameworks */ = {
			isa = PBXFrameworksBuildPhase;
			buildActionMask = 2147483647;
			files = (
			);
			runOnlyForDeploymentPostprocessing = 0;
		};
/* End PBXFrameworksBuildPhase section */

/* Begin PBXGroup section */
		7883DF5B212D663100DAF663 = {
			isa = PBXGroup;
			children = (
				789FDAE9213567C700544738 /* 2-2 dp */,
				7883DF8C212D66C800DAF663 /* 2-1 수학 */,
				7883DF66212D663100DAF663 /* 1-1 그래프 */,
				7883DF65212D663100DAF663 /* Products */,
			);
			sourceTree = "<group>";
		};
		7883DF65212D663100DAF663 /* Products */ = {
			isa = PBXGroup;
			children = (
				7883DF64212D663100DAF663 /* CTP_summer */,
			);
			name = Products;
			sourceTree = "<group>";
		};
		7883DF66212D663100DAF663 /* 1-1 그래프 */ = {
			isa = PBXGroup;
			children = (
				7883DF6E212D666000DAF663 /* --1389.cpp */,
				7883DF71212D666000DAF663 /* --2146_다리만들기.cpp */,
				7883DF73212D666000DAF663 /* --2583.cpp */,
				7883DF7B212D666100DAF663 /* --4991_로봇 청소기.cpp */,
				7883DF72212D666000DAF663 /* --5427_불.cpp */,
				7883DF6F212D666000DAF663 /* --11403.cpp */,
				7883DF79212D666100DAF663 /* 1012.cpp */,
				7883DF77212D666000DAF663 /* 1260.cpp */,
				7883DF7C212D666100DAF663 /* 1697.cpp */,
				7883DF70212D666000DAF663 /* 1743.cpp */,
				7883DF75212D666000DAF663 /* 2178.cpp */,
				7883DF78212D666000DAF663 /* 2589_보물섬.cpp */,
				7883DF74212D666000DAF663 /* 2667.cpp */,
				7883DF7A212D666100DAF663 /* 5014.cpp */,
				7883DF76212D666000DAF663 /* 7562.cpp */,
			);
			name = "1-1 그래프";
			path = "1-1 그래프";
			sourceTree = "<group>";
		};
		7883DF8C212D66C800DAF663 /* 2-1 수학 */ = {
			isa = PBXGroup;
			children = (
				7883DF97212D670C00DAF663 /* 1644.cpp */,
				7883DF99212D670D00DAF663 /* 2609.cpp */,
				7883DF94212D670C00DAF663 /* 3896.cpp */,
				7883DF91212D670C00DAF663 /* 9421.cpp */,
				7883DF95212D670C00DAF663 /* 11050.cpp */,
				7883DF92212D670C00DAF663 /* 11051.cpp */,
				7883DF98212D670D00DAF663 /* 11401.cpp */,
				7883DFA3212D675000DAF663 /* 11401_이항 계수 3.cpp */,
				7883DF93212D670C00DAF663 /* 11659.cpp */,
				7883DF96212D670C00DAF663 /* 15712.cpp */,
				7883DF8E212D66FC00DAF663 /* --1188.cpp */,
				7883DF8D212D66FC00DAF663 /* --2405.cpp */,
			);
			name = "2-1 수학";
			path = "2-1 수학";
			sourceTree = "<group>";
		};
		789FDAE9213567C700544738 /* 2-2 dp */ = {
			isa = PBXGroup;
			children = (
				789FDAEF213567E200544738 /* 1003.cpp */,
				789FDAED213567E200544738 /* 1149.cpp */,
				789FDAEC213567E100544738 /* 1463.cpp */,
				789FDAEB213567E100544738 /* 2293.cpp */,
				789FDAEA213567E100544738 /* 14728_벼락치기.cpp */,
				789FDAEE213567E200544738 /* 9095_1, 2, 3 더하기.cpp */,
				789FDAF921357A0400544738 /* 2579_계단 오르기.cpp */,
				789FDAFB2135816500544738 /* --1912_연속합.cpp */,
			);
			path = "2-2 dp";
			sourceTree = "<group>";
		};
/* End PBXGroup section */

/* Begin PBXNativeTarget section */
		7883DF63212D663100DAF663 /* CTP_summer */ = {
			isa = PBXNativeTarget;
			buildConfigurationList = 7883DF6B212D663100DAF663 /* Build configuration list for PBXNativeTarget "CTP_summer" */;
			buildPhases = (
				7883DF60212D663100DAF663 /* Sources */,
				7883DF61212D663100DAF663 /* Frameworks */,
				7883DF62212D663100DAF663 /* CopyFiles */,
			);
			buildRules = (
			);
			dependencies = (
			);
			name = CTP_summer;
			productName = CTP_summer;
			productReference = 7883DF64212D663100DAF663 /* CTP_summer */;
			productType = "com.apple.product-type.tool";
		};
/* End PBXNativeTarget section */

/* Begin PBXProject section */
		7883DF5C212D663100DAF663 /* Project object */ = {
			isa = PBXProject;
			attributes = {
				LastUpgradeCheck = 0920;
				ORGANIZATIONNAME = Hoon;
				TargetAttributes = {
					7883DF63212D663100DAF663 = {
						CreatedOnToolsVersion = 9.2;
						ProvisioningStyle = Automatic;
					};
				};
			};
			buildConfigurationList = 7883DF5F212D663100DAF663 /* Build configuration list for PBXProject "CTP_summer" */;
			compatibilityVersion = "Xcode 8.0";
			developmentRegion = en;
			hasScannedForEncodings = 0;
			knownRegions = (
				en,
			);
			mainGroup = 7883DF5B212D663100DAF663;
			productRefGroup = 7883DF65212D663100DAF663 /* Products */;
			projectDirPath = "";
			projectRoot = "";
			targets = (
				7883DF63212D663100DAF663 /* CTP_summer */,
			);
		};
/* End PBXProject section */

/* Begin PBXSourcesBuildPhase section */
		7883DF60212D663100DAF663 /* Sources */ = {
			isa = PBXSourcesBuildPhase;
			buildActionMask = 2147483647;
			files = (
			);
			runOnlyForDeploymentPostprocessing = 0;
		};
/* End PBXSourcesBuildPhase section */

/* Begin XCBuildConfiguration section */
		7883DF69212D663100DAF663 /* Debug */ = {
			isa = XCBuildConfiguration;
			buildSettings = {
				ALWAYS_SEARCH_USER_PATHS = NO;
				CLANG_ANALYZER_NONNULL = YES;
				CLANG_ANALYZER_NUMBER_OBJECT_CONVERSION = YES_AGGRESSIVE;
				CLANG_CXX_LANGUAGE_STANDARD = "gnu++14";
				CLANG_CXX_LIBRARY = "libc++";
				CLANG_ENABLE_MODULES = YES;
				CLANG_ENABLE_OBJC_ARC = YES;
				CLANG_WARN_BLOCK_CAPTURE_AUTORELEASING = YES;
				CLANG_WARN_BOOL_CONVERSION = YES;
				CLANG_WARN_COMMA = YES;
				CLANG_WARN_CONSTANT_CONVERSION = YES;
				CLANG_WARN_DIRECT_OBJC_ISA_USAGE = YES_ERROR;
				CLANG_WARN_DOCUMENTATION_COMMENTS = YES;
				CLANG_WARN_EMPTY_BODY = YES;
				CLANG_WARN_ENUM_CONVERSION = YES;
				CLANG_WARN_INFINITE_RECURSION = YES;
				CLANG_WARN_INT_CONVERSION = YES;
				CLANG_WARN_NON_LITERAL_NULL_CONVERSION = YES;
				CLANG_WARN_OBJC_LITERAL_CONVERSION = YES;
				CLANG_WARN_OBJC_ROOT_CLASS = YES_ERROR;
				CLANG_WARN_RANGE_LOOP_ANALYSIS = YES;
				CLANG_WARN_STRICT_PROTOTYPES = YES;
				CLANG_WARN_SUSPICIOUS_MOVE = YES;
				CLANG_WARN_UNGUARDED_AVAILABILITY = YES_AGGRESSIVE;
				CLANG_WARN_UNREACHABLE_CODE = YES;
				CLANG_WARN__DUPLICATE_METHOD_MATCH = YES;
				CODE_SIGN_IDENTITY = "-";
				COPY_PHASE_STRIP = NO;
				DEBUG_INFORMATION_FORMAT = dwarf;
				ENABLE_STRICT_OBJC_MSGSEND = YES;
				ENABLE_TESTABILITY = YES;
				GCC_C_LANGUAGE_STANDARD = gnu11;
				GCC_DYNAMIC_NO_PIC = NO;
				GCC_NO_COMMON_BLOCKS = YES;
				GCC_OPTIMIZATION_LEVEL = 0;
				GCC_PREPROCESSOR_DEFINITIONS = (
					"DEBUG=1",
					"$(inherited)",
				);
				GCC_WARN_64_TO_32_BIT_CONVERSION = YES;
				GCC_WARN_ABOUT_RETURN_TYPE = YES_ERROR;
				GCC_WARN_UNDECLARED_SELECTOR = YES;
				GCC_WARN_UNINITIALIZED_AUTOS = YES_AGGRESSIVE;
				GCC_WARN_UNUSED_FUNCTION = YES;
				GCC_WARN_UNUSED_VARIABLE = YES;
				MACOSX_DEPLOYMENT_TARGET = 10.12;
				MTL_ENABLE_DEBUG_INFO = YES;
				ONLY_ACTIVE_ARCH = YES;
				SDKROOT = macosx;
			};
			name = Debug;
		};
		7883DF6A212D663100DAF663 /* Release */ = {
			isa = XCBuildConfiguration;
			buildSettings = {
				ALWAYS_SEARCH_USER_PATHS = NO;
				CLANG_ANALYZER_NONNULL = YES;
				CLANG_ANALYZER_NUMBER_OBJECT_CONVERSION = YES_AGGRESSIVE;
				CLANG_CXX_LANGUAGE_STANDARD = "gnu++14";
				CLANG_CXX_LIBRARY = "libc++";
				CLANG_ENABLE_MODULES = YES;
				CLANG_ENABLE_OBJC_ARC = YES;
				CLANG_WARN_BLOCK_CAPTURE_AUTORELEASING = YES;
				CLANG_WARN_BOOL_CONVERSION = YES;
				CLANG_WARN_COMMA = YES;
				CLANG_WARN_CONSTANT_CONVERSION = YES;
				CLANG_WARN_DIRECT_OBJC_ISA_USAGE = YES_ERROR;
				CLANG_WARN_DOCUMENTATION_COMMENTS = YES;
				CLANG_WARN_EMPTY_BODY = YES;
				CLANG_WARN_ENUM_CONVERSION = YES;
				CLANG_WARN_INFINITE_RECURSION = YES;
				CLANG_WARN_INT_CONVERSION = YES;
				CLANG_WARN_NON_LITERAL_NULL_CONVERSION = YES;
				CLANG_WARN_OBJC_LITERAL_CONVERSION = YES;
				CLANG_WARN_OBJC_ROOT_CLASS = YES_ERROR;
				CLANG_WARN_RANGE_LOOP_ANALYSIS = YES;
				CLANG_WARN_STRICT_PROTOTYPES = YES;
				CLANG_WARN_SUSPICIOUS_MOVE = YES;
				CLANG_WARN_UNGUARDED_AVAILABILITY = YES_AGGRESSIVE;
				CLANG_WARN_UNREACHABLE_CODE = YES;
				CLANG_WARN__DUPLICATE_METHOD_MATCH = YES;
				CODE_SIGN_IDENTITY = "-";
				COPY_PHASE_STRIP = NO;
				DEBUG_INFORMATION_FORMAT = "dwarf-with-dsym";
				ENABLE_NS_ASSERTIONS = NO;
				ENABLE_STRICT_OBJC_MSGSEND = YES;
				GCC_C_LANGUAGE_STANDARD = gnu11;
				GCC_NO_COMMON_BLOCKS = YES;
				GCC_WARN_64_TO_32_BIT_CONVERSION = YES;
				GCC_WARN_ABOUT_RETURN_TYPE = YES_ERROR;
				GCC_WARN_UNDECLARED_SELECTOR = YES;
				GCC_WARN_UNINITIALIZED_AUTOS = YES_AGGRESSIVE;
				GCC_WARN_UNUSED_FUNCTION = YES;
				GCC_WARN_UNUSED_VARIABLE = YES;
				MACOSX_DEPLOYMENT_TARGET = 10.12;
				MTL_ENABLE_DEBUG_INFO = NO;
				SDKROOT = macosx;
			};
			name = Release;
		};
		7883DF6C212D663100DAF663 /* Debug */ = {
			isa = XCBuildConfiguration;
			buildSettings = {
				CODE_SIGN_STYLE = Automatic;
				PRODUCT_NAME = "$(TARGET_NAME)";
			};
			name = Debug;
		};
		7883DF6D212D663100DAF663 /* Release */ = {
			isa = XCBuildConfiguration;
			buildSettings = {
				CODE_SIGN_STYLE = Automatic;
				PRODUCT_NAME = "$(TARGET_NAME)";
			};
			name = Release;
		};
/* End XCBuildConfiguration section */

/* Begin XCConfigurationList section */
		7883DF5F212D663100DAF663 /* Build configuration list for PBXProject "CTP_summer" */ = {
			isa = XCConfigurationList;
			buildConfigurations = (
				7883DF69212D663100DAF663 /* Debug */,
				7883DF6A212D663100DAF663 /* Release */,
			);
			defaultConfigurationIsVisible = 0;
			defaultConfigurationName = Release;
		};
		7883DF6B212D663100DAF663 /* Build configuration list for PBXNativeTarget "CTP_summer" */ = {
			isa = XCConfigurationList;
			buildConfigurations = (
				7883DF6C212D663100DAF663 /* Debug */,
				7883DF6D212D663100DAF663 /* Release */,
			);
			defaultConfigurationIsVisible = 0;
			defaultConfigurationName = Release;
		};
/* End XCConfigurationList section */
	};
	rootObject = 7883DF5C212D663100DAF663 /* Project object */;
}
