// !$*UTF8*$!
{
	archiveVersion = 1;
	classes = {
	};
	objectVersion = 48;
	objects = {

/* Begin PBXBuildFile section */
		780DA09F210EDED900F995F8 /* 1753_최단경로.cpp in Sources */ = {isa = PBXBuildFile; fileRef = 780DA09E210EDED900F995F8 /* 1753_최단경로.cpp */; };
		780DA0A6210EE6CC00F995F8 /* 1916_최소비용 구하기.cpp in Sources */ = {isa = PBXBuildFile; fileRef = 780DA0A5210EE6CC00F995F8 /* 1916_최소비용 구하기.cpp */; };
		780DA0A8210EEB2900F995F8 /* 10282_해킹.cpp in Sources */ = {isa = PBXBuildFile; fileRef = 780DA0A7210EEB2900F995F8 /* 10282_해킹.cpp */; };
		780DA0AA210EF1E300F995F8 /* 4485_녹색 옷 입은 애가 젤다지?.cpp in Sources */ = {isa = PBXBuildFile; fileRef = 780DA0A9210EF1E300F995F8 /* 4485_녹색 옷 입은 애가 젤다지?.cpp */; };
		780DA0AC210F018900F995F8 /* 1238_파티.cpp in Sources */ = {isa = PBXBuildFile; fileRef = 780DA0AB210F018900F995F8 /* 1238_파티.cpp */; };
		780DA0AE210FF36300F995F8 /* 1261_알고스팟.cpp in Sources */ = {isa = PBXBuildFile; fileRef = 780DA0AD210FF36300F995F8 /* 1261_알고스팟.cpp */; };
		780DA0B021100C5B00F995F8 /* --14431_소수마을.cpp in Sources */ = {isa = PBXBuildFile; fileRef = 780DA0AF21100C5B00F995F8 /* --14431_소수마을.cpp */; };
		780DA0B421119FC300F995F8 /* 12026_BOJ거리.cpp in Sources */ = {isa = PBXBuildFile; fileRef = 780DA0B321119FC300F995F8 /* 12026_BOJ거리.cpp */; };
		780DA0B62111BF5C00F995F8 /* 13913_숨바꼭질 4.cpp in Sources */ = {isa = PBXBuildFile; fileRef = 780DA0B52111BF5C00F995F8 /* 13913_숨바꼭질 4.cpp */; };
/* End PBXBuildFile section */

/* Begin PBXCopyFilesBuildPhase section */
		780DA099210EDED900F995F8 /* CopyFiles */ = {
			isa = PBXCopyFilesBuildPhase;
			buildActionMask = 2147483647;
			dstPath = /usr/share/man/man1/;
			dstSubfolderSpec = 0;
			files = (
			);
			runOnlyForDeploymentPostprocessing = 1;
		};
/* End PBXCopyFilesBuildPhase section */

/* Begin PBXFileReference section */
		780DA09B210EDED900F995F8 /* summer_week5-1 */ = {isa = PBXFileReference; explicitFileType = "compiled.mach-o.executable"; includeInIndex = 0; path = "summer_week5-1"; sourceTree = BUILT_PRODUCTS_DIR; };
		780DA09E210EDED900F995F8 /* 1753_최단경로.cpp */ = {isa = PBXFileReference; lastKnownFileType = sourcecode.cpp.cpp; path = "1753_최단경로.cpp"; sourceTree = "<group>"; };
		780DA0A5210EE6CC00F995F8 /* 1916_최소비용 구하기.cpp */ = {isa = PBXFileReference; lastKnownFileType = sourcecode.cpp.cpp; path = "1916_최소비용 구하기.cpp"; sourceTree = "<group>"; };
		780DA0A7210EEB2900F995F8 /* 10282_해킹.cpp */ = {isa = PBXFileReference; lastKnownFileType = sourcecode.cpp.cpp; path = "10282_해킹.cpp"; sourceTree = "<group>"; };
		780DA0A9210EF1E300F995F8 /* 4485_녹색 옷 입은 애가 젤다지?.cpp */ = {isa = PBXFileReference; lastKnownFileType = sourcecode.cpp.cpp; path = "4485_녹색 옷 입은 애가 젤다지?.cpp"; sourceTree = "<group>"; };
		780DA0AB210F018900F995F8 /* 1238_파티.cpp */ = {isa = PBXFileReference; lastKnownFileType = sourcecode.cpp.cpp; path = "1238_파티.cpp"; sourceTree = "<group>"; };
		780DA0AD210FF36300F995F8 /* 1261_알고스팟.cpp */ = {isa = PBXFileReference; lastKnownFileType = sourcecode.cpp.cpp; path = "1261_알고스팟.cpp"; sourceTree = "<group>"; };
		780DA0AF21100C5B00F995F8 /* --14431_소수마을.cpp */ = {isa = PBXFileReference; lastKnownFileType = sourcecode.cpp.cpp; path = "--14431_소수마을.cpp"; sourceTree = "<group>"; };
		780DA0B12110584E00F995F8 /* 2307_도로검문.cpp */ = {isa = PBXFileReference; lastKnownFileType = sourcecode.cpp.cpp; path = "2307_도로검문.cpp"; sourceTree = "<group>"; };
		780DA0B321119FC300F995F8 /* 12026_BOJ거리.cpp */ = {isa = PBXFileReference; lastKnownFileType = sourcecode.cpp.cpp; path = "12026_BOJ거리.cpp"; sourceTree = "<group>"; };
		780DA0B52111BF5C00F995F8 /* 13913_숨바꼭질 4.cpp */ = {isa = PBXFileReference; lastKnownFileType = sourcecode.cpp.cpp; path = "13913_숨바꼭질 4.cpp"; sourceTree = "<group>"; };
		780DA0B72111F63500F995F8 /* --13911_집 구하기.cpp */ = {isa = PBXFileReference; lastKnownFileType = sourcecode.cpp.cpp; path = "--13911_집 구하기.cpp"; sourceTree = "<group>"; };
		780DA0B921129E7800F995F8 /* --1162_도로포장.cpp */ = {isa = PBXFileReference; lastKnownFileType = sourcecode.cpp.cpp; path = "--1162_도로포장.cpp"; sourceTree = "<group>"; };
		780DA0BC21158F9200F995F8 /* 5719_거의 최단 경로.cpp */ = {isa = PBXFileReference; lastKnownFileType = sourcecode.cpp.cpp; path = "5719_거의 최단 경로.cpp"; sourceTree = "<group>"; };
		780DA0BE2115FE9E00F995F8 /* --9370_미확인 도착지.cpp */ = {isa = PBXFileReference; lastKnownFileType = sourcecode.cpp.cpp; path = "--9370_미확인 도착지.cpp"; sourceTree = "<group>"; };
		780DA0C02116DEE100F995F8 /* 1504_특정한 최단 경로.cpp */ = {isa = PBXFileReference; lastKnownFileType = sourcecode.cpp.cpp; path = "1504_특정한 최단 경로.cpp"; sourceTree = "<group>"; };
/* End PBXFileReference section */

/* Begin PBXFrameworksBuildPhase section */
		780DA098210EDED900F995F8 /* Frameworks */ = {
			isa = PBXFrameworksBuildPhase;
			buildActionMask = 2147483647;
			files = (
			);
			runOnlyForDeploymentPostprocessing = 0;
		};
/* End PBXFrameworksBuildPhase section */

/* Begin PBXGroup section */
		780DA092210EDED900F995F8 = {
			isa = PBXGroup;
			children = (
				780DA09D210EDED900F995F8 /* summer_week5-1 */,
				780DA09C210EDED900F995F8 /* Products */,
			);
			sourceTree = "<group>";
		};
		780DA09C210EDED900F995F8 /* Products */ = {
			isa = PBXGroup;
			children = (
				780DA09B210EDED900F995F8 /* summer_week5-1 */,
			);
			name = Products;
			sourceTree = "<group>";
		};
		780DA09D210EDED900F995F8 /* summer_week5-1 */ = {
			isa = PBXGroup;
			children = (
				780DA09E210EDED900F995F8 /* 1753_최단경로.cpp */,
				780DA0A5210EE6CC00F995F8 /* 1916_최소비용 구하기.cpp */,
				780DA0A7210EEB2900F995F8 /* 10282_해킹.cpp */,
				780DA0A9210EF1E300F995F8 /* 4485_녹색 옷 입은 애가 젤다지?.cpp */,
				780DA0AB210F018900F995F8 /* 1238_파티.cpp */,
				780DA0AD210FF36300F995F8 /* 1261_알고스팟.cpp */,
				780DA0AF21100C5B00F995F8 /* --14431_소수마을.cpp */,
				780DA0B12110584E00F995F8 /* 2307_도로검문.cpp */,
				780DA0B321119FC300F995F8 /* 12026_BOJ거리.cpp */,
				780DA0B52111BF5C00F995F8 /* 13913_숨바꼭질 4.cpp */,
				780DA0B72111F63500F995F8 /* --13911_집 구하기.cpp */,
				780DA0B921129E7800F995F8 /* --1162_도로포장.cpp */,
				780DA0BC21158F9200F995F8 /* 5719_거의 최단 경로.cpp */,
				780DA0BE2115FE9E00F995F8 /* --9370_미확인 도착지.cpp */,
				780DA0C02116DEE100F995F8 /* 1504_특정한 최단 경로.cpp */,
			);
			path = "summer_week5-1";
			sourceTree = "<group>";
		};
/* End PBXGroup section */

/* Begin PBXNativeTarget section */
		780DA09A210EDED900F995F8 /* summer_week5-1 */ = {
			isa = PBXNativeTarget;
			buildConfigurationList = 780DA0A2210EDED900F995F8 /* Build configuration list for PBXNativeTarget "summer_week5-1" */;
			buildPhases = (
				780DA097210EDED900F995F8 /* Sources */,
				780DA098210EDED900F995F8 /* Frameworks */,
				780DA099210EDED900F995F8 /* CopyFiles */,
			);
			buildRules = (
			);
			dependencies = (
			);
			name = "summer_week5-1";
			productName = "summer_week5-1";
			productReference = 780DA09B210EDED900F995F8 /* summer_week5-1 */;
			productType = "com.apple.product-type.tool";
		};
/* End PBXNativeTarget section */

/* Begin PBXProject section */
		780DA093210EDED900F995F8 /* Project object */ = {
			isa = PBXProject;
			attributes = {
				LastUpgradeCheck = 0920;
				ORGANIZATIONNAME = Hoon;
				TargetAttributes = {
					780DA09A210EDED900F995F8 = {
						CreatedOnToolsVersion = 9.2;
						ProvisioningStyle = Automatic;
					};
				};
			};
			buildConfigurationList = 780DA096210EDED900F995F8 /* Build configuration list for PBXProject "summer_week5-1" */;
			compatibilityVersion = "Xcode 8.0";
			developmentRegion = en;
			hasScannedForEncodings = 0;
			knownRegions = (
				en,
			);
			mainGroup = 780DA092210EDED900F995F8;
			productRefGroup = 780DA09C210EDED900F995F8 /* Products */;
			projectDirPath = "";
			projectRoot = "";
			targets = (
				780DA09A210EDED900F995F8 /* summer_week5-1 */,
			);
		};
/* End PBXProject section */

/* Begin PBXSourcesBuildPhase section */
		780DA097210EDED900F995F8 /* Sources */ = {
			isa = PBXSourcesBuildPhase;
			buildActionMask = 2147483647;
			files = (
				780DA0B62111BF5C00F995F8 /* 13913_숨바꼭질 4.cpp in Sources */,
				780DA0A6210EE6CC00F995F8 /* 1916_최소비용 구하기.cpp in Sources */,
				780DA0AC210F018900F995F8 /* 1238_파티.cpp in Sources */,
				780DA0AA210EF1E300F995F8 /* 4485_녹색 옷 입은 애가 젤다지?.cpp in Sources */,
				780DA09F210EDED900F995F8 /* 1753_최단경로.cpp in Sources */,
				780DA0A8210EEB2900F995F8 /* 10282_해킹.cpp in Sources */,
				780DA0AE210FF36300F995F8 /* 1261_알고스팟.cpp in Sources */,
				780DA0B021100C5B00F995F8 /* --14431_소수마을.cpp in Sources */,
				780DA0B421119FC300F995F8 /* 12026_BOJ거리.cpp in Sources */,
			);
			runOnlyForDeploymentPostprocessing = 0;
		};
/* End PBXSourcesBuildPhase section */

/* Begin XCBuildConfiguration section */
		780DA0A0210EDED900F995F8 /* Debug */ = {
			isa = XCBuildConfiguration;
			buildSettings = {
				ALWAYS_SEARCH_USER_PATHS = NO;
				CLANG_ANALYZER_NONNULL = YES;
				CLANG_ANALYZER_NUMBER_OBJECT_CONVERSION = YES_AGGRESSIVE;
				CLANG_CXX_LANGUAGE_STANDARD = "gnu++14";
				CLANG_CXX_LIBRARY = "libc++";
				CLANG_ENABLE_MODULES = YES;
				CLANG_ENABLE_OBJC_ARC = YES;
				CLANG_WARN_BLOCK_CAPTURE_AUTORELEASING = YES;
				CLANG_WARN_BOOL_CONVERSION = YES;
				CLANG_WARN_COMMA = YES;
				CLANG_WARN_CONSTANT_CONVERSION = YES;
				CLANG_WARN_DIRECT_OBJC_ISA_USAGE = YES_ERROR;
				CLANG_WARN_DOCUMENTATION_COMMENTS = YES;
				CLANG_WARN_EMPTY_BODY = YES;
				CLANG_WARN_ENUM_CONVERSION = YES;
				CLANG_WARN_INFINITE_RECURSION = YES;
				CLANG_WARN_INT_CONVERSION = YES;
				CLANG_WARN_NON_LITERAL_NULL_CONVERSION = YES;
				CLANG_WARN_OBJC_LITERAL_CONVERSION = YES;
				CLANG_WARN_OBJC_ROOT_CLASS = YES_ERROR;
				CLANG_WARN_RANGE_LOOP_ANALYSIS = YES;
				CLANG_WARN_STRICT_PROTOTYPES = YES;
				CLANG_WARN_SUSPICIOUS_MOVE = YES;
				CLANG_WARN_UNGUARDED_AVAILABILITY = YES_AGGRESSIVE;
				CLANG_WARN_UNREACHABLE_CODE = YES;
				CLANG_WARN__DUPLICATE_METHOD_MATCH = YES;
				CODE_SIGN_IDENTITY = "-";
				COPY_PHASE_STRIP = NO;
				DEBUG_INFORMATION_FORMAT = dwarf;
				ENABLE_STRICT_OBJC_MSGSEND = YES;
				ENABLE_TESTABILITY = YES;
				GCC_C_LANGUAGE_STANDARD = gnu11;
				GCC_DYNAMIC_NO_PIC = NO;
				GCC_NO_COMMON_BLOCKS = YES;
				GCC_OPTIMIZATION_LEVEL = 0;
				GCC_PREPROCESSOR_DEFINITIONS = (
					"DEBUG=1",
					"$(inherited)",
				);
				GCC_WARN_64_TO_32_BIT_CONVERSION = YES;
				GCC_WARN_ABOUT_RETURN_TYPE = YES_ERROR;
				GCC_WARN_UNDECLARED_SELECTOR = YES;
				GCC_WARN_UNINITIALIZED_AUTOS = YES_AGGRESSIVE;
				GCC_WARN_UNUSED_FUNCTION = YES;
				GCC_WARN_UNUSED_VARIABLE = YES;
				MACOSX_DEPLOYMENT_TARGET = 10.12;
				MTL_ENABLE_DEBUG_INFO = YES;
				ONLY_ACTIVE_ARCH = YES;
				SDKROOT = macosx;
			};
			name = Debug;
		};
		780DA0A1210EDED900F995F8 /* Release */ = {
			isa = XCBuildConfiguration;
			buildSettings = {
				ALWAYS_SEARCH_USER_PATHS = NO;
				CLANG_ANALYZER_NONNULL = YES;
				CLANG_ANALYZER_NUMBER_OBJECT_CONVERSION = YES_AGGRESSIVE;
				CLANG_CXX_LANGUAGE_STANDARD = "gnu++14";
				CLANG_CXX_LIBRARY = "libc++";
				CLANG_ENABLE_MODULES = YES;
				CLANG_ENABLE_OBJC_ARC = YES;
				CLANG_WARN_BLOCK_CAPTURE_AUTORELEASING = YES;
				CLANG_WARN_BOOL_CONVERSION = YES;
				CLANG_WARN_COMMA = YES;
				CLANG_WARN_CONSTANT_CONVERSION = YES;
				CLANG_WARN_DIRECT_OBJC_ISA_USAGE = YES_ERROR;
				CLANG_WARN_DOCUMENTATION_COMMENTS = YES;
				CLANG_WARN_EMPTY_BODY = YES;
				CLANG_WARN_ENUM_CONVERSION = YES;
				CLANG_WARN_INFINITE_RECURSION = YES;
				CLANG_WARN_INT_CONVERSION = YES;
				CLANG_WARN_NON_LITERAL_NULL_CONVERSION = YES;
				CLANG_WARN_OBJC_LITERAL_CONVERSION = YES;
				CLANG_WARN_OBJC_ROOT_CLASS = YES_ERROR;
				CLANG_WARN_RANGE_LOOP_ANALYSIS = YES;
				CLANG_WARN_STRICT_PROTOTYPES = YES;
				CLANG_WARN_SUSPICIOUS_MOVE = YES;
				CLANG_WARN_UNGUARDED_AVAILABILITY = YES_AGGRESSIVE;
				CLANG_WARN_UNREACHABLE_CODE = YES;
				CLANG_WARN__DUPLICATE_METHOD_MATCH = YES;
				CODE_SIGN_IDENTITY = "-";
				COPY_PHASE_STRIP = NO;
				DEBUG_INFORMATION_FORMAT = "dwarf-with-dsym";
				ENABLE_NS_ASSERTIONS = NO;
				ENABLE_STRICT_OBJC_MSGSEND = YES;
				GCC_C_LANGUAGE_STANDARD = gnu11;
				GCC_NO_COMMON_BLOCKS = YES;
				GCC_WARN_64_TO_32_BIT_CONVERSION = YES;
				GCC_WARN_ABOUT_RETURN_TYPE = YES_ERROR;
				GCC_WARN_UNDECLARED_SELECTOR = YES;
				GCC_WARN_UNINITIALIZED_AUTOS = YES_AGGRESSIVE;
				GCC_WARN_UNUSED_FUNCTION = YES;
				GCC_WARN_UNUSED_VARIABLE = YES;
				MACOSX_DEPLOYMENT_TARGET = 10.12;
				MTL_ENABLE_DEBUG_INFO = NO;
				SDKROOT = macosx;
			};
			name = Release;
		};
		780DA0A3210EDED900F995F8 /* Debug */ = {
			isa = XCBuildConfiguration;
			buildSettings = {
				CODE_SIGN_STYLE = Automatic;
				PRODUCT_NAME = "$(TARGET_NAME)";
			};
			name = Debug;
		};
		780DA0A4210EDED900F995F8 /* Release */ = {
			isa = XCBuildConfiguration;
			buildSettings = {
				CODE_SIGN_STYLE = Automatic;
				PRODUCT_NAME = "$(TARGET_NAME)";
			};
			name = Release;
		};
/* End XCBuildConfiguration section */

/* Begin XCConfigurationList section */
		780DA096210EDED900F995F8 /* Build configuration list for PBXProject "summer_week5-1" */ = {
			isa = XCConfigurationList;
			buildConfigurations = (
				780DA0A0210EDED900F995F8 /* Debug */,
				780DA0A1210EDED900F995F8 /* Release */,
			);
			defaultConfigurationIsVisible = 0;
			defaultConfigurationName = Release;
		};
		780DA0A2210EDED900F995F8 /* Build configuration list for PBXNativeTarget "summer_week5-1" */ = {
			isa = XCConfigurationList;
			buildConfigurations = (
				780DA0A3210EDED900F995F8 /* Debug */,
				780DA0A4210EDED900F995F8 /* Release */,
			);
			defaultConfigurationIsVisible = 0;
			defaultConfigurationName = Release;
		};
/* End XCConfigurationList section */
	};
	rootObject = 780DA093210EDED900F995F8 /* Project object */;
}
