// !$*UTF8*$!
{
	archiveVersion = 1;
	classes = {
	};
	objectVersion = 48;
	objects = {

/* Begin PBXBuildFile section */
		78E287AA2122EB5500514BD7 /* 10775_공항.cpp in Sources */ = {isa = PBXBuildFile; fileRef = 78E287A92122EB5500514BD7 /* 10775_공항.cpp */; };
/* End PBXBuildFile section */

/* Begin PBXCopyFilesBuildPhase section */
		7850305E21214C6200F002A2 /* CopyFiles */ = {
			isa = PBXCopyFilesBuildPhase;
			buildActionMask = 2147483647;
			dstPath = /usr/share/man/man1/;
			dstSubfolderSpec = 0;
			files = (
			);
			runOnlyForDeploymentPostprocessing = 1;
		};
/* End PBXCopyFilesBuildPhase section */

/* Begin PBXFileReference section */
		7850306021214C6200F002A2 /* summer_week7-Disjoint_Set */ = {isa = PBXFileReference; explicitFileType = "compiled.mach-o.executable"; includeInIndex = 0; path = "summer_week7-Disjoint_Set"; sourceTree = BUILT_PRODUCTS_DIR; };
		7850306321214C6200F002A2 /* 1717_집합의 표현.cpp */ = {isa = PBXFileReference; lastKnownFileType = sourcecode.cpp.cpp; path = "1717_집합의 표현.cpp"; sourceTree = "<group>"; };
		7850306A2121524A00F002A2 /* 4195_친구 네트워크.cpp */ = {isa = PBXFileReference; lastKnownFileType = sourcecode.cpp.cpp; path = "4195_친구 네트워크.cpp"; sourceTree = "<group>"; };
		78E2879B212177D100514BD7 /* 1976_여행 가자.cpp */ = {isa = PBXFileReference; lastKnownFileType = sourcecode.cpp.cpp; path = "1976_여행 가자.cpp"; sourceTree = "<group>"; };
		78E2879E2121EBEF00514BD7 /* 9938_방 청소.cpp */ = {isa = PBXFileReference; lastKnownFileType = sourcecode.cpp.cpp; path = "9938_방 청소.cpp"; sourceTree = "<group>"; };
		78E287A021228DC900514BD7 /* --12893_적의적.cpp */ = {isa = PBXFileReference; lastKnownFileType = sourcecode.cpp.cpp; path = "--12893_적의적.cpp"; sourceTree = "<group>"; };
		78E287A22122A9E700514BD7 /* --1765_닭싸움 팀 정하기.cpp */ = {isa = PBXFileReference; lastKnownFileType = sourcecode.cpp.cpp; path = "--1765_닭싸움 팀 정하기.cpp"; sourceTree = "<group>"; };
		78E287A62122C59200514BD7 /* --13306_트리.cpp */ = {isa = PBXFileReference; lastKnownFileType = sourcecode.cpp.cpp; path = "--13306_트리.cpp"; sourceTree = "<group>"; };
		78E287A92122EB5500514BD7 /* 10775_공항.cpp */ = {isa = PBXFileReference; lastKnownFileType = sourcecode.cpp.cpp; path = "10775_공항.cpp"; sourceTree = "<group>"; };
/* End PBXFileReference section */

/* Begin PBXFrameworksBuildPhase section */
		7850305D21214C6200F002A2 /* Frameworks */ = {
			isa = PBXFrameworksBuildPhase;
			buildActionMask = 2147483647;
			files = (
			);
			runOnlyForDeploymentPostprocessing = 0;
		};
/* End PBXFrameworksBuildPhase section */

/* Begin PBXGroup section */
		7850305721214C6100F002A2 = {
			isa = PBXGroup;
			children = (
				7850306221214C6200F002A2 /* summer_week7-Disjoint_Set */,
				7850306121214C6200F002A2 /* Products */,
			);
			sourceTree = "<group>";
		};
		7850306121214C6200F002A2 /* Products */ = {
			isa = PBXGroup;
			children = (
				7850306021214C6200F002A2 /* summer_week7-Disjoint_Set */,
			);
			name = Products;
			sourceTree = "<group>";
		};
		7850306221214C6200F002A2 /* summer_week7-Disjoint_Set */ = {
			isa = PBXGroup;
			children = (
				7850306321214C6200F002A2 /* 1717_집합의 표현.cpp */,
				7850306A2121524A00F002A2 /* 4195_친구 네트워크.cpp */,
				78E2879E2121EBEF00514BD7 /* 9938_방 청소.cpp */,
				78E287A021228DC900514BD7 /* --12893_적의적.cpp */,
				78E287A22122A9E700514BD7 /* --1765_닭싸움 팀 정하기.cpp */,
				78E287A92122EB5500514BD7 /* 10775_공항.cpp */,
				78E287A62122C59200514BD7 /* --13306_트리.cpp */,
				78E2879B212177D100514BD7 /* 1976_여행 가자.cpp */,
			);
			path = "summer_week7-Disjoint_Set";
			sourceTree = "<group>";
		};
/* End PBXGroup section */

/* Begin PBXNativeTarget section */
		7850305F21214C6200F002A2 /* summer_week7-Disjoint_Set */ = {
			isa = PBXNativeTarget;
			buildConfigurationList = 7850306721214C6200F002A2 /* Build configuration list for PBXNativeTarget "summer_week7-Disjoint_Set" */;
			buildPhases = (
				7850305C21214C6200F002A2 /* Sources */,
				7850305D21214C6200F002A2 /* Frameworks */,
				7850305E21214C6200F002A2 /* CopyFiles */,
			);
			buildRules = (
			);
			dependencies = (
			);
			name = "summer_week7-Disjoint_Set";
			productName = "summer_week7-Disjoint_Set";
			productReference = 7850306021214C6200F002A2 /* summer_week7-Disjoint_Set */;
			productType = "com.apple.product-type.tool";
		};
/* End PBXNativeTarget section */

/* Begin PBXProject section */
		7850305821214C6100F002A2 /* Project object */ = {
			isa = PBXProject;
			attributes = {
				LastUpgradeCheck = 0920;
				ORGANIZATIONNAME = Hoon;
				TargetAttributes = {
					7850305F21214C6200F002A2 = {
						CreatedOnToolsVersion = 9.2;
						ProvisioningStyle = Automatic;
					};
				};
			};
			buildConfigurationList = 7850305B21214C6100F002A2 /* Build configuration list for PBXProject "summer_week7-Disjoint_Set" */;
			compatibilityVersion = "Xcode 8.0";
			developmentRegion = en;
			hasScannedForEncodings = 0;
			knownRegions = (
				en,
			);
			mainGroup = 7850305721214C6100F002A2;
			productRefGroup = 7850306121214C6200F002A2 /* Products */;
			projectDirPath = "";
			projectRoot = "";
			targets = (
				7850305F21214C6200F002A2 /* summer_week7-Disjoint_Set */,
			);
		};
/* End PBXProject section */

/* Begin PBXSourcesBuildPhase section */
		7850305C21214C6200F002A2 /* Sources */ = {
			isa = PBXSourcesBuildPhase;
			buildActionMask = 2147483647;
			files = (
				78E287AA2122EB5500514BD7 /* 10775_공항.cpp in Sources */,
			);
			runOnlyForDeploymentPostprocessing = 0;
		};
/* End PBXSourcesBuildPhase section */

/* Begin XCBuildConfiguration section */
		7850306521214C6200F002A2 /* Debug */ = {
			isa = XCBuildConfiguration;
			buildSettings = {
				ALWAYS_SEARCH_USER_PATHS = NO;
				CLANG_ANALYZER_NONNULL = YES;
				CLANG_ANALYZER_NUMBER_OBJECT_CONVERSION = YES_AGGRESSIVE;
				CLANG_CXX_LANGUAGE_STANDARD = "gnu++14";
				CLANG_CXX_LIBRARY = "libc++";
				CLANG_ENABLE_MODULES = YES;
				CLANG_ENABLE_OBJC_ARC = YES;
				CLANG_WARN_BLOCK_CAPTURE_AUTORELEASING = YES;
				CLANG_WARN_BOOL_CONVERSION = YES;
				CLANG_WARN_COMMA = YES;
				CLANG_WARN_CONSTANT_CONVERSION = YES;
				CLANG_WARN_DIRECT_OBJC_ISA_USAGE = YES_ERROR;
				CLANG_WARN_DOCUMENTATION_COMMENTS = YES;
				CLANG_WARN_EMPTY_BODY = YES;
				CLANG_WARN_ENUM_CONVERSION = YES;
				CLANG_WARN_INFINITE_RECURSION = YES;
				CLANG_WARN_INT_CONVERSION = YES;
				CLANG_WARN_NON_LITERAL_NULL_CONVERSION = YES;
				CLANG_WARN_OBJC_LITERAL_CONVERSION = YES;
				CLANG_WARN_OBJC_ROOT_CLASS = YES_ERROR;
				CLANG_WARN_RANGE_LOOP_ANALYSIS = YES;
				CLANG_WARN_STRICT_PROTOTYPES = YES;
				CLANG_WARN_SUSPICIOUS_MOVE = YES;
				CLANG_WARN_UNGUARDED_AVAILABILITY = YES_AGGRESSIVE;
				CLANG_WARN_UNREACHABLE_CODE = YES;
				CLANG_WARN__DUPLICATE_METHOD_MATCH = YES;
				CODE_SIGN_IDENTITY = "-";
				COPY_PHASE_STRIP = NO;
				DEBUG_INFORMATION_FORMAT = dwarf;
				ENABLE_STRICT_OBJC_MSGSEND = YES;
				ENABLE_TESTABILITY = YES;
				GCC_C_LANGUAGE_STANDARD = gnu11;
				GCC_DYNAMIC_NO_PIC = NO;
				GCC_NO_COMMON_BLOCKS = YES;
				GCC_OPTIMIZATION_LEVEL = 0;
				GCC_PREPROCESSOR_DEFINITIONS = (
					"DEBUG=1",
					"$(inherited)",
				);
				GCC_WARN_64_TO_32_BIT_CONVERSION = YES;
				GCC_WARN_ABOUT_RETURN_TYPE = YES_ERROR;
				GCC_WARN_UNDECLARED_SELECTOR = YES;
				GCC_WARN_UNINITIALIZED_AUTOS = YES_AGGRESSIVE;
				GCC_WARN_UNUSED_FUNCTION = YES;
				GCC_WARN_UNUSED_VARIABLE = YES;
				MACOSX_DEPLOYMENT_TARGET = 10.12;
				MTL_ENABLE_DEBUG_INFO = YES;
				ONLY_ACTIVE_ARCH = YES;
				SDKROOT = macosx;
			};
			name = Debug;
		};
		7850306621214C6200F002A2 /* Release */ = {
			isa = XCBuildConfiguration;
			buildSettings = {
				ALWAYS_SEARCH_USER_PATHS = NO;
				CLANG_ANALYZER_NONNULL = YES;
				CLANG_ANALYZER_NUMBER_OBJECT_CONVERSION = YES_AGGRESSIVE;
				CLANG_CXX_LANGUAGE_STANDARD = "gnu++14";
				CLANG_CXX_LIBRARY = "libc++";
				CLANG_ENABLE_MODULES = YES;
				CLANG_ENABLE_OBJC_ARC = YES;
				CLANG_WARN_BLOCK_CAPTURE_AUTORELEASING = YES;
				CLANG_WARN_BOOL_CONVERSION = YES;
				CLANG_WARN_COMMA = YES;
				CLANG_WARN_CONSTANT_CONVERSION = YES;
				CLANG_WARN_DIRECT_OBJC_ISA_USAGE = YES_ERROR;
				CLANG_WARN_DOCUMENTATION_COMMENTS = YES;
				CLANG_WARN_EMPTY_BODY = YES;
				CLANG_WARN_ENUM_CONVERSION = YES;
				CLANG_WARN_INFINITE_RECURSION = YES;
				CLANG_WARN_INT_CONVERSION = YES;
				CLANG_WARN_NON_LITERAL_NULL_CONVERSION = YES;
				CLANG_WARN_OBJC_LITERAL_CONVERSION = YES;
				CLANG_WARN_OBJC_ROOT_CLASS = YES_ERROR;
				CLANG_WARN_RANGE_LOOP_ANALYSIS = YES;
				CLANG_WARN_STRICT_PROTOTYPES = YES;
				CLANG_WARN_SUSPICIOUS_MOVE = YES;
				CLANG_WARN_UNGUARDED_AVAILABILITY = YES_AGGRESSIVE;
				CLANG_WARN_UNREACHABLE_CODE = YES;
				CLANG_WARN__DUPLICATE_METHOD_MATCH = YES;
				CODE_SIGN_IDENTITY = "-";
				COPY_PHASE_STRIP = NO;
				DEBUG_INFORMATION_FORMAT = "dwarf-with-dsym";
				ENABLE_NS_ASSERTIONS = NO;
				ENABLE_STRICT_OBJC_MSGSEND = YES;
				GCC_C_LANGUAGE_STANDARD = gnu11;
				GCC_NO_COMMON_BLOCKS = YES;
				GCC_WARN_64_TO_32_BIT_CONVERSION = YES;
				GCC_WARN_ABOUT_RETURN_TYPE = YES_ERROR;
				GCC_WARN_UNDECLARED_SELECTOR = YES;
				GCC_WARN_UNINITIALIZED_AUTOS = YES_AGGRESSIVE;
				GCC_WARN_UNUSED_FUNCTION = YES;
				GCC_WARN_UNUSED_VARIABLE = YES;
				MACOSX_DEPLOYMENT_TARGET = 10.12;
				MTL_ENABLE_DEBUG_INFO = NO;
				SDKROOT = macosx;
			};
			name = Release;
		};
		7850306821214C6200F002A2 /* Debug */ = {
			isa = XCBuildConfiguration;
			buildSettings = {
				CODE_SIGN_STYLE = Automatic;
				PRODUCT_NAME = "$(TARGET_NAME)";
			};
			name = Debug;
		};
		7850306921214C6200F002A2 /* Release */ = {
			isa = XCBuildConfiguration;
			buildSettings = {
				CODE_SIGN_STYLE = Automatic;
				PRODUCT_NAME = "$(TARGET_NAME)";
			};
			name = Release;
		};
/* End XCBuildConfiguration section */

/* Begin XCConfigurationList section */
		7850305B21214C6100F002A2 /* Build configuration list for PBXProject "summer_week7-Disjoint_Set" */ = {
			isa = XCConfigurationList;
			buildConfigurations = (
				7850306521214C6200F002A2 /* Debug */,
				7850306621214C6200F002A2 /* Release */,
			);
			defaultConfigurationIsVisible = 0;
			defaultConfigurationName = Release;
		};
		7850306721214C6200F002A2 /* Build configuration list for PBXNativeTarget "summer_week7-Disjoint_Set" */ = {
			isa = XCConfigurationList;
			buildConfigurations = (
				7850306821214C6200F002A2 /* Debug */,
				7850306921214C6200F002A2 /* Release */,
			);
			defaultConfigurationIsVisible = 0;
			defaultConfigurationName = Release;
		};
/* End XCConfigurationList section */
	};
	rootObject = 7850305821214C6100F002A2 /* Project object */;
}
